#MicroXplorer Configuration settings - do not modify
ADC4.Channel-0\#ChannelRegularConversion=ADC_CHANNEL_TEMPSENSOR
ADC4.IPParameters=Rank-0\#ChannelRegularConversion,Channel-0\#ChannelRegularConversion,SamplingTime-0\#ChannelRegularConversion,NbrOfConversionFlag,Overrun,SamplingTimeCommon1,SelectedChannel
ADC4.NbrOfConversionFlag=1
ADC4.Overrun=ADC_OVR_DATA_OVERWRITTEN
ADC4.Rank-0\#ChannelRegularConversion=1
ADC4.SamplingTime-0\#ChannelRegularConversion=ADC_SAMPLINGTIME_COMMON_1
ADC4.SamplingTimeCommon1=ADC_SAMPLETIME_814CYCLES_5
ADC4.SelectedChannel=ADC_CHANNEL_TEMPSENSOR
CAD.formats=
CAD.pinconfig=
CAD.provider=
CORTEX_M33_NS.AccessPermission-Cortex_Memory_Protection_Unit_Region0_Settings=MPU_REGION_ALL_RO
CORTEX_M33_NS.AccessPermission-Cortex_Memory_Protection_Unit_Region1_Settings=MPU_REGION_ALL_RW
CORTEX_M33_NS.AllocateAttribute0=MPU_R_ALLOCATE
CORTEX_M33_NS.Attributes0=MPU_ATTRIBUTES_NUMBER0
CORTEX_M33_NS.BaseAddress-Cortex_Memory_Protection_Unit_Region0_Settings=0x08100000
CORTEX_M33_NS.BaseAddress-Cortex_Memory_Protection_Unit_Region1_Settings=0x081FC000
CORTEX_M33_NS.DisableExec-Cortex_Memory_Protection_Unit_Region1_Settings=MPU_INSTRUCTION_ACCESS_DISABLE
CORTEX_M33_NS.Enable-Cortex_Memory_Protection_Unit_Region0_Settings=MPU_REGION_ENABLE
CORTEX_M33_NS.Enable-Cortex_Memory_Protection_Unit_Region1_Settings=MPU_REGION_ENABLE
CORTEX_M33_NS.IPParameters=Enable-Cortex_Memory_Protection_Unit_Region0_Settings,BaseAddress-Cortex_Memory_Protection_Unit_Region0_Settings,LimitAddress-Cortex_Memory_Protection_Unit_Region0_Settings,AccessPermission-Cortex_Memory_Protection_Unit_Region0_Settings,Number-Cortex_Memory_Protection_Unit_Region1_Settings,Attributes0,Memorytype0,AllocateAttribute0,Memorytype1,BaseAddress-Cortex_Memory_Protection_Unit_Region1_Settings,LimitAddress-Cortex_Memory_Protection_Unit_Region1_Settings,AccessPermission-Cortex_Memory_Protection_Unit_Region1_Settings,MPU_Control,Enable-Cortex_Memory_Protection_Unit_Region1_Settings,DisableExec-Cortex_Memory_Protection_Unit_Region1_Settings
CORTEX_M33_NS.LimitAddress-Cortex_Memory_Protection_Unit_Region0_Settings=0x081FBFFF
CORTEX_M33_NS.LimitAddress-Cortex_Memory_Protection_Unit_Region1_Settings=0x081FFFFF
CORTEX_M33_NS.MPU_Control=MPU_PRIVILEGED_DEFAULT
CORTEX_M33_NS.Memorytype0=MPU_CACHEABLE
CORTEX_M33_NS.Memorytype1=MPU_CACHEABLE
CORTEX_M33_NS.Number-Cortex_Memory_Protection_Unit_Region1_Settings=MPU_REGION_NUMBER1
CORTEX_M33_NS.userName=CORTEX_M33
CORTEX_M33_S.AccessPermission-Cortex_Memory_Protection_Unit_Region0_Settings=MPU_REGION_ALL_RO
CORTEX_M33_S.AllocateAttribute0=MPU_R_ALLOCATE
CORTEX_M33_S.Attributes0=MPU_ATTRIBUTES_NUMBER0
CORTEX_M33_S.AttributesIndex-Cortex_Memory_Protection_Unit_Region1_Settings=MPU_ATTRIBUTES_NUMBER1
CORTEX_M33_S.AttributesIndex-Cortex_Memory_Protection_Unit_Region2_Settings=MPU_ATTRIBUTES_NUMBER1
CORTEX_M33_S.BaseAddress-Cortex_Memory_Protection_Unit_Region0_Settings=0x0C000000
CORTEX_M33_S.Enable-Cortex_Memory_Protection_Unit_Region0_Settings=MPU_REGION_ENABLE
CORTEX_M33_S.IPParameters=Enable-Cortex_Memory_Protection_Unit_Region0_Settings,BaseAddress-Cortex_Memory_Protection_Unit_Region0_Settings,LimitAddress-Cortex_Memory_Protection_Unit_Region0_Settings,AccessPermission-Cortex_Memory_Protection_Unit_Region0_Settings,Number-Cortex_Memory_Protection_Unit_Region1_Settings,Attributes0,Memorytype0,AllocateAttribute0,Memorytype1,Number-Cortex_Memory_Protection_Unit_Region2_Settings,AttributesIndex-Cortex_Memory_Protection_Unit_Region2_Settings,AttributesIndex-Cortex_Memory_Protection_Unit_Region1_Settings,MPU_Control
CORTEX_M33_S.LimitAddress-Cortex_Memory_Protection_Unit_Region0_Settings=0x0C0FFFFF
CORTEX_M33_S.MPU_Control=MPU_PRIVILEGED_DEFAULT
CORTEX_M33_S.Memorytype0=MPU_CACHEABLE
CORTEX_M33_S.Memorytype1=MPU_CACHEABLE
CORTEX_M33_S.Number-Cortex_Memory_Protection_Unit_Region1_Settings=MPU_REGION_NUMBER1
CORTEX_M33_S.Number-Cortex_Memory_Protection_Unit_Region2_Settings=MPU_REGION_NUMBER2
CRC.CRCLength=CRC_POLYLENGTH_16B
CRC.DefaultPolynomialUse=DEFAULT_POLYNOMIAL_DISABLE
CRC.GeneratingPolynomial=X12+X11+X10+X8+X7+X5+X4+X2+X1+X0
CRC.IPParameters=DefaultPolynomialUse,CRCLength,GeneratingPolynomial,InputDataFormat
CRC.InputDataFormat=CRC_INPUTDATA_FORMAT_WORDS
CortexM33NS.IPs=ADV_TRACE\:I,CORTEX_M33_NS\:I,FILEX\:I,GPDMA1,GTZC_NS\:I,LINKEDLIST,MISC\:I,PTA\:I,PWR\:I,RCC,RF\:I,RTC,SEQUENCER\:I,STM32_WPAN\:I,SYS\:I,TAMP,THREADX\:I,TIMER\:I,TINY_LPM\:I,NVIC2\:I,ADC4\:I,CRC\:I,RAMCFG\:I,ICACHE\:I,RNG\:I,USART1\:I,DEBUG\:I,COMMON_WPAN\:I,TIM16\:I,LEVELX\:I,USBX\:I,MEMORYMAP\:I,AES\:I
CortexM33NS.Pins=PB4(NJTRST),PC5
CortexM33S.IPs=CORTEX_M33_S\:I,GPDMA1\:I,GTZC_S\:I,LINKEDLIST\:I,PWR,RCC\:I,RTC\:I,SAU\:I,SYS_S\:I,TAMP\:I,NVIC1\:I,FLASH\:I
FLASH.B1_Bank=FLASH_BANK_2
FLASH.B1_endPage=127
FLASH.B2_Bank=FLASH_BANK_2
FLASH.B2_endPage=127
FLASH.IPParameters=OB_Secure_Area1_active,B1_endPage,B2_endPage,B2_Bank,OB_Boot_Configuration_active_SEC0,B1_Bank
FLASH.OB_Boot_Configuration_active_SEC0=true
FLASH.OB_Secure_Area1_active=true
File.Version=6
GPDMA1.ChannelPRIV_GPDMACH0=DMA_CHANNEL_PRIV
GPDMA1.ChannelPRIV_GPDMACH1=DMA_CHANNEL_PRIV
GPDMA1.DESTINC_GPDMACH1=DMA_DINC_INCREMENTED
GPDMA1.DIRECTION_GPDMACH0=DMA_MEMORY_TO_PERIPH
GPDMA1.IPHANDLE_GPDMACH0-SIMPLEREQUEST_GPDMACH0=__NULL
GPDMA1.IPHANDLE_GPDMACH1-SIMPLEREQUEST_GPDMACH1=__NULL
GPDMA1.IPParameters=IPHANDLE_GPDMACH0-SIMPLEREQUEST_GPDMACH0,REQUEST_GPDMACH0,DIRECTION_GPDMACH0,SRCINC_GPDMACH0,IPHANDLE_GPDMACH1-SIMPLEREQUEST_GPDMACH1,REQUEST_GPDMACH1,DESTINC_GPDMACH1,ChannelPRIV_GPDMACH1,ChannelPRIV_GPDMACH0
GPDMA1.REQUEST_GPDMACH0=GPDMA1_REQUEST_USART1_TX
GPDMA1.REQUEST_GPDMACH1=GPDMA1_REQUEST_USART1_RX
GPDMA1.SRCINC_GPDMACH0=DMA_SINC_INCREMENTED
GPIO.groupedBy=Group By Peripherals
GTZC_NS.IPParameters=MPCBB6_Area_Privilege_Size,MPCBB1_Area_Privilege_Size,MPCBB2_Area_Privilege_Size,MPCBB1_Area_Privilege_Choice,MPCBB2_Area_Privilege_Choice,MPCBB1_SecConfig_array,MPCBB2_SecConfig_array,MPCBB6_SecConfig_array,MPCBB6_PrivConfig_array,MPCBB1_PrivConfig_array,MPCBB1_Area_Privilege,MPCBB2_Area_Privilege,MPCBB2_PrivConfig_array
GTZC_NS.MPCBB1_Area_Privilege=GTZC_MPCBB_REGION_NPRIV
GTZC_NS.MPCBB1_Area_Privilege_Choice=from full Not Privileged
GTZC_NS.MPCBB1_Area_Privilege_Size=0x00070000
GTZC_NS.MPCBB1_PrivConfig_array=00000000\:00000000\:00000000\:00000000\:00000000\:00000000\:00000000\:00000000\:00000000\:00000000\:00000000\:00000000\:00000000\:00000000\:00000000\:00000000\:00000000\:00000000\:00000000\:00000000\:00000000\:00000000\:00000000\:00000000\:00000000\:00000000\:00000000\:00000000
GTZC_NS.MPCBB1_SecConfig_array=00000000\:00000000\:00000000\:00000000\:00000000\:00000000\:00000000\:00000000\:00000000\:00000000\:00000000\:00000000\:00000000\:00000000\:00000000\:00000000\:00000000\:00000000\:00000000\:00000000\:00000000\:00000000\:00000000\:00000000\:00000000\:00000000\:00000000\:00000000
GTZC_NS.MPCBB2_Area_Privilege=GTZC_MPCBB_REGION_NPRIV
GTZC_NS.MPCBB2_Area_Privilege_Choice=from full Not Privileged
GTZC_NS.MPCBB2_Area_Privilege_Size=0x00010000
GTZC_NS.MPCBB2_PrivConfig_array=00000000\:00000000\:00000000\:00000000
GTZC_NS.MPCBB2_SecConfig_array=00000000\:00000000\:00000000\:00000000
GTZC_NS.MPCBB6_Area_Privilege_Size=0x00004000
GTZC_NS.MPCBB6_PrivConfig_array=00000000
GTZC_NS.MPCBB6_SecConfig_array=00000000
GTZC_S.IPParameters=MPCBB3_SecConfig_array,MPCBB3_Area_Secure_Size,MPCBB2_Area_Choice,MPCBB1_Area_Choice,MPCBB6_Area_Choice,MPCBB6_Area_Secure_Size,MPCBB6_SecConfig_array,MPCBB6_Area_Privilege_Size,MPCBB6_PrivConfig_array,MPCBB2_SecConfig_array,MPCBB2_PrivConfig_array,MPCBB2_Area_Secure_Size,MPCBB2_Area_Privilege_Size,MPCBB1_Area_Secure_Size,MPCBB1_Area_Privilege_Size,MPCBB1_SecConfig_array,MPCBB1_PrivConfig_array,MPCBB1_Area_Secure,MPCBB1_Area_Privilege,MPCBB2_Area_Privilege,MPCBB6_Area_Secure,MPCBB6_Area_Privilege
GTZC_S.MPCBB1_Area_Choice=from full Secured
GTZC_S.MPCBB1_Area_Privilege=GTZC_MPCBB_REGION_NPRIV
GTZC_S.MPCBB1_Area_Privilege_Size=0x00070000
GTZC_S.MPCBB1_Area_Secure=GTZC_MPCBB_REGION_NSEC
GTZC_S.MPCBB1_Area_Secure_Size=0x00070000
GTZC_S.MPCBB1_PrivConfig_array=00000000\:00000000\:00000000\:00000000\:00000000\:00000000\:00000000\:00000000\:00000000\:00000000\:00000000\:00000000\:00000000\:00000000\:00000000\:00000000\:00000000\:00000000\:00000000\:00000000\:00000000\:00000000\:00000000\:00000000\:00000000\:00000000\:00000000\:00000000
GTZC_S.MPCBB1_SecConfig_array=00000000\:00000000\:00000000\:00000000\:00000000\:00000000\:00000000\:00000000\:00000000\:00000000\:00000000\:00000000\:00000000\:00000000\:00000000\:00000000\:00000000\:00000000\:00000000\:00000000\:00000000\:00000000\:00000000\:00000000\:00000000\:00000000\:00000000\:00000000
GTZC_S.MPCBB2_Area_Choice=from full Not Secured
GTZC_S.MPCBB2_Area_Privilege=GTZC_MPCBB_REGION_NPRIV
GTZC_S.MPCBB2_Area_Privilege_Size=0x00010000
GTZC_S.MPCBB2_Area_Secure_Size=0x00010000
GTZC_S.MPCBB2_PrivConfig_array=00000000\:00000000\:00000000\:00000000
GTZC_S.MPCBB2_SecConfig_array=FFFFFFFF\:FFFFFFFF\:FFFFFFFF\:FFFFFFFF
GTZC_S.MPCBB3_Area_Secure_Size=0x50000
GTZC_S.MPCBB3_SecConfig_array=00000000\:00000000\:00000000\:00000000\:00000000\:00000000\:00000000\:00000000\:00000000\:00000000\:00000000\:00000000\:00000000\:00000000\:00000000\:00000000\:00000000\:00000000\:00000000\:00000000
GTZC_S.MPCBB6_Area_Choice=from full Secured
GTZC_S.MPCBB6_Area_Privilege=GTZC_MPCBB_REGION_NPRIV
GTZC_S.MPCBB6_Area_Privilege_Size=0x00004000
GTZC_S.MPCBB6_Area_Secure=GTZC_MPCBB_REGION_NSEC
GTZC_S.MPCBB6_Area_Secure_Size=0x00004000
GTZC_S.MPCBB6_PrivConfig_array=00000000
GTZC_S.MPCBB6_SecConfig_array=00000000
KeepUserPlacement=false
MMTAppReg1.MEMORYMAP.AppRegionName=RAM
MMTAppReg1.MEMORYMAP.ContextName=CortexM33S
MMTAppReg1.MEMORYMAP.CoreName=ARM Cortex-M33
MMTAppReg1.MEMORYMAP.DefaultDataRegion=true
MMTAppReg1.MEMORYMAP.IPParameters=StartAddress,Size,CoreName,DefaultDataRegion,Security,ContextName,Name
MMTAppReg1.MEMORYMAP.Name=RAM
MMTAppReg1.MEMORYMAP.Security=S
MMTAppReg1.MEMORYMAP.Size=65536
MMTAppReg1.MEMORYMAP.StartAddress=0x30070000
MMTAppReg10.MEMORYMAP.AppRegionName=FLASH (NS) Reserved Alias Region
MMTAppReg10.MEMORYMAP.CoreName=ARM Cortex-M33
MMTAppReg10.MEMORYMAP.DefaultDataRegion=false
MMTAppReg10.MEMORYMAP.IPParameters=StartAddress,Size,CoreName,DefaultDataRegion,ReservedRegion,Name
MMTAppReg10.MEMORYMAP.Name=FLASH (NS) Reserved Alias Region
MMTAppReg10.MEMORYMAP.ReservedRegion=true
MMTAppReg10.MEMORYMAP.Size=1032192
MMTAppReg10.MEMORYMAP.StartAddress=0x0C100000
MMTAppReg11.MEMORYMAP.AppRegionName=RX/TX_RAM_Radio
MMTAppReg11.MEMORYMAP.ContextName=CortexM33NS
MMTAppReg11.MEMORYMAP.CoreName=ARM Cortex-M33
MMTAppReg11.MEMORYMAP.DefaultDataRegion=false
MMTAppReg11.MEMORYMAP.IPParameters=StartAddress,Size,CoreName,SizeUnit,DefaultDataRegion,ContextName,Name,ReservedRegion
MMTAppReg11.MEMORYMAP.Name=RX/TX_RAM_Radio
MMTAppReg11.MEMORYMAP.ReservedRegion=true
MMTAppReg11.MEMORYMAP.Security=NS
MMTAppReg11.MEMORYMAP.Size=16384
MMTAppReg11.MEMORYMAP.SizeUnit=B
MMTAppReg11.MEMORYMAP.StartAddress=0x48028000
MMTAppReg12.MEMORYMAP.AppRegionName=RX/TX_RAM_Radio (NS) Reserved Alias Region
MMTAppReg12.MEMORYMAP.CoreName=ARM Cortex-M33
MMTAppReg12.MEMORYMAP.DefaultDataRegion=false
MMTAppReg12.MEMORYMAP.IPParameters=StartAddress,Size,CoreName,SizeUnit,DefaultDataRegion,ReservedRegion,Name
MMTAppReg12.MEMORYMAP.Name=RX/TX_RAM_Radio (NS) Reserved Alias Region
MMTAppReg12.MEMORYMAP.ReservedRegion=true
MMTAppReg12.MEMORYMAP.Size=16384
MMTAppReg12.MEMORYMAP.SizeUnit=B
MMTAppReg12.MEMORYMAP.StartAddress=0x58028000
MMTAppReg13.MEMORYMAP.AP=RW_all
MMTAppReg13.MEMORYMAP.AppRegionName=NVM
MMTAppReg13.MEMORYMAP.Cacheability=WTRA
MMTAppReg13.MEMORYMAP.ContextName=CortexM33NS
MMTAppReg13.MEMORYMAP.CoreName=ARM Cortex-M33
MMTAppReg13.MEMORYMAP.DefaultDataRegion=false
MMTAppReg13.MEMORYMAP.IPParameters=StartAddress,Size,CoreName,DefaultDataRegion,MemType,ContextName,Name,AP,Cacheability,XN
MMTAppReg13.MEMORYMAP.MemType=ROM
MMTAppReg13.MEMORYMAP.Name=NVM
MMTAppReg13.MEMORYMAP.Security=NS
MMTAppReg13.MEMORYMAP.Size=16384
MMTAppReg13.MEMORYMAP.StartAddress=0x081FC000
MMTAppReg13.MEMORYMAP.XN=NotPermitted
MMTAppReg14.MEMORYMAP.AppRegionName=NVM (NS) Reserved Alias Region
MMTAppReg14.MEMORYMAP.CoreName=ARM Cortex-M33
MMTAppReg14.MEMORYMAP.DefaultDataRegion=false
MMTAppReg14.MEMORYMAP.IPParameters=StartAddress,Size,CoreName,DefaultDataRegion,ReservedRegion,Name
MMTAppReg14.MEMORYMAP.Name=NVM (NS) Reserved Alias Region
MMTAppReg14.MEMORYMAP.ReservedRegion=true
MMTAppReg14.MEMORYMAP.Size=16384
MMTAppReg14.MEMORYMAP.StartAddress=0x0C1FC000
MMTAppReg2.MEMORYMAP.AppRegionName=RAM (S) Reserved Alias Region
MMTAppReg2.MEMORYMAP.CoreName=ARM Cortex-M33
MMTAppReg2.MEMORYMAP.DefaultDataRegion=false
MMTAppReg2.MEMORYMAP.IPParameters=StartAddress,Size,CoreName,DefaultDataRegion,ReservedRegion,Name
MMTAppReg2.MEMORYMAP.Name=RAM (S) Reserved Alias Region
MMTAppReg2.MEMORYMAP.ReservedRegion=true
MMTAppReg2.MEMORYMAP.Size=65536
MMTAppReg2.MEMORYMAP.StartAddress=0x20070000
MMTAppReg3.MEMORYMAP.AP=RO_all
MMTAppReg3.MEMORYMAP.AppRegionName=FLASH
MMTAppReg3.MEMORYMAP.Cacheability=WTRA
MMTAppReg3.MEMORYMAP.ContextName=CortexM33S
MMTAppReg3.MEMORYMAP.CoreName=ARM Cortex-M33
MMTAppReg3.MEMORYMAP.DefaultCodeRegion=true
MMTAppReg3.MEMORYMAP.DefaultDataRegion=false
MMTAppReg3.MEMORYMAP.IPParameters=StartAddress,Size,CoreName,DefaultDataRegion,MemType,Security,ContextName,Name,AP,Cacheability,DefaultCodeRegion,ISRRegion
MMTAppReg3.MEMORYMAP.ISRRegion=false
MMTAppReg3.MEMORYMAP.MemType=ROM
MMTAppReg3.MEMORYMAP.Name=FLASH
MMTAppReg3.MEMORYMAP.Security=S
MMTAppReg3.MEMORYMAP.Size=1040384
MMTAppReg3.MEMORYMAP.StartAddress=0x0C000000
MMTAppReg4.MEMORYMAP.AppRegionName=FLASH (S) Reserved Alias Region
MMTAppReg4.MEMORYMAP.CoreName=ARM Cortex-M33
MMTAppReg4.MEMORYMAP.DefaultDataRegion=false
MMTAppReg4.MEMORYMAP.IPParameters=StartAddress,Size,CoreName,DefaultDataRegion,ReservedRegion,Name
MMTAppReg4.MEMORYMAP.Name=FLASH (S) Reserved Alias Region
MMTAppReg4.MEMORYMAP.ReservedRegion=true
MMTAppReg4.MEMORYMAP.Size=1040384
MMTAppReg4.MEMORYMAP.StartAddress=0x08000000
MMTAppReg5.MEMORYMAP.AP=RO_all
MMTAppReg5.MEMORYMAP.AppRegionName=FLASH_NSC
MMTAppReg5.MEMORYMAP.Cacheability=WTRA
MMTAppReg5.MEMORYMAP.ContextName=CortexM33S
MMTAppReg5.MEMORYMAP.CoreName=ARM Cortex-M33
MMTAppReg5.MEMORYMAP.DefaultDataRegion=true
MMTAppReg5.MEMORYMAP.IPParameters=StartAddress,Size,CoreName,DefaultDataRegion,MemType,Security,ContextName,Name,AP,Cacheability
MMTAppReg5.MEMORYMAP.MemType=ROM
MMTAppReg5.MEMORYMAP.Name=FLASH_NSC
MMTAppReg5.MEMORYMAP.Security=NSC
MMTAppReg5.MEMORYMAP.Size=8192
MMTAppReg5.MEMORYMAP.StartAddress=0x0C0FE000
MMTAppReg6.MEMORYMAP.AppRegionName=FLASH_NSC (S) Reserved Alias Region
MMTAppReg6.MEMORYMAP.CoreName=ARM Cortex-M33
MMTAppReg6.MEMORYMAP.DefaultDataRegion=false
MMTAppReg6.MEMORYMAP.IPParameters=StartAddress,Size,CoreName,DefaultDataRegion,ReservedRegion,Name
MMTAppReg6.MEMORYMAP.Name=FLASH_NSC (S) Reserved Alias Region
MMTAppReg6.MEMORYMAP.ReservedRegion=true
MMTAppReg6.MEMORYMAP.Size=8192
MMTAppReg6.MEMORYMAP.StartAddress=0x080FE000
MMTAppReg7.MEMORYMAP.AP=RW_all
MMTAppReg7.MEMORYMAP.AppRegionName=RAM
MMTAppReg7.MEMORYMAP.ContextName=CortexM33NS
MMTAppReg7.MEMORYMAP.CoreName=ARM Cortex-M33
MMTAppReg7.MEMORYMAP.DefaultDataRegion=true
MMTAppReg7.MEMORYMAP.IPParameters=StartAddress,Size,CoreName,DefaultDataRegion,ContextName,Name,AP
MMTAppReg7.MEMORYMAP.Name=RAM
MMTAppReg7.MEMORYMAP.Security=NS
MMTAppReg7.MEMORYMAP.Size=458752
MMTAppReg7.MEMORYMAP.StartAddress=0x20000000
MMTAppReg8.MEMORYMAP.AppRegionName=RAM (NS) Reserved Alias Region
MMTAppReg8.MEMORYMAP.CoreName=ARM Cortex-M33
MMTAppReg8.MEMORYMAP.DefaultDataRegion=false
MMTAppReg8.MEMORYMAP.IPParameters=StartAddress,Size,CoreName,DefaultDataRegion,ReservedRegion,Name
MMTAppReg8.MEMORYMAP.Name=RAM (NS) Reserved Alias Region
MMTAppReg8.MEMORYMAP.ReservedRegion=true
MMTAppReg8.MEMORYMAP.Size=458752
MMTAppReg8.MEMORYMAP.StartAddress=0x30000000
MMTAppReg9.MEMORYMAP.AP=RO_all
MMTAppReg9.MEMORYMAP.AppRegionName=FLASH
MMTAppReg9.MEMORYMAP.Cacheability=WTRA
MMTAppReg9.MEMORYMAP.ContextName=CortexM33NS
MMTAppReg9.MEMORYMAP.CoreName=ARM Cortex-M33
MMTAppReg9.MEMORYMAP.DefaultCodeRegion=true
MMTAppReg9.MEMORYMAP.DefaultDataRegion=false
MMTAppReg9.MEMORYMAP.IPParameters=StartAddress,Size,CoreName,DefaultDataRegion,MemType,ContextName,Name,AP,Cacheability,DefaultCodeRegion,RootBootRegion
MMTAppReg9.MEMORYMAP.MemType=ROM
MMTAppReg9.MEMORYMAP.Name=FLASH
MMTAppReg9.MEMORYMAP.RootBootRegion=true
MMTAppReg9.MEMORYMAP.Security=NS
MMTAppReg9.MEMORYMAP.Size=1032192
MMTAppReg9.MEMORYMAP.StartAddress=0x08100000
MMTAppRegionsCount=14
MMTConfigApplied=true
MMTProjectManagerApplied=true
MMTSectionSuffix=
Mcu.CPN=STM32WBA65RIV6
Mcu.Context0=CortexM33S
Mcu.Context1=CortexM33NS
Mcu.ContextNb=2
Mcu.ContextProject=TrustZoneEnabled
Mcu.Family=STM32WBA
Mcu.IP0=ADC4
Mcu.IP1=ADV_TRACE
Mcu.IP10=GTZC_NS
Mcu.IP11=GTZC_S
Mcu.IP12=ICACHE
Mcu.IP13=MEMORYMAP
Mcu.IP14=MISC
Mcu.IP15=NVIC2
Mcu.IP16=NVIC1
Mcu.IP17=PWR
Mcu.IP18=RAMCFG
Mcu.IP19=RCC
Mcu.IP2=AES
Mcu.IP20=RF
Mcu.IP21=RNG
Mcu.IP22=RTC
Mcu.IP23=SAU
Mcu.IP24=SEQUENCER
Mcu.IP25=STM32_WPAN
Mcu.IP26=SYS
Mcu.IP27=SYS_S
Mcu.IP28=TIM16
Mcu.IP29=TIMER
Mcu.IP3=COMMON_WPAN
Mcu.IP30=TINY_LPM
Mcu.IP31=USART1
Mcu.IP4=CORTEX_M33_NS
Mcu.IP5=CORTEX_M33_S
Mcu.IP6=CRC
Mcu.IP7=DEBUG
Mcu.IP8=FLASH
Mcu.IP9=GPDMA1
Mcu.IPNb=32
Mcu.Name=STM32WBA65RIVx
Mcu.Package=VFQFPN68_SMPS_USB
Mcu.Pin0=PB12
Mcu.Pin1=PA8
Mcu.Pin10=OSC_OUT
Mcu.Pin11=OSC_IN
Mcu.Pin12=PC5
Mcu.Pin13=PC4
Mcu.Pin14=VP_ADC4_TempSens_Input
Mcu.Pin15=VP_ADV_TRACE_VS_ADV_TRACE
Mcu.Pin16=VP_AES_VS_AES
Mcu.Pin17=VP_COMMON_WPAN_VS_Utility_Common_1.0.0_1.0.0
Mcu.Pin18=VP_CORTEX_M33_NS_VS_Ext
Mcu.Pin19=VP_CORTEX_M33_S_VS_Hclk
Mcu.Pin2=PD8
Mcu.Pin20=VP_CRC_VS_CRC
Mcu.Pin21=VP_FLASH_SIG_Activate_FlashIP
Mcu.Pin22=VP_GPDMA1_VS_GPDMACH0
Mcu.Pin23=VP_GPDMA1_VS_GPDMACH1
Mcu.Pin24=VP_GTZC_NS_VS_GTZC_Enable
Mcu.Pin25=VP_GTZC_S_VS_GTZC_Enable
Mcu.Pin26=VP_ICACHE_VS_ICACHE
Mcu.Pin27=VP_ICACHE_VS_SECURE_ICACHE_REG
Mcu.Pin28=VP_MISC_VS_MISC
Mcu.Pin29=VP_PWR_VS_SECSignals
Mcu.Pin3=PB8
Mcu.Pin30=VP_RAMCFG_VS_RAMCFG1
Mcu.Pin31=VP_RF_VS_RF
Mcu.Pin32=VP_RNG_VS_RNG
Mcu.Pin33=VP_RTC_VS_RTC_Activate
Mcu.Pin34=VP_RTC_VS_RTC_Calendar
Mcu.Pin35=VP_RTC_VS_RTC_Alarm_A_Intern
Mcu.Pin36=VP_SAU_VS_SAU
Mcu.Pin37=VP_SEQUENCER_VS_SEQUENCER
Mcu.Pin38=VP_STM32_WPAN_VS_BLE_HOST_SP
Mcu.Pin39=VP_SYS_VS_Systick
Mcu.Pin4=PC15-OSC32_OUT
Mcu.Pin40=VP_SYS_S_VS_Systick
Mcu.Pin41=VP_TIM16_VS_ClockSourceINT
Mcu.Pin42=VP_TIM16_VS_OPM
Mcu.Pin43=VP_TIMER_VS_TIMER
Mcu.Pin44=VP_TINY_LPM_VS_TINY_LPM
Mcu.Pin45=VP_MEMORYMAP_VS_MEMORYMAP
Mcu.Pin5=PC14-OSC32_IN
Mcu.Pin6=PC13
Mcu.Pin7=PB4(NJTRST)
Mcu.Pin8=PA14(JTCK/SWCLK)
Mcu.Pin9=PA13(JTMS/SWDIO)
Mcu.PinsNb=46
Mcu.ThirdPartyNb=0
Mcu.UserConstants=
Mcu.UserName=STM32WBA65RIVx
MxCube.Version=6.16.0
MxDb.Version=DB.6.0.160
NVIC1.BFHFNMINS=0
NVIC1.BusFault_IRQn=true\:0\:0\:false\:false\:true\:false\:false\:false
NVIC1.DebugMonitor_IRQn=true\:0\:0\:false\:false\:true\:false\:false\:false
NVIC1.ForceEnableDMAVector=true
NVIC1.HardFault_IRQn=true\:0\:0\:false\:false\:true\:false\:false\:false
NVIC1.MemoryManagement_IRQn=true\:0\:0\:false\:false\:true\:false\:false\:false
NVIC1.NonMaskableInt_IRQn=true\:0\:0\:false\:false\:true\:false\:false\:false
NVIC1.PRIS=0
NVIC1.PendSV_IRQn=true\:0\:0\:false\:false\:true\:false\:false\:false
NVIC1.PriorityGroup=NVIC_PRIORITYGROUP_4
NVIC1.SVCall_IRQn=true\:0\:0\:false\:false\:true\:false\:false\:false
NVIC1.SecureFault_IRQn=true\:0\:0\:false\:false\:true\:false\:false\:false
NVIC1.SysTick_IRQn=true\:15\:0\:false\:false\:true\:false\:true\:false
NVIC1.UsageFault_IRQn=true\:0\:0\:false\:false\:true\:false\:false\:false
NVIC2.BFHFNMINS=0
NVIC2.EXTI4_IRQn=true\:0\:0\:false\:false\:true\:true\:false\:true
NVIC2.EXTI5_IRQn=true\:0\:0\:false\:false\:true\:true\:false\:true
NVIC2.ForceEnableDMAVector=true
NVIC2.GPDMA1_Channel0_IRQn=true\:6\:0\:true\:false\:true\:false\:true\:true
NVIC2.GPDMA1_Channel1_IRQn=true\:5\:0\:true\:false\:true\:false\:true\:true
NVIC2.MemoryManagement_IRQn=true\:0\:0\:false\:false\:true\:false\:false\:false
NVIC2.PRIS=0
NVIC2.PendSV_IRQn=true\:0\:0\:false\:false\:true\:false\:false\:false
NVIC2.PriorityGroup=NVIC_PRIORITYGROUP_4
NVIC2.RADIO_IRQn=true\:0\:0\:false\:false\:true\:false\:false\:true
NVIC2.RCC_IRQn=true\:1\:0\:true\:false\:true\:true\:false\:true
NVIC2.RNG_IRQn=true\:0\:0\:false\:false\:true\:true\:true\:true
NVIC2.RTC_IRQn=true\:4\:0\:true\:false\:true\:true\:true\:true
NVIC2.SVCall_IRQn=true\:0\:0\:false\:false\:true\:false\:false\:false
NVIC2.SysTick_IRQn=true\:14\:0\:true\:false\:true\:false\:true\:false
NVIC2.TIM16_IRQn=true\:1\:0\:true\:false\:true\:true\:true\:true
NVIC2.USART1_IRQn=true\:7\:0\:true\:false\:true\:true\:true\:true
NVIC2.UsageFault_IRQn=true\:0\:0\:false\:false\:true\:false\:false\:false
NVIC2.WKUP_IRQn=true\:0\:0\:false\:false\:true\:true\:true\:true
OSC_IN.GPIOParameters=PinAttribute
OSC_IN.Mode=HSE-External-Oscillator
OSC_IN.PinAttribute=CortexM33S
OSC_IN.Signal=RCC_OSC_IN
OSC_OUT.GPIOParameters=PinAttribute
OSC_OUT.Mode=HSE-External-Oscillator
OSC_OUT.PinAttribute=CortexM33S
OSC_OUT.Signal=RCC_OSC_OUT
PA13(JTMS/SWDIO).GPIOParameters=PinAttribute
PA13(JTMS/SWDIO).Mode=Serial_Wire
PA13(JTMS/SWDIO).PinAttribute=CortexM33NS
PA13(JTMS/SWDIO).Signal=DEBUG_JTMS-SWDIO
PA14(JTCK/SWCLK).GPIOParameters=PinAttribute
PA14(JTCK/SWCLK).Mode=Serial_Wire
PA14(JTCK/SWCLK).PinAttribute=CortexM33NS
PA14(JTCK/SWCLK).Signal=DEBUG_JTCK-SWCLK
PA8.GPIOParameters=PinAttribute
PA8.Mode=Asynchronous
PA8.PinAttribute=CortexM33NS
PA8.Signal=USART1_RX
PB12.GPIOParameters=PinAttribute
PB12.Mode=Asynchronous
PB12.PinAttribute=CortexM33NS
PB12.Signal=USART1_TX
PB4(NJTRST).ContextOwner=CortexM33NS
PB4(NJTRST).GPIOParameters=GPIO_PuPd,PinAttribute
PB4(NJTRST).GPIO_PuPd=GPIO_PULLUP
PB4(NJTRST).Locked=true
PB4(NJTRST).PinAttribute=CortexM33NS
PB4(NJTRST).Signal=GPXTI4
PB8.Locked=true
PC13.GPIOParameters=PinAttribute
PC13.Locked=true
PC13.Mode=WakeUp2
PC13.PinAttribute=CortexM33NS
PC13.Signal=PWR_WKUP2
PC14-OSC32_IN.GPIOParameters=PinAttribute
PC14-OSC32_IN.Mode=LSE-External-Oscillator
PC14-OSC32_IN.PinAttribute=CortexM33S
PC14-OSC32_IN.Signal=RCC_OSC32_IN
PC15-OSC32_OUT.GPIOParameters=PinAttribute
PC15-OSC32_OUT.Mode=LSE-External-Oscillator
PC15-OSC32_OUT.PinAttribute=CortexM33S
PC15-OSC32_OUT.Signal=RCC_OSC32_OUT
PC4.Locked=true
PC5.ContextOwner=CortexM33NS
PC5.GPIOParameters=GPIO_PuPd,Privilege,PinAttribute
PC5.GPIO_PuPd=GPIO_PULLUP
PC5.Locked=true
PC5.PinAttribute=CortexM33NS
PC5.Privilege=EXTI_LINE_NPRIV
PC5.Signal=GPXTI5
PD8.Locked=true
PinOutPanel.RotationAngle=0
ProjectManager.AskForMigrate=true
ProjectManager.BackupPrevious=false
ProjectManager.CompilerLinker=GCC
ProjectManager.CompilerOptimize=6
ProjectManager.ComputerToolchain=false
ProjectManager.CoupleFile=false
ProjectManager.DeletePrevious=true
ProjectManager.DeviceId=STM32WBA65RIVx
ProjectManager.Example=BLE_p2pServer_TZ
ProjectManager.ExampleSource=CubeFw
ProjectManager.FreePins=false
ProjectManager.FreePinsContext=CortexM33S
ProjectManager.HalAssertFull=false
ProjectManager.HeapSize=M33S-0x0000,M33NS-0x0000
ProjectManager.KeepUserCode=true
ProjectManager.LastFirmware=true
ProjectManager.LibraryCopy=2
ProjectManager.MainLocation=Core/Src
ProjectManager.NoMain=false
ProjectManager.PreviousToolchain=
ProjectManager.ProjectBuild=false
ProjectManager.ProjectFileName=BLE_p2pServer_TZ.ioc
ProjectManager.ProjectName=BLE_p2pServer_TZ
ProjectManager.ProjectStructure=M33S\:Secure Project\:true;M33NS\:Non Secure Project\:true;
ProjectManager.RegisterCallBack=UART
ProjectManager.StackSize=M33S-0x1000,M33NS-0x1000
ProjectManager.TargetToolchain=EWARM V9.60
ProjectManager.ToolChainLocation=
ProjectManager.UAScriptAfterPath=
ProjectManager.UAScriptBeforePath=
ProjectManager.UnderRoot=false
ProjectManager.functionlistsort=1-SystemClock_Config-RCC-false-HAL-false-CortexM33S,2-SystemPower_Config-PWR-false-HAL-true-CortexM33S,3-MX_GPIO_Init-GPIO-false-HAL-true-CortexM33S,4-MX_GTZC_S_Init-GTZC_S-false-HAL-true-CortexM33S,5-MX_SAU_Init-SAU-false-HAL-true-CortexM33S,6-MX_RTC_Init-RTC-false-HAL-true-CortexM33S,7-MX_FLASH_Init-FLASH-false-HAL-true-CortexM33S,1-SystemClock_Config-RCC-false-HAL-false-CortexM33NS,2-MX_GPDMA1_Init-GPDMA1-false-HAL-true-CortexM33NS,3-MX_GPIO_Init-GPIO-false-HAL-true-CortexM33NS,4-MX_ADC4_Init-ADC4-true-HAL-false-CortexM33NS,5-MX_CRC_Init-CRC-true-HAL-false-CortexM33NS,6-MX_ICACHE_Init-ICACHE-false-LL-false-CortexM33NS,7-MX_RAMCFG_Init-RAMCFG-false-HAL-false-CortexM33NS,false-8-MX_RNG_Init-RNG-true-HAL-false-CortexM33NS,9-MX_RTC_Init-RTC-false-HAL-false-CortexM33NS,10-MX_USART1_UART_Init-USART1-true-HAL-false-CortexM33NS,11-APPE_Init-STM32_WPAN-false-HAL-false-CortexM33NS,false-12-MX_TIM16_Init-TIM16-true-LL-true-CortexM33NS,13-MX_GTZC_NS_Init-GTZC_NS-false-HAL-true-CortexM33NS,false-14-MX_AES_Init-AES-true-HAL-true-CortexM33NS,0-MX_CORTEX_M33_S_Init-CORTEX_M33_S-false-HAL-true-CortexM33S,0-MX_CORTEX_M33_NS_Init-CORTEX_M33_NS-false-HAL-true-CortexM33NS,15-SystemPower_Config-PWR-false-HAL-true-CortexM33NS
RAMCFG.IPParameters=Instance-RAMCFG1_Activate
RAMCFG.Instance-RAMCFG1_Activate=RAMCFG_SRAM1
RCC.ADCFreq_Value=32000000
RCC.AHB4Freq_Value=32000000
RCC.AHB5Freq_Value=32000000
RCC.AHBCLKDivider=RCC_SYSCLK_DIV1
RCC.AHBFreq_Value=32000000
RCC.APB1Freq_Value=32000000
RCC.APB1TimFreq_Value=32000000
RCC.APB2Freq_Value=32000000
RCC.APB2TimFreq_Value=32000000
RCC.APB7Freq_Value=32000000
RCC.ASFreq_Value=64000000
RCC.CortexCLockSelectionVirtual=RCC_SYSTICKCLKSOURCE_LSE
RCC.CortexFreq_Value=32768
RCC.FCLKCortexFreq_Value=32000000
RCC.HCLKFreq_Value=32000000
RCC.HSESYSFreq_VALUE=32000000
RCC.HSE_VALUE=32000000
RCC.HSI_VALUE=16000000
RCC.I2C1Freq_Value=32000000
RCC.I2C2CLockSelection=RCC_I2C2CLKSOURCE_PCLK1
RCC.I2C2Freq_Value=32000000
RCC.I2C3Freq_Value=32000000
RCC.I2C4CLockSelection=RCC_I2C4CLKSOURCE_PCLK1
RCC.I2C4Freq_Value=32000000
RCC.IPParameters=ADCFreq_Value,AHB4Freq_Value,AHB5Freq_Value,AHBCLKDivider,AHBFreq_Value,APB1Freq_Value,APB1TimFreq_Value,APB2Freq_Value,APB2TimFreq_Value,APB7Freq_Value,ASFreq_Value,CortexCLockSelectionVirtual,CortexFreq_Value,FCLKCortexFreq_Value,HCLKFreq_Value,HSESYSFreq_VALUE,HSE_VALUE,HSI_VALUE,I2C1Freq_Value,I2C2CLockSelection,I2C2Freq_Value,I2C3Freq_Value,I2C4CLockSelection,I2C4Freq_Value,LPTIM1Freq_Value,LPTIM2Freq_Value,LPUART1CLockSelectionVirtual,LPUART1Freq_Value,LSCOPinFreq_Value,LSI1_VALUE,LSI2_VALUE,MCO1PinFreq_Value,OTGPHYPLLCLKFreq_Value,PLLN,PLLPoutputFreq_Value,PLLQoutputFreq_Value,PLLRCLKFreq_Value,RNGFreq_Value,RSTClockSelectionVirtual,RSTFreq_Value,RSTRFFreq_Value,RTCClockSelection,RTCFreq_Value,SAESFreq_Value,SAI1Freq_Value,SPI1Freq_Value,SPI2Freq_Value,SPI3CLockSelection,SPI3Freq_Value,SYSCLKFreq_VALUE,SYSCLKSourceVirtual,USART1CLockSelectionVirtual,USART1Freq_Value,USART2CLockSelectionVirtual,USART2Freq_Value,USART3CLockSelection,USART3Freq_Value,VCOInputFreq_Value,VCOOutputFreq_Value
RCC.LPTIM1Freq_Value=32000000
RCC.LPTIM2Freq_Value=32000000
RCC.LPUART1CLockSelectionVirtual=RCC_LPUART1CLKSOURCE_PCLK7
RCC.LPUART1Freq_Value=32000000
RCC.LSCOPinFreq_Value=32000
RCC.LSI1_VALUE=32000
RCC.LSI2_VALUE=32000
RCC.MCO1PinFreq_Value=32000000
RCC.OTGPHYPLLCLKFreq_Value=32000000
RCC.PLLN=8
RCC.PLLPoutputFreq_Value=64000000
RCC.PLLQoutputFreq_Value=64000000
RCC.PLLRCLKFreq_Value=64000000
RCC.RNGFreq_Value=16000000
RCC.RSTClockSelectionVirtual=RCC_RADIOSTCLKSOURCE_LSE
RCC.RSTFreq_Value=32768
RCC.RSTRFFreq_Value=32000000
RCC.RTCClockSelection=RCC_RTCCLKSOURCE_LSE
RCC.RTCFreq_Value=32768
RCC.SAESFreq_Value=32000000
RCC.SAI1Freq_Value=16000000
RCC.SPI1Freq_Value=32000000
RCC.SPI2Freq_Value=32000000
RCC.SPI3CLockSelection=RCC_SPI3CLKSOURCE_PCLK7
RCC.SPI3Freq_Value=32000000
RCC.SYSCLKFreq_VALUE=32000000
RCC.SYSCLKSourceVirtual=RCC_SYSCLKSOURCE_HSE
RCC.SecureElements=RTCClkSource
RCC.USART1CLockSelectionVirtual=RCC_USART1CLKSOURCE_HSI
RCC.USART1Freq_Value=16000000
RCC.USART2CLockSelectionVirtual=RCC_USART2CLKSOURCE_PCLK1
RCC.USART2Freq_Value=32000000
RCC.USART3CLockSelection=RCC_USART3CLKSOURCE_PCLK1
RCC.USART3Freq_Value=32000000
RCC.VCOInputFreq_Value=16000000
RCC.VCOOutputFreq_Value=128000000
RNG.ClockErrorDetection=RNG_CED_DISABLE
RNG.IPParameters=ClockErrorDetection
RTC.Alarm-Alarm\ A=RTC_ALARM_A
RTC.BinMode=RTC_BINARY_ONLY
RTC.BinaryAutoClr_A-Alarm\ A=RTC_ALARMSUBSECONDBIN_AUTOCLR_NO
RTC.IPParameters=Alarm-Alarm A,BinMode,BinaryAutoClr_A-Alarm A,rtcSecureFull
RTC.rtcSecureFull=RTC_SECURE_FULL_NO
SAU.IPParameters=SAU0_INIT_SIZE,SAU2_INIT_SIZE,SAU4_INIT_SIZE,SAU1_INIT_START,SAU1_INIT_SIZE,SAU3_INIT_SIZE,SAU5_INIT_REGION,SAU3_INIT_START,SAU0_INIT_NSC,SAU2_INIT_NSC
SAU.SAU0_INIT_NSC=0
SAU.SAU0_INIT_SIZE=0x00100000
SAU.SAU1_INIT_SIZE=0x0000C000
SAU.SAU1_INIT_START=0x0BF80000
SAU.SAU2_INIT_NSC=1
SAU.SAU2_INIT_SIZE=0x00002000
SAU.SAU3_INIT_SIZE=0x00080000
SAU.SAU3_INIT_START=0x20000000
SAU.SAU4_INIT_SIZE=0x0802C000
SAU.SAU5_INIT_REGION=0
SH.GPXTI4.0=GPIO_EXTI4
SH.GPXTI4.ConfNb=1
SH.GPXTI5.0=GPIO_EXTI5
SH.GPXTI5.ConfNb=1
STM32_WPAN.AD_TYPE_COMPLETE_LOCAL_NAME=p2pS_XX
STM32_WPAN.AD_TYPE_COMPLETE_LOCAL_NAME_LENGTH=8
STM32_WPAN.AD_TYPE_MANUFACTURER_DATA_NBR=12
STM32_WPAN.BSP.number=1
STM32_WPAN.CFG_AMM_VIRTUAL_BUFFER_SIZE_1=400
STM32_WPAN.CFG_BLE_ATT_MTU_MAX=251
STM32_WPAN.CFG_BLE_NUM_LINK=8
STM32_WPAN.CFG_BONDING_MODE=1
STM32_WPAN.CFG_GAP_DEVICE_NAME=P2P_Server
STM32_WPAN.CFG_GAP_DEVICE_NAME_LENGTH=10
STM32_WPAN.CFG_LOG_SUPPORTED=1
STM32_WPAN.CFG_LPM_LEVEL=0
STM32_WPAN.CFG_LSCLK_LSE=0
STM32_WPAN.CFG_MM_POOL_SIZE=4000
STM32_WPAN.INCLUDE_AD_TYPE_COMPLETE_LOCAL_NAME=1
STM32_WPAN.INCLUDE_AD_TYPE_MANUFACTURER_SPECIFIC_DATA=1
STM32_WPAN.IPParameters=CFG_GAP_DEVICE_NAME,CFG_GAP_DEVICE_NAME_LENGTH,INCLUDE_AD_TYPE_COMPLETE_LOCAL_NAME,AD_TYPE_COMPLETE_LOCAL_NAME,AD_TYPE_COMPLETE_LOCAL_NAME_LENGTH,INCLUDE_AD_TYPE_MANUFACTURER_SPECIFIC_DATA,AD_TYPE_MANUFACTURER_DATA_NBR,NUMBER_OF_SERVICES,SERVICE1_UUID,SERVICE1_LONG_NAME,SERVICE1_SHORT_NAME,SERVICE1_NUMBER_OF_CHARACTERISTICS,SERVICE1_CHAR1_UUID,SERVICE1_CHAR1_LONG_NAME,SERVICE1_CHAR1_SHORT_NAME,SERVICE1_CHAR1_VALUE_LENGTH,SERVICE1_CHAR1_LENGTH_CHARACTERISTIC,SERVICE1_CHAR1_PROP_READ,SERVICE1_CHAR1_PROP_WRITE_WITHOUT_RESP,SERVICE1_CHAR2_UUID,SERVICE1_CHAR2_LONG_NAME,SERVICE1_CHAR2_SHORT_NAME,SERVICE1_CHAR2_VALUE_LENGTH,SERVICE1_CHAR2_LENGTH_CHARACTERISTIC,SERVICE1_CHAR2_PROP_NOTIFY,SERVICE1_CHAR2_GATT_NOTIFY_READ_REQ_AND_WAIT_FOR_APPL_RESP,SERVICE1_CHAR2_GATT_NOTIFY_WRITE_REQ_AND_WAIT_FOR_APPL_RESP,SERVICE1_CHAR1_GATT_NOTIFY_WRITE_REQ_AND_WAIT_FOR_APPL_RESP,SERVICE1_CHAR1_GATT_NOTIFY_READ_REQ_AND_WAIT_FOR_APPL_RESP,CFG_BONDING_MODE,CFG_BLE_NUM_LINK,CFG_BLE_ATT_MTU_MAX,CFG_LPM_LEVEL,CFG_LOG_SUPPORTED,SNVMA_POLY_CRC16,RADIO_INTR_PRIO_LOW,CFG_MM_POOL_SIZE,CFG_AMM_VIRTUAL_BUFFER_SIZE_1,USE_TEMPERATURE_BASED_RADIO_CALIBRATION,USE_SNVMA_NVM,CFG_LSCLK_LSE
STM32_WPAN.NUMBER_OF_SERVICES=1
STM32_WPAN.RADIO_INTR_PRIO_LOW=5
STM32_WPAN.SERVICE1_CHAR1_GATT_NOTIFY_READ_REQ_AND_WAIT_FOR_APPL_RESP=\ 
STM32_WPAN.SERVICE1_CHAR1_GATT_NOTIFY_WRITE_REQ_AND_WAIT_FOR_APPL_RESP=\ 
STM32_WPAN.SERVICE1_CHAR1_LENGTH_CHARACTERISTIC=CHAR_VALUE_LEN_VARIABLE
STM32_WPAN.SERVICE1_CHAR1_LONG_NAME=My_LED_Char
STM32_WPAN.SERVICE1_CHAR1_PROP_READ=CHAR_PROP_READ
STM32_WPAN.SERVICE1_CHAR1_PROP_WRITE_WITHOUT_RESP=CHAR_PROP_WRITE_WITHOUT_RESP
STM32_WPAN.SERVICE1_CHAR1_SHORT_NAME=LED_C
STM32_WPAN.SERVICE1_CHAR1_UUID=FE 41
STM32_WPAN.SERVICE1_CHAR1_VALUE_LENGTH=2
STM32_WPAN.SERVICE1_CHAR2_GATT_NOTIFY_READ_REQ_AND_WAIT_FOR_APPL_RESP=\ 
STM32_WPAN.SERVICE1_CHAR2_GATT_NOTIFY_WRITE_REQ_AND_WAIT_FOR_APPL_RESP=\ 
STM32_WPAN.SERVICE1_CHAR2_LENGTH_CHARACTERISTIC=CHAR_VALUE_LEN_VARIABLE
STM32_WPAN.SERVICE1_CHAR2_LONG_NAME=My_Switch_Char
STM32_WPAN.SERVICE1_CHAR2_PROP_NOTIFY=CHAR_PROP_NOTIFY
STM32_WPAN.SERVICE1_CHAR2_SHORT_NAME=SWITCH_C
STM32_WPAN.SERVICE1_CHAR2_UUID=FE 42
STM32_WPAN.SERVICE1_CHAR2_VALUE_LENGTH=2
STM32_WPAN.SERVICE1_LONG_NAME=P2P_Server
STM32_WPAN.SERVICE1_NUMBER_OF_CHARACTERISTICS=2
STM32_WPAN.SERVICE1_SHORT_NAME=P2P_Server
STM32_WPAN.SERVICE1_UUID=FE 40
STM32_WPAN.SNVMA_POLY_CRC16=1DB7
STM32_WPAN.USE_SNVMA_NVM=1
STM32_WPAN.USE_TEMPERATURE_BASED_RADIO_CALIBRATION=1
STM32_WPAN0.BSP.STBoard=false
STM32_WPAN0.BSP.api=Unknown
STM32_WPAN0.BSP.component=
STM32_WPAN0.BSP.condition=\!(S_BLE_TM | S_BLE_HOST_SIMPLE)
STM32_WPAN0.BSP.instance=USART1
STM32_WPAN0.BSP.ip=(LPU|US)ART
STM32_WPAN0.BSP.mode=Single Wire \\(Half-Duplex\\)|Asynchronous
STM32_WPAN0.BSP.name=Serial Link for Logs
STM32_WPAN0.BSP.semaphore=
STM32_WPAN0.BSP.solution=USART1
SYS.userName=SYS_NS
USART1.FIFOMode=FIFOMODE_ENABLE
USART1.IPParameters=VirtualMode-Asynchronous,OverSampling,FIFOMode
USART1.OverSampling=UART_OVERSAMPLING_8
USART1.VirtualMode-Asynchronous=VM_ASYNC
VP_ADC4_TempSens_Input.Mode=IN-TempSens
VP_ADC4_TempSens_Input.Signal=ADC4_TempSens_Input
VP_ADV_TRACE_VS_ADV_TRACE.Mode=ADV_TRACE_Enabled
VP_ADV_TRACE_VS_ADV_TRACE.Signal=ADV_TRACE_VS_ADV_TRACE
VP_AES_VS_AES.Mode=AES_Activate
VP_AES_VS_AES.Signal=AES_VS_AES
VP_COMMON_WPAN_VS_Utility_Common_1.0.0_1.0.0.Mode=Utility_Common
VP_COMMON_WPAN_VS_Utility_Common_1.0.0_1.0.0.Signal=COMMON_WPAN_VS_Utility_Common_1.0.0_1.0.0
VP_CORTEX_M33_NS_VS_Ext.Mode=External_Mode
VP_CORTEX_M33_NS_VS_Ext.Signal=CORTEX_M33_NS_VS_Ext
VP_CORTEX_M33_S_VS_Hclk.Mode=Hclk_Mode
VP_CORTEX_M33_S_VS_Hclk.Signal=CORTEX_M33_S_VS_Hclk
VP_CRC_VS_CRC.Mode=CRC_Activate
VP_CRC_VS_CRC.Signal=CRC_VS_CRC
VP_FLASH_SIG_Activate_FlashIP.Mode=Activate_FlashIP
VP_FLASH_SIG_Activate_FlashIP.Signal=FLASH_SIG_Activate_FlashIP
VP_GPDMA1_VS_GPDMACH0.Mode=SIMPLEREQUEST_GPDMACH0
VP_GPDMA1_VS_GPDMACH0.Signal=GPDMA1_VS_GPDMACH0
VP_GPDMA1_VS_GPDMACH1.Mode=SIMPLEREQUEST_GPDMACH1
VP_GPDMA1_VS_GPDMACH1.Signal=GPDMA1_VS_GPDMACH1
VP_GTZC_NS_VS_GTZC_Enable.Mode=GTZC_Enable
VP_GTZC_NS_VS_GTZC_Enable.Signal=GTZC_NS_VS_GTZC_Enable
VP_GTZC_S_VS_GTZC_Enable.Mode=GTZC_Enable
VP_GTZC_S_VS_GTZC_Enable.Signal=GTZC_S_VS_GTZC_Enable
VP_ICACHE_VS_ICACHE.Mode=DirectMappedCache
VP_ICACHE_VS_ICACHE.Signal=ICACHE_VS_ICACHE
VP_ICACHE_VS_SECURE_ICACHE_REG.Mode=ICACHE_REG_Not_Secured
VP_ICACHE_VS_SECURE_ICACHE_REG.Signal=ICACHE_VS_SECURE_ICACHE_REG
VP_MEMORYMAP_VS_MEMORYMAP.Mode=CurAppReg
VP_MEMORYMAP_VS_MEMORYMAP.Signal=MEMORYMAP_VS_MEMORYMAP
VP_MISC_VS_MISC.Mode=MISC_Enabled
VP_MISC_VS_MISC.Signal=MISC_VS_MISC
VP_PWR_VS_SECSignals.Mode=Security/Privilege
VP_PWR_VS_SECSignals.Signal=PWR_VS_SECSignals
VP_RAMCFG_VS_RAMCFG1.Mode=RAMCFG1_Activate
VP_RAMCFG_VS_RAMCFG1.Signal=RAMCFG_VS_RAMCFG1
VP_RF_VS_RF.Mode=RF_Activate
VP_RF_VS_RF.Signal=RF_VS_RF
VP_RNG_VS_RNG.Mode=RNG_Activate
VP_RNG_VS_RNG.Signal=RNG_VS_RNG
VP_RTC_VS_RTC_Activate.Mode=RTC_Enabled
VP_RTC_VS_RTC_Activate.Signal=RTC_VS_RTC_Activate
VP_RTC_VS_RTC_Alarm_A_Intern.Mode=Alarm A
VP_RTC_VS_RTC_Alarm_A_Intern.Signal=RTC_VS_RTC_Alarm_A_Intern
VP_RTC_VS_RTC_Calendar.Mode=RTC_Calendar
VP_RTC_VS_RTC_Calendar.Signal=RTC_VS_RTC_Calendar
VP_SAU_VS_SAU.Mode=SAU_Init
VP_SAU_VS_SAU.Signal=SAU_VS_SAU
VP_SEQUENCER_VS_SEQUENCER.Mode=SEQUENCER_Enabled
VP_SEQUENCER_VS_SEQUENCER.Signal=SEQUENCER_VS_SEQUENCER
VP_STM32_WPAN_VS_BLE_HOST_SP.Mode=BLE_Server
VP_STM32_WPAN_VS_BLE_HOST_SP.Signal=STM32_WPAN_VS_BLE_HOST_SP
VP_SYS_S_VS_Systick.Mode=SysTick
VP_SYS_S_VS_Systick.Signal=SYS_S_VS_Systick
VP_SYS_VS_Systick.Mode=SysTick
VP_SYS_VS_Systick.Signal=SYS_VS_Systick
VP_TIM16_VS_ClockSourceINT.Mode=Enable_Timer
VP_TIM16_VS_ClockSourceINT.Signal=TIM16_VS_ClockSourceINT
VP_TIM16_VS_OPM.Mode=OPM_bit
VP_TIM16_VS_OPM.Signal=TIM16_VS_OPM
VP_TIMER_VS_TIMER.Mode=TIMER_Enabled
VP_TIMER_VS_TIMER.Signal=TIMER_VS_TIMER
VP_TINY_LPM_VS_TINY_LPM.Mode=TINY_LPM_Enabled
VP_TINY_LPM_VS_TINY_LPM.Signal=TINY_LPM_VS_TINY_LPM
board=custom
