#MicroXplorer Configuration settings - do not modify
ADC4.Channel-0\#ChannelRegularConversion=ADC_CHANNEL_TEMPSENSOR
ADC4.IPParameters=Rank-0\#ChannelRegularConversion,Channel-0\#ChannelRegularConversion,SelectedChannel,SamplingTime-0\#ChannelRegularConversion,NbrOfConversionFlag,Overrun,SamplingTimeCommon1
ADC4.NbrOfConversionFlag=1
ADC4.Overrun=ADC_OVR_DATA_OVERWRITTEN
ADC4.Rank-0\#ChannelRegularConversion=1
ADC4.SamplingTime-0\#ChannelRegularConversion=ADC_SAMPLINGTIME_COMMON_1
ADC4.SamplingTimeCommon1=ADC_SAMPLETIME_814CYCLES_5
ADC4.SelectedChannel=ADC_CHANNEL_TEMPSENSOR
CAD.formats=
CAD.pinconfig=
CAD.provider=
CORTEX_M33_NS.userName=CORTEX_M33
CRC.DefaultPolynomialUse=DEFAULT_POLYNOMIAL_DISABLE
CRC.IPParameters=DefaultPolynomialUse,InputDataFormat
CRC.InputDataFormat=CRC_INPUTDATA_FORMAT_WORDS
File.Version=6
GPDMA1.DESTINC_GPDMACH1=DMA_DINC_INCREMENTED
GPDMA1.DIRECTION_GPDMACH0=DMA_MEMORY_TO_PERIPH
GPDMA1.IPHANDLE_GPDMACH0-SIMPLEREQUEST_GPDMACH0=__NULL
GPDMA1.IPHANDLE_GPDMACH1-SIMPLEREQUEST_GPDMACH1=__NULL
GPDMA1.IPParameters=IPHANDLE_GPDMACH0-SIMPLEREQUEST_GPDMACH0,REQUEST_GPDMACH0,IPHANDLE_GPDMACH1-SIMPLEREQUEST_GPDMACH1,REQUEST_GPDMACH1,DIRECTION_GPDMACH0,SRCINC_GPDMACH0,DESTINC_GPDMACH1
GPDMA1.REQUEST_GPDMACH0=GPDMA1_REQUEST_USART1_TX
GPDMA1.REQUEST_GPDMACH1=GPDMA1_REQUEST_USART1_RX
GPDMA1.SRCINC_GPDMACH0=DMA_SINC_INCREMENTED
GPIO.groupedBy=Show All
KeepUserPlacement=false
Mcu.CPN=STM32WBA52CGU6
Mcu.ContextProject=TrustZoneDisabled
Mcu.Family=STM32WBA
Mcu.IP0=ADC4
Mcu.IP1=ADV_TRACE
Mcu.IP10=RAMCFG
Mcu.IP11=RCC
Mcu.IP12=RF
Mcu.IP13=RNG
Mcu.IP14=RTC
Mcu.IP15=SEQUENCER
Mcu.IP16=STM32_WPAN
Mcu.IP17=SYS
Mcu.IP18=TIMER
Mcu.IP19=TINY_LPM
Mcu.IP2=CORTEX_M33_NS
Mcu.IP20=USART1
Mcu.IP3=CRC
Mcu.IP4=DEBUG
Mcu.IP5=GPDMA1
Mcu.IP6=ICACHE
Mcu.IP7=MISC
Mcu.IP8=NVIC
Mcu.IP9=PWR
Mcu.IPNb=21
Mcu.Name=STM32WBA52CGUx
Mcu.Package=UFQFPN48
Mcu.Pin0=PB12
Mcu.Pin1=PA8
Mcu.Pin10=OSC_IN
Mcu.Pin11=VP_ADC4_TempSens_Input
Mcu.Pin12=VP_ADV_TRACE_VS_ADV_TRACE
Mcu.Pin13=VP_CRC_VS_CRC
Mcu.Pin14=VP_GPDMA1_VS_GPDMACH0
Mcu.Pin15=VP_GPDMA1_VS_GPDMACH1
Mcu.Pin16=VP_ICACHE_VS_ICACHE
Mcu.Pin17=VP_MISC_VS_MISC
Mcu.Pin18=VP_PWR_VS_SECSignals
Mcu.Pin19=VP_RAMCFG_VS_RAMCFG1
Mcu.Pin2=PC15-OSC32_OUT
Mcu.Pin20=VP_RF_VS_RF
Mcu.Pin21=VP_RNG_VS_RNG
Mcu.Pin22=VP_RTC_VS_RTC_Activate
Mcu.Pin23=VP_RTC_VS_RTC_Calendar
Mcu.Pin24=VP_RTC_VS_RTC_Alarm_A_Intern
Mcu.Pin25=VP_SEQUENCER_VS_SEQUENCER
Mcu.Pin26=VP_STM32_WPAN_VS_BLE_HOST_RP
Mcu.Pin27=VP_SYS_VS_Systick
Mcu.Pin28=VP_TIMER_VS_TIMER
Mcu.Pin29=VP_TINY_LPM_VS_TINY_LPM
Mcu.Pin3=PC14-OSC32_IN
Mcu.Pin4=PC13
Mcu.Pin5=PB7
Mcu.Pin6=PB6
Mcu.Pin7=PA14 (JTCK/SWCLK)
Mcu.Pin8=PA13 (JTMS/SWDIO)
Mcu.Pin9=OSC_OUT
Mcu.PinsNb=30
Mcu.ThirdPartyNb=0
Mcu.UserConstants=
Mcu.UserName=STM32WBA52CGUx
MxCube.Version=6.8.0
MxDb.Version=DB.6.0.80
NVIC.BusFault_IRQn=true\:0\:0\:true\:false\:true\:false\:false\:false
NVIC.DebugMonitor_IRQn=true\:0\:0\:false\:false\:true\:false\:false\:false
NVIC.EXTI13_IRQn=true\:9\:0\:true\:false\:true\:true\:true\:true
NVIC.EXTI6_IRQn=true\:9\:0\:true\:false\:true\:true\:true\:true
NVIC.EXTI7_IRQn=true\:9\:0\:true\:false\:true\:true\:true\:true
NVIC.ForceEnableDMAVector=false
NVIC.GPDMA1_Channel0_IRQn=true\:6\:0\:true\:false\:true\:true\:true\:true
NVIC.GPDMA1_Channel1_IRQn=true\:5\:0\:true\:false\:true\:true\:true\:true
NVIC.HardFault_IRQn=true\:0\:0\:false\:false\:true\:false\:false\:false
NVIC.MemoryManagement_IRQn=true\:0\:0\:false\:false\:true\:false\:false\:false
NVIC.NonMaskableInt_IRQn=true\:0\:0\:false\:false\:true\:false\:false\:false
NVIC.PendSV_IRQn=true\:0\:0\:false\:false\:true\:false\:false\:false
NVIC.PriorityGroup=NVIC_PRIORITYGROUP_4
NVIC.RADIO_IRQn=true\:0\:0\:true\:false\:true\:true\:false\:true
NVIC.RCC_IRQn=true\:1\:0\:true\:false\:true\:true\:false\:true
NVIC.RNG_IRQn=true\:0\:0\:false\:false\:true\:true\:true\:true
NVIC.RTC_IRQn=true\:4\:0\:true\:false\:true\:true\:true\:true
NVIC.SVCall_IRQn=true\:0\:0\:false\:false\:true\:false\:false\:false
NVIC.SysTick_IRQn=true\:14\:0\:true\:false\:true\:false\:true\:false
NVIC.USART1_IRQn=true\:7\:0\:true\:false\:true\:true\:true\:true
NVIC.UsageFault_IRQn=true\:0\:0\:false\:false\:true\:false\:false\:false
OSC_IN.Mode=HSE-External-Oscillator
OSC_IN.Signal=RCC_OSC_IN
OSC_OUT.Mode=HSE-External-Oscillator
OSC_OUT.Signal=RCC_OSC_OUT
PA13\ (JTMS/SWDIO).Mode=Serial_Wire
PA13\ (JTMS/SWDIO).Signal=DEBUG_JTMS-SWDIO
PA14\ (JTCK/SWCLK).Mode=Serial_Wire
PA14\ (JTCK/SWCLK).Signal=DEBUG_JTCK-SWCLK
PA8.Mode=Asynchronous
PA8.Signal=USART1_RX
PB12.Mode=Asynchronous
PB12.Signal=USART1_TX
PB6.Locked=true
PB6.Signal=GPXTI6
PB7.Locked=true
PB7.Signal=GPXTI7
PC13.Locked=true
PC13.Signal=GPXTI13
PC14-OSC32_IN.Mode=LSE-External-Oscillator
PC14-OSC32_IN.Signal=RCC_OSC32_IN
PC15-OSC32_OUT.Mode=LSE-External-Oscillator
PC15-OSC32_OUT.Signal=RCC_OSC32_OUT
PWR.IPParameters=pwrPrivilege
PWR.pwrPrivilege=PWR_PRIVILEGE_NO
PinOutPanel.RotationAngle=0
ProjectManager.AskForMigrate=true
ProjectManager.BackupPrevious=false
ProjectManager.CompilerOptimize=6
ProjectManager.ComputerToolchain=false
ProjectManager.CoupleFile=false
ProjectManager.DeletePrevious=true
ProjectManager.DeviceId=STM32WBA52CGUx
ProjectManager.FreePins=false
ProjectManager.HalAssertFull=false
ProjectManager.HeapSize=0x3000
ProjectManager.KeepUserCode=true
ProjectManager.LastFirmware=false
ProjectManager.LibraryCopy=2
ProjectManager.MainLocation=Core/Src
ProjectManager.NoMain=false
ProjectManager.PreviousToolchain=
ProjectManager.ProjectBuild=false
ProjectManager.ProjectFileName=BLE_p2pRouter.ioc
ProjectManager.ProjectName=BLE_p2pRouter
ProjectManager.ProjectStructure=0
ProjectManager.RegisterCallBack=UART
ProjectManager.StackSize=0x1000
ProjectManager.TargetToolchain=EWARM V9.20
ProjectManager.ToolChainLocation=
ProjectManager.UnderRoot=false
ProjectManager.functionlistsort=1-SystemClock_Config-RCC-false-HAL-false,2-MX_GPIO_Init-GPIO-false-HAL-false,3-MX_GPDMA1_Init-GPDMA1-false-HAL-true,4-MX_ICACHE_Init-ICACHE-false-HAL-false,5-MX_RAMCFG_Init-RAMCFG-false-HAL-false,6-MX_RTC_Init-RTC-false-HAL-false,7-MX_USART1_UART_Init-USART1-false-HAL-false,8-APPE_Init-STM32_WPAN-false-HAL-false,9-MX_ADC4_Init-ADC4-false-HAL-true,10-MX_CRC_Init-CRC-true-HAL-false,11-MX_RNG_Init-RNG-false-HAL-false,0-MX_CORTEX_M33_NS_Init-CORTEX_M33_NS-false-HAL-true,0-SystemPower_Config-PWR-false-HAL-true
RAMCFG.IPParameters=Instance-RAMCFG1_Activate
RAMCFG.Instance-RAMCFG1_Activate=RAMCFG_SRAM1
RCC.ADCFreq_Value=16000000
RCC.AHB4Freq_Value=16000000
RCC.AHB5Freq_Value=16000000
RCC.AHBFreq_Value=16000000
RCC.APB1Freq_Value=16000000
RCC.APB1TimFreq_Value=16000000
RCC.APB2CLKDivider=RCC_HCLK_DIV2
RCC.APB2Freq_Value=8000000
RCC.APB2TimFreq_Value=16000000
RCC.APB7Freq_Value=16000000
RCC.CortexFreq_Value=16000000
RCC.FCLKCortexFreq_Value=16000000
RCC.FamilyName=M
RCC.HCLKFreq_Value=16000000
RCC.HSESYSFreq_VALUE=16000000
RCC.HSE_VALUE=32000000
RCC.HSI_VALUE=16000000
RCC.HseDiv=RCC_HSE_DIV2
RCC.I2C1Freq_Value=16000000
RCC.I2C3Freq_Value=16000000
RCC.IPParameters=ADCFreq_Value,AHB4Freq_Value,AHB5Freq_Value,AHBFreq_Value,APB1Freq_Value,APB1TimFreq_Value,APB2CLKDivider,APB2Freq_Value,APB2TimFreq_Value,APB7Freq_Value,CortexFreq_Value,FCLKCortexFreq_Value,FamilyName,HCLKFreq_Value,HSESYSFreq_VALUE,HSE_VALUE,HSI_VALUE,HseDiv,I2C1Freq_Value,I2C3Freq_Value,LPTIM1Freq_Value,LPTIM2Freq_Value,LPUART1Freq_Value,LSCOPinFreq_Value,LSI_VALUE,MCO1PinFreq_Value,PLLFRACN,PLLN,PLLPoutputFreq_Value,PLLQoutputFreq_Value,PLLRCLKFreq_Value,PREFETCH_ENABLE,PWR_Regulator_Voltage_Scale,RCC_MCODiv,RNGFreq_Value,RSTClockSelectionVirtual,RSTFreq_Value,RSTRFFreq_Value,RTCClockSelection,RTCFreq_Value,SAESFreq_Value,SPI1Freq_Value,SPI3Freq_Value,SYSCLKFreq_VALUE,SYSCLKSourceVirtual,USART1CLockSelectionVirtual,USART1Freq_Value,USART2Freq_Value,VCOInputFreq_Value,VCOOutputFreq_Value,WatchDogFreq_Value
RCC.LPTIM1Freq_Value=16000000
RCC.LPTIM2Freq_Value=16000000
RCC.LPUART1Freq_Value=16000000
RCC.LSCOPinFreq_Value=32000
RCC.LSI_VALUE=32000
RCC.MCO1PinFreq_Value=1000000
RCC.PLLFRACN=0
RCC.PLLN=8
RCC.PLLPoutputFreq_Value=64000000
RCC.PLLQoutputFreq_Value=64000000
RCC.PLLRCLKFreq_Value=64000000
RCC.PREFETCH_ENABLE=1
RCC.PWR_Regulator_Voltage_Scale=PWR_REGULATOR_VOLTAGE_SCALE2
RCC.RCC_MCODiv=RCC_MCODIV_16
RCC.RNGFreq_Value=16000000
RCC.RSTClockSelectionVirtual=RCC_RADIOSTCLKSOURCE_LSE
RCC.RSTFreq_Value=32768
RCC.RSTRFFreq_Value=32000000
RCC.RTCClockSelection=RCC_RTCCLKSOURCE_LSE
RCC.RTCFreq_Value=32768
RCC.SAESFreq_Value=16000000
RCC.SPI1Freq_Value=8000000
RCC.SPI3Freq_Value=16000000
RCC.SYSCLKFreq_VALUE=16000000
RCC.SYSCLKSourceVirtual=RCC_SYSCLKSOURCE_HSE
RCC.USART1CLockSelectionVirtual=RCC_USART1CLKSOURCE_HSI
RCC.USART1Freq_Value=16000000
RCC.USART2Freq_Value=16000000
RCC.VCOInputFreq_Value=16000000
RCC.VCOOutputFreq_Value=128000000
RCC.WatchDogFreq_Value=32000
RNG.ClockErrorDetection=RNG_CED_DISABLE
RNG.IPParameters=ClockErrorDetection
RTC.Alarm-Alarm\ A=RTC_ALARM_A
RTC.AsynchPrediv=31
RTC.BinMode=RTC_BINARY_ONLY
RTC.BinaryAutoClr_A-Alarm\ A=RTC_ALARMSUBSECONDBIN_AUTOCLR_NO
RTC.IPParameters=BinMode,Alarm-Alarm A,BinaryAutoClr_A-Alarm A,AsynchPrediv
SH.GPXTI13.0=GPIO_EXTI13
SH.GPXTI13.ConfNb=1
SH.GPXTI6.0=GPIO_EXTI6
SH.GPXTI6.ConfNb=1
SH.GPXTI7.0=GPIO_EXTI7
SH.GPXTI7.ConfNb=1
STM32_WPAN.AD_TYPE_COMPLETE_LOCAL_NAME=p2pR_XX
STM32_WPAN.AD_TYPE_COMPLETE_LOCAL_NAME_LENGTH=8
STM32_WPAN.AD_TYPE_MANUFACTURER_DATA_NBR=12
STM32_WPAN.BLE_STACK_TYPE=BLE_STACK_TYPE_BASIC
STM32_WPAN.BSP.number=1
STM32_WPAN.CFG_AMM_VIRTUAL_BUFFER_SIZE_1=400
STM32_WPAN.CFG_BLE_ADDRESS_TYPE=GAP_PUBLIC_ADDR
STM32_WPAN.CFG_BLE_MAX_ATT_MTU=247
STM32_WPAN.CFG_BLE_NUM_LINK=8
STM32_WPAN.CFG_DEBUG_APP_TRACE=1
STM32_WPAN.CFG_DEBUG_TRACE_FULL=1
STM32_WPAN.CFG_DEBUG_TRACE_LIGHT=0
STM32_WPAN.CFG_GAP_DEVICE_NAME=Peer to Peer Router
STM32_WPAN.CFG_GAP_DEVICE_NAME_LENGTH=19
STM32_WPAN.CFG_MM_POOL_SIZE=4000
STM32_WPAN.CFG_TX_POWER=(0x19) /* 0x19 <\=> -0.3 dBm */
STM32_WPAN.INCLUDE_AD_TYPE_COMPLETE_LOCAL_NAME=1
STM32_WPAN.INCLUDE_AD_TYPE_MANUFACTURER_SPECIFIC_DATA=1
STM32_WPAN.IPParameters=RADIO_INTR_PRIO_LOW,CFG_DEBUG_TRACE_LIGHT,CFG_DEBUG_TRACE_FULL,CFG_DEBUG_APP_TRACE,CFG_BLE_ADDRESS_TYPE,STATIC_RANDOM_ADDRESS,INCLUDE_AD_TYPE_COMPLETE_LOCAL_NAME,SERVICE1_UUID,SERVICE1_LONG_NAME,SERVICE1_SHORT_NAME,SERVICE1_CHAR1_UUID,SERVICE1_NUMBER_OF_CHARACTERISTICS,SERVICE1_CHAR1_LONG_NAME,SERVICE1_CHAR1_SHORT_NAME,SERVICE1_CHAR1_VALUE_LENGTH,SERVICE1_CHAR1_LENGTH_CHARACTERISTIC,SERVICE1_CHAR1_PROP_READ,SERVICE1_CHAR1_PROP_WRITE_WITHOUT_RESP,SERVICE1_CHAR1_GATT_NOTIFY_WRITE_REQ_AND_WAIT_FOR_APPL_RESP,SERVICE1_CHAR1_GATT_NOTIFY_READ_REQ_AND_WAIT_FOR_APPL_RESP,SERVICE1_CHAR2_UUID,SERVICE1_CHAR2_LONG_NAME,SERVICE1_CHAR2_SHORT_NAME,SERVICE1_CHAR2_VALUE_LENGTH,SERVICE1_CHAR2_LENGTH_CHARACTERISTIC,SERVICE1_CHAR2_GATT_NOTIFY_WRITE_REQ_AND_WAIT_FOR_APPL_RESP,SERVICE1_CHAR2_GATT_NOTIFY_READ_REQ_AND_WAIT_FOR_APPL_RESP,SERVICE1_CHAR2_PROP_NOTIFY,BLE_STACK_TYPE,AD_TYPE_COMPLETE_LOCAL_NAME,AD_TYPE_COMPLETE_LOCAL_NAME_LENGTH,INCLUDE_AD_TYPE_MANUFACTURER_SPECIFIC_DATA,AD_TYPE_MANUFACTURER_DATA_NBR,CFG_GAP_DEVICE_NAME,CFG_GAP_DEVICE_NAME_LENGTH,CFG_TX_POWER,CFG_BLE_MAX_ATT_MTU,RADIO_SW_LOW_INTR_NUM,CFG_BLE_NUM_LINK,NEXT_EVENT_SCHEDULING_FROM_ISR,SERVICE1_CHAR3_UUID,SERVICE1_CHAR3_LONG_NAME,SERVICE1_CHAR3_SHORT_NAME,SERVICE1_CHAR3_VALUE_LENGTH,SERVICE1_CHAR3_LENGTH_CHARACTERISTIC,SERVICE1_CHAR3_GATT_NOTIFY_WRITE_REQ_AND_WAIT_FOR_APPL_RESP,SERVICE1_CHAR3_GATT_NOTIFY_READ_REQ_AND_WAIT_FOR_APPL_RESP,SERVICE1_CHAR3_PROP_NOTIFY,SNVMA_POLY_CRC16,CFG_MM_POOL_SIZE,RT_DEBUG_GPIO_MODULE,CFG_AMM_VIRTUAL_BUFFER_SIZE_1,NUMBER_OF_SERVICES
STM32_WPAN.NEXT_EVENT_SCHEDULING_FROM_ISR=1
STM32_WPAN.NUMBER_OF_SERVICES=1
STM32_WPAN.RADIO_INTR_PRIO_LOW=3
STM32_WPAN.RADIO_SW_LOW_INTR_NUM=HASH_IRQn
STM32_WPAN.RT_DEBUG_GPIO_MODULE=0
STM32_WPAN.SERVICE1_CHAR1_GATT_NOTIFY_READ_REQ_AND_WAIT_FOR_APPL_RESP=\ 
STM32_WPAN.SERVICE1_CHAR1_GATT_NOTIFY_WRITE_REQ_AND_WAIT_FOR_APPL_RESP=\ 
STM32_WPAN.SERVICE1_CHAR1_LENGTH_CHARACTERISTIC=CHAR_VALUE_LEN_VARIABLE
STM32_WPAN.SERVICE1_CHAR1_LONG_NAME=WriteForward
STM32_WPAN.SERVICE1_CHAR1_PROP_READ=CHAR_PROP_READ
STM32_WPAN.SERVICE1_CHAR1_PROP_WRITE_WITHOUT_RESP=CHAR_PROP_WRITE_WITHOUT_RESP
STM32_WPAN.SERVICE1_CHAR1_SHORT_NAME=WriteFwd
STM32_WPAN.SERVICE1_CHAR1_UUID=FE B1
STM32_WPAN.SERVICE1_CHAR1_VALUE_LENGTH=2
STM32_WPAN.SERVICE1_CHAR2_GATT_NOTIFY_READ_REQ_AND_WAIT_FOR_APPL_RESP=\ 
STM32_WPAN.SERVICE1_CHAR2_GATT_NOTIFY_WRITE_REQ_AND_WAIT_FOR_APPL_RESP=\ 
STM32_WPAN.SERVICE1_CHAR2_LENGTH_CHARACTERISTIC=CHAR_VALUE_LEN_VARIABLE
STM32_WPAN.SERVICE1_CHAR2_LONG_NAME=NotifForward
STM32_WPAN.SERVICE1_CHAR2_PROP_NOTIFY=CHAR_PROP_NOTIFY
STM32_WPAN.SERVICE1_CHAR2_SHORT_NAME=NotifFwd
STM32_WPAN.SERVICE1_CHAR2_UUID=FE B2
STM32_WPAN.SERVICE1_CHAR2_VALUE_LENGTH=2
STM32_WPAN.SERVICE1_CHAR3_GATT_NOTIFY_READ_REQ_AND_WAIT_FOR_APPL_RESP=\ 
STM32_WPAN.SERVICE1_CHAR3_GATT_NOTIFY_WRITE_REQ_AND_WAIT_FOR_APPL_RESP=\ 
STM32_WPAN.SERVICE1_CHAR3_LENGTH_CHARACTERISTIC=CHAR_VALUE_LEN_VARIABLE
STM32_WPAN.SERVICE1_CHAR3_LONG_NAME=Device_info
STM32_WPAN.SERVICE1_CHAR3_PROP_NOTIFY=CHAR_PROP_NOTIFY
STM32_WPAN.SERVICE1_CHAR3_SHORT_NAME=DevInfo
STM32_WPAN.SERVICE1_CHAR3_UUID=FE B3
STM32_WPAN.SERVICE1_CHAR3_VALUE_LENGTH=32
STM32_WPAN.SERVICE1_LONG_NAME=p2pRouter
STM32_WPAN.SERVICE1_NUMBER_OF_CHARACTERISTICS=3
STM32_WPAN.SERVICE1_SHORT_NAME=p2pR
STM32_WPAN.SERVICE1_UUID=FE B0
STM32_WPAN.SNVMA_POLY_CRC16=1DB7
STM32_WPAN.STATIC_RANDOM_ADDRESS=0xABCDABCDABCD
STM32_WPAN0.BSP.STBoard=false
STM32_WPAN0.BSP.api=Unknown
STM32_WPAN0.BSP.component=
STM32_WPAN0.BSP.condition=((USART1 | USART2 | S_LPUART) & (Semaphore_ADV_TRACE_TIMESTAMP_ENABLE | CFG_DEBUG_APP_TRACE | CFG_DEBUG_TRACE_LIGHT | CFG_DEBUG_TRACE_FULL))
STM32_WPAN0.BSP.instance=USART1
STM32_WPAN0.BSP.ip=(LPU|US)ART
STM32_WPAN0.BSP.mode=Asynchronous
STM32_WPAN0.BSP.name=Serial Link for Traces
STM32_WPAN0.BSP.semaphore=
STM32_WPAN0.BSP.solution=USART1
USART1.FIFOMode=FIFOMODE_ENABLE
USART1.IPParameters=VirtualMode-Asynchronous,OverSampling,FIFOMode
USART1.OverSampling=UART_OVERSAMPLING_8
USART1.VirtualMode-Asynchronous=VM_ASYNC
VP_ADC4_TempSens_Input.Mode=IN-TempSens
VP_ADC4_TempSens_Input.Signal=ADC4_TempSens_Input
VP_ADV_TRACE_VS_ADV_TRACE.Mode=ADV_TRACE_Enabled
VP_ADV_TRACE_VS_ADV_TRACE.Signal=ADV_TRACE_VS_ADV_TRACE
VP_CRC_VS_CRC.Mode=CRC_Activate
VP_CRC_VS_CRC.Signal=CRC_VS_CRC
VP_GPDMA1_VS_GPDMACH0.Mode=SIMPLEREQUEST_GPDMACH0
VP_GPDMA1_VS_GPDMACH0.Signal=GPDMA1_VS_GPDMACH0
VP_GPDMA1_VS_GPDMACH1.Mode=SIMPLEREQUEST_GPDMACH1
VP_GPDMA1_VS_GPDMACH1.Signal=GPDMA1_VS_GPDMACH1
VP_ICACHE_VS_ICACHE.Mode=DirectMappedCache
VP_ICACHE_VS_ICACHE.Signal=ICACHE_VS_ICACHE
VP_MISC_VS_MISC.Mode=MISC_Enabled
VP_MISC_VS_MISC.Signal=MISC_VS_MISC
VP_PWR_VS_SECSignals.Mode=Security/Privilege
VP_PWR_VS_SECSignals.Signal=PWR_VS_SECSignals
VP_RAMCFG_VS_RAMCFG1.Mode=RAMCFG1_Activate
VP_RAMCFG_VS_RAMCFG1.Signal=RAMCFG_VS_RAMCFG1
VP_RF_VS_RF.Mode=RF_Activate
VP_RF_VS_RF.Signal=RF_VS_RF
VP_RNG_VS_RNG.Mode=RNG_Activate
VP_RNG_VS_RNG.Signal=RNG_VS_RNG
VP_RTC_VS_RTC_Activate.Mode=RTC_Enabled
VP_RTC_VS_RTC_Activate.Signal=RTC_VS_RTC_Activate
VP_RTC_VS_RTC_Alarm_A_Intern.Mode=Alarm A
VP_RTC_VS_RTC_Alarm_A_Intern.Signal=RTC_VS_RTC_Alarm_A_Intern
VP_RTC_VS_RTC_Calendar.Mode=RTC_Calendar
VP_RTC_VS_RTC_Calendar.Signal=RTC_VS_RTC_Calendar
VP_SEQUENCER_VS_SEQUENCER.Mode=SEQUENCER_Enabled
VP_SEQUENCER_VS_SEQUENCER.Signal=SEQUENCER_VS_SEQUENCER
VP_STM32_WPAN_VS_BLE_HOST_RP.Mode=STM32_WPAN_Enabled_Router
VP_STM32_WPAN_VS_BLE_HOST_RP.Signal=STM32_WPAN_VS_BLE_HOST_RP
VP_SYS_VS_Systick.Mode=SysTick
VP_SYS_VS_Systick.Signal=SYS_VS_Systick
VP_TIMER_VS_TIMER.Mode=TIMER_Enabled
VP_TIMER_VS_TIMER.Signal=TIMER_VS_TIMER
VP_TINY_LPM_VS_TINY_LPM.Mode=TINY_LPM_Enabled
VP_TINY_LPM_VS_TINY_LPM.Signal=TINY_LPM_VS_TINY_LPM
board=custom
ProjectManager.Example=BLE_p2pRouter
ProjectManager.ExampleSource=CubeFw
