#MicroXplorer Configuration settings - do not modify
CAD.formats=
CAD.pinconfig=
CAD.provider=
CORTEX_M33_NS.userName=CORTEX_M33
File.Version=6
GPIO.groupedBy=Group By Peripherals
KeepUserPlacement=false
Mcu.CPN=STM32WBA65RIV7
Mcu.ContextProject=TrustZoneDisabled
Mcu.Family=STM32WBA
Mcu.IP0=CORTEX_M33_NS
Mcu.IP1=ICACHE
Mcu.IP2=NVIC
Mcu.IP3=PWR
Mcu.IP4=RCC
Mcu.IP5=SYS
Mcu.IP6=USBX
Mcu.IP7=USB_OTG_HS
Mcu.IPNb=8
Mcu.Name=STM32WBA65RIVx
Mcu.Package=VFQFPN68_SMPS_USB
Mcu.Pin0=PD7
Mcu.Pin1=PD6
Mcu.Pin10=VP_USBX_UX Device CoreStack_HS
Mcu.Pin11=VP_USBX_UX Device Controller_HS
Mcu.Pin12=VP_USBX_UX Device HID_CORE_HS
Mcu.Pin13=VP_USBX_UX Device HID_MOUSE_HS
Mcu.Pin2=PC13
Mcu.Pin3=OSC_OUT
Mcu.Pin4=OSC_IN
Mcu.Pin5=VP_CORTEX_M33_NS_VS_Hclk
Mcu.Pin6=VP_ICACHE_VS_ICACHE
Mcu.Pin7=VP_PWR_VS_SECSignals
Mcu.Pin8=VP_SYS_VS_Systick
Mcu.Pin9=VP_USBX_Core_System
Mcu.PinsNb=14
Mcu.ThirdPartyNb=0
Mcu.UserConstants=
Mcu.UserName=STM32WBA65RIVx
MxCube.Version=6.16.0
MxDb.Version=DB.6.0.160
NVIC.BusFault_IRQn=true\:0\:0\:false\:false\:true\:false\:false\:false
NVIC.DebugMonitor_IRQn=true\:0\:0\:false\:false\:true\:false\:false\:false
NVIC.EXTI13_IRQn=true\:7\:0\:true\:false\:true\:true\:true\:true
NVIC.ForceEnableDMAVector=true
NVIC.HardFault_IRQn=true\:0\:0\:false\:false\:true\:false\:false\:false
NVIC.MemoryManagement_IRQn=true\:0\:0\:false\:false\:true\:false\:false\:false
NVIC.NonMaskableInt_IRQn=true\:0\:0\:false\:false\:true\:false\:false\:false
NVIC.PendSV_IRQn=true\:0\:0\:false\:false\:true\:false\:false\:false
NVIC.PriorityGroup=NVIC_PRIORITYGROUP_4
NVIC.SVCall_IRQn=true\:0\:0\:false\:false\:true\:false\:false\:false
NVIC.SysTick_IRQn=true\:14\:0\:false\:false\:true\:false\:true\:false
NVIC.USB_OTG_HS_IRQn=true\:6\:0\:true\:false\:true\:true\:true\:true
NVIC.UsageFault_IRQn=true\:0\:0\:false\:false\:true\:false\:false\:false
OSC_IN.GPIOParameters=PinAttribute
OSC_IN.Mode=HSE-External-Oscillator
OSC_IN.PinAttribute=CortexM33
OSC_IN.Signal=RCC_OSC_IN
OSC_OUT.GPIOParameters=PinAttribute
OSC_OUT.Mode=HSE-External-Oscillator
OSC_OUT.PinAttribute=CortexM33
OSC_OUT.Signal=RCC_OSC_OUT
PC13.GPIOParameters=GPIO_PuPd,GPIO_Label,PinAttribute
PC13.GPIO_Label=BUTTON_USER
PC13.GPIO_PuPd=GPIO_PULLUP
PC13.Locked=true
PC13.PinAttribute=Free
PC13.Signal=GPXTI13
PD6.GPIOParameters=PinAttribute
PD6.Mode=Internal_Phy_Device
PD6.PinAttribute=CortexM33
PD6.Signal=USB_OTG_HS_DP
PD7.GPIOParameters=PinAttribute
PD7.Locked=true
PD7.Mode=Internal_Phy_Device
PD7.PinAttribute=CortexM33
PD7.Signal=USB_OTG_HS_DM
PinOutPanel.RotationAngle=0
ProjectManager.AskForMigrate=true
ProjectManager.BackupPrevious=false
ProjectManager.CompilerLinker=GCC
ProjectManager.CompilerOptimize=6
ProjectManager.ComputerToolchain=false
ProjectManager.CoupleFile=false
ProjectManager.DeletePrevious=true
ProjectManager.DeviceId=STM32WBA65RIVx
ProjectManager.FreePins=false
ProjectManager.FreePinsContext=
ProjectManager.HalAssertFull=false
ProjectManager.HeapSize=0x200
ProjectManager.KeepUserCode=true
ProjectManager.LastFirmware=true
ProjectManager.LibraryCopy=2
ProjectManager.MainLocation=Core/Src
ProjectManager.NoMain=false
ProjectManager.PreviousToolchain=
ProjectManager.ProjectBuild=false
ProjectManager.ProjectFileName=Ux_Device_HID_Standalone.ioc
ProjectManager.ProjectName=Ux_Device_HID_Standalone
ProjectManager.ProjectStructure=
ProjectManager.RegisterCallBack=
ProjectManager.StackSize=0x400
ProjectManager.TargetToolchain=EWARM V9.60
ProjectManager.ToolChainLocation=
ProjectManager.UAScriptAfterPath=
ProjectManager.UAScriptBeforePath=
ProjectManager.UnderRoot=false
ProjectManager.functionlistsort=1-SystemClock_Config-RCC-false-HAL-true,2-MX_GPIO_Init-GPIO-false-HAL-true,3-SystemPower_Config-PWR-false-HAL-true,4-MX_ICACHE_Init-ICACHE-false-HAL-true,5-MX_USB_OTG_HS_PCD_Init-USB_OTG_HS-false-HAL-false,6-MX_USBX_Init-USBX-false-HAL-false,0-MX_CORTEX_M33_NS_Init-CORTEX_M33_NS-false-HAL-true
RCC.ADCFreq_Value=100000000
RCC.AHB4Freq_Value=100000000
RCC.AHB5CLKDivider=DIV4
RCC.AHB5Freq_Value=25000000
RCC.AHBFreq_Value=100000000
RCC.APB1Freq_Value=100000000
RCC.APB1TimFreq_Value=100000000
RCC.APB2Freq_Value=100000000
RCC.APB2TimFreq_Value=100000000
RCC.APB7Freq_Value=100000000
RCC.ASFreq_Value=100000000
RCC.CortexFreq_Value=12500000
RCC.FCLKCortexFreq_Value=100000000
RCC.HCLKFreq_Value=100000000
RCC.HSESYSFreq_VALUE=32000000
RCC.HSE_VALUE=32000000
RCC.HSI_VALUE=16000000
RCC.I2C1Freq_Value=100000000
RCC.I2C2Freq_Value=100000000
RCC.I2C3Freq_Value=100000000
RCC.I2C4Freq_Value=100000000
RCC.IPParameters=ADCFreq_Value,AHB4Freq_Value,AHB5CLKDivider,AHB5Freq_Value,AHBFreq_Value,APB1Freq_Value,APB1TimFreq_Value,APB2Freq_Value,APB2TimFreq_Value,APB7Freq_Value,ASFreq_Value,CortexFreq_Value,FCLKCortexFreq_Value,HCLKFreq_Value,HSESYSFreq_VALUE,HSE_VALUE,HSI_VALUE,I2C1Freq_Value,I2C2Freq_Value,I2C3Freq_Value,I2C4Freq_Value,LPTIM1Freq_Value,LPTIM2Freq_Value,LPUART1Freq_Value,LSCOPinFreq_Value,LSE_VALUE,LSI1_VALUE,LSI2_VALUE,MCO1PinFreq_Value,PLLFRACN,PLLM,PLLN,PLLPoutputFreq_Value,PLLQoutputFreq_Value,PLLRCLKFreq_Value,PLLSourceVirtual,RNGFreq_Value,RSTFreq_Value,RSTRFFreq_Value,SAESFreq_Value,SAI1Freq_Value,SPI1Freq_Value,SPI2Freq_Value,SPI3Freq_Value,SYSCLKFreq_VALUE,SYSCLKSourceVirtual,USART1Freq_Value,USART2Freq_Value,USART3Freq_Value,VCOInputFreq_Value,VCOOutputFreq_Value
RCC.LPTIM1Freq_Value=100000000
RCC.LPTIM2Freq_Value=100000000
RCC.LPUART1Freq_Value=100000000
RCC.LSCOPinFreq_Value=32000
RCC.LSE_VALUE=32768
RCC.LSI1_VALUE=32000
RCC.LSI2_VALUE=32000
RCC.MCO1PinFreq_Value=100000000
RCC.PLLFRACN=4096
RCC.PLLM=2
RCC.PLLN=12
RCC.PLLPoutputFreq_Value=100000000
RCC.PLLQoutputFreq_Value=100000000
RCC.PLLRCLKFreq_Value=100000000
RCC.PLLSourceVirtual=RCC_PLLSOURCE_HSE
RCC.RNGFreq_Value=16000000
RCC.RSTFreq_Value=32000
RCC.RSTRFFreq_Value=32000000
RCC.SAESFreq_Value=100000000
RCC.SAI1Freq_Value=16000000
RCC.SPI1Freq_Value=100000000
RCC.SPI2Freq_Value=100000000
RCC.SPI3Freq_Value=100000000
RCC.SYSCLKFreq_VALUE=100000000
RCC.SYSCLKSourceVirtual=RCC_SYSCLKSOURCE_PLLCLK
RCC.USART1Freq_Value=100000000
RCC.USART2Freq_Value=100000000
RCC.USART3Freq_Value=100000000
RCC.VCOInputFreq_Value=16000000
RCC.VCOOutputFreq_Value=200000000
SH.GPXTI13.0=GPIO_EXTI13
SH.GPXTI13.ConfNb=1
USBX.BSP.number=1
USBX.Core_System=1
USBX.IPParameters=Core_System,UX_ALIGN_MIN,UX_Device_CoreStack,UX_Device_Controller,UX_DEVICE_HID_CORE,UX_DEVICE_HID_MOUSE,UX_APP_MEM_POOL_SIZE_STANDALONE,UX_SLAVE_REQUEST_DATA_MAX_LENGTH,USBD_PRODUCT_STRING,USBD_SERIAL_NUMBER,MAX_POWER_IN_MILLI_AMPER,USBD_COMPOSITE_USE_IAD,USBX_SYS_SIZE,REG_USBX_DEVICE_CON_CK,UX_MAX_SLAVE_CLASS_DRIVER
USBX.MAX_POWER_IN_MILLI_AMPER=0
USBX.REG_USBX_DEVICE_CON_CK=0
USBX.USBD_COMPOSITE_USE_IAD=0
USBX.USBD_PRODUCT_STRING=STM32 HID Mouse Device
USBX.USBD_SERIAL_NUMBER=HID001
USBX.USBX_SYS_SIZE=1024 * 4
USBX.UX_ALIGN_MIN=UX_ALIGN_8
USBX.UX_APP_MEM_POOL_SIZE_STANDALONE=1024 * 4
USBX.UX_DEVICE_HID_CORE=1
USBX.UX_DEVICE_HID_MOUSE=1
USBX.UX_Device_Controller=1
USBX.UX_Device_CoreStack=1
USBX.UX_MAX_SLAVE_CLASS_DRIVER=1
USBX.UX_SLAVE_REQUEST_DATA_MAX_LENGTH=512
USBX0.BSP.STBoard=false
USBX0.BSP.api=Unknown
USBX0.BSP.component=
USBX0.BSP.condition=SEMAOoUSBOoOTGOoHSOoDEVICEOoFOROoUSBX
USBX0.BSP.instance=USB_OTG_HS
USBX0.BSP.ip=USB_OTG_HS
USBX0.BSP.mode=Device_Only
USBX0.BSP.name=USB_Device
USBX0.BSP.semaphore=
USBX0.BSP.solution=USB_OTG_HS
USB_OTG_HS.IPParameters=VirtualMode,RefClockSelection
USB_OTG_HS.RefClockSelection=SYSCFG_OTG_HS_PHY_CLK_SELECT_6
USB_OTG_HS.VirtualMode=Device_HS
VP_CORTEX_M33_NS_VS_Hclk.Mode=Hclk_Mode
VP_CORTEX_M33_NS_VS_Hclk.Signal=CORTEX_M33_NS_VS_Hclk
VP_ICACHE_VS_ICACHE.Mode=DirectMappedCache
VP_ICACHE_VS_ICACHE.Signal=ICACHE_VS_ICACHE
VP_PWR_VS_SECSignals.Mode=Security/Privilege
VP_PWR_VS_SECSignals.Signal=PWR_VS_SECSignals
VP_SYS_VS_Systick.Mode=SysTick
VP_SYS_VS_Systick.Signal=SYS_VS_Systick
VP_USBX_Core_System.Mode=Core_System
VP_USBX_Core_System.Signal=USBX_Core_System
VP_USBX_UX\ Device\ Controller_HS.Mode=UX_Device_Controller_HS
VP_USBX_UX\ Device\ Controller_HS.Signal=USBX_UX Device Controller_HS
VP_USBX_UX\ Device\ CoreStack_HS.Mode=UX_Device_CoreStack_HS
VP_USBX_UX\ Device\ CoreStack_HS.Signal=USBX_UX Device CoreStack_HS
VP_USBX_UX\ Device\ HID_CORE_HS.Mode=UX_Device_class_HID_CORE_HS
VP_USBX_UX\ Device\ HID_CORE_HS.Signal=USBX_UX Device HID_CORE_HS
VP_USBX_UX\ Device\ HID_MOUSE_HS.Mode=UX_Device_class_HID_MOUSE_HS
VP_USBX_UX\ Device\ HID_MOUSE_HS.Signal=USBX_UX Device HID_MOUSE_HS
board=custom
ProjectManager.Example=Ux_Device_HID_Standalone
ProjectManager.ExampleSource=CubeFw
