#MicroXplorer Configuration settings - do not modify
ADC4.Channel-0\#ChannelRegularConversion=ADC_CHANNEL_TEMPSENSOR
ADC4.IPParameters=Rank-0\#ChannelRegularConversion,Channel-0\#ChannelRegularConversion,SelectedChannel,SamplingTime-0\#ChannelRegularConversion,NbrOfConversionFlag
ADC4.NbrOfConversionFlag=1
ADC4.Rank-0\#ChannelRegularConversion=1
ADC4.SamplingTime-0\#ChannelRegularConversion=ADC_SAMPLINGTIME_COMMON_1
ADC4.SelectedChannel=ADC_CHANNEL_TEMPSENSOR
CAD.formats=
CAD.pinconfig=
CAD.provider=
CORTEX_M33_NS.userName=CORTEX_M33
File.Version=6
GPDMA1.DESTINC_GPDMACH0=DMA_DINC_FIXED
GPDMA1.DESTINC_GPDMACH1=DMA_DINC_INCREMENTED
GPDMA1.DIRECTION_GPDMACH0=DMA_MEMORY_TO_PERIPH
GPDMA1.IPHANDLE_GPDMACH0-SIMPLEREQUEST_GPDMACH0=__NULL
GPDMA1.IPHANDLE_GPDMACH1-SIMPLEREQUEST_GPDMACH1=__NULL
GPDMA1.IPParameters=REQUEST_GPDMACH0,DESTINC_GPDMACH0,DIRECTION_GPDMACH0,SRCINC_GPDMACH0,IPHANDLE_GPDMACH0-SIMPLEREQUEST_GPDMACH0,IPHANDLE_GPDMACH1-SIMPLEREQUEST_GPDMACH1,REQUEST_GPDMACH1,DESTINC_GPDMACH1
GPDMA1.REQUEST_GPDMACH0=GPDMA1_REQUEST_USART1_TX
GPDMA1.REQUEST_GPDMACH1=GPDMA1_REQUEST_USART1_RX
GPDMA1.SRCINC_GPDMACH0=DMA_SINC_INCREMENTED
GPIO.groupedBy=Group By Peripherals
I2C1.IPParameters=Timing
I2C1.Timing=0x00303D5B
KeepUserPlacement=false
MMTAppRegionsCount=0
MMTConfigApplied=false
MMTSectionSuffix=
Mcu.CPN=STM32WBA65RIV7
Mcu.ContextProject=TrustZoneDisabled
Mcu.Family=STM32WBA
Mcu.IP0=ADC4
Mcu.IP1=ADV_TRACE
Mcu.IP10=MISC
Mcu.IP11=NVIC
Mcu.IP12=PWR
Mcu.IP13=RAMCFG
Mcu.IP14=RCC
Mcu.IP15=RF
Mcu.IP16=RNG
Mcu.IP17=RTC
Mcu.IP18=SEQUENCER
Mcu.IP19=SPI3
Mcu.IP2=COMMON_WPAN
Mcu.IP20=STM32_WPAN
Mcu.IP21=SYS
Mcu.IP22=TIM16
Mcu.IP23=TIMER
Mcu.IP24=TINY_LPM
Mcu.IP25=USART1
Mcu.IP3=CORTEX_M33_NS
Mcu.IP4=CRC
Mcu.IP5=DEBUG
Mcu.IP6=GPDMA1
Mcu.IP7=I2C1
Mcu.IP8=ICACHE
Mcu.IP9=MEMORYMAP
Mcu.IPNb=26
Mcu.Name=STM32WBA65RIVx
Mcu.Package=VFQFPN68_SMPS_USB
Mcu.Pin0=PB12
Mcu.Pin1=PA8
Mcu.Pin10=PA14(JTCK/SWCLK)
Mcu.Pin11=PA13(JTMS/SWDIO)
Mcu.Pin12=PB2
Mcu.Pin13=PB1
Mcu.Pin14=OSC_OUT
Mcu.Pin15=OSC_IN
Mcu.Pin16=VP_ADC4_TempSens_Input
Mcu.Pin17=VP_ADV_TRACE_VS_ADV_TRACE
Mcu.Pin18=VP_COMMON_WPAN_VS_Utility_Common_1.0.0_1.0.0
Mcu.Pin19=VP_CORTEX_M33_NS_VS_Ext
Mcu.Pin2=PA3
Mcu.Pin20=VP_CRC_VS_CRC
Mcu.Pin21=VP_GPDMA1_VS_GPDMACH0
Mcu.Pin22=VP_GPDMA1_VS_GPDMACH1
Mcu.Pin23=VP_ICACHE_VS_ICACHE
Mcu.Pin24=VP_MISC_VS_MISC
Mcu.Pin25=VP_PWR_VS_SECSignals
Mcu.Pin26=VP_RAMCFG_VS_RAMCFG1
Mcu.Pin27=VP_RF_VS_RF
Mcu.Pin28=VP_RNG_VS_RNG
Mcu.Pin29=VP_RTC_VS_RTC_Activate
Mcu.Pin3=PA0
Mcu.Pin30=VP_RTC_VS_RTC_Calendar
Mcu.Pin31=VP_RTC_VS_RTC_Alarm_A_Intern
Mcu.Pin32=VP_SEQUENCER_VS_SEQUENCER
Mcu.Pin33=VP_STM32_WPAN_VS_ZIGBEE
Mcu.Pin34=VP_SYS_VS_Systick
Mcu.Pin35=VP_TIM16_VS_ClockSourceINT
Mcu.Pin36=VP_TIM16_VS_OPM
Mcu.Pin37=VP_TIMER_VS_TIMER
Mcu.Pin38=VP_TINY_LPM_VS_TINY_LPM
Mcu.Pin39=VP_MEMORYMAP_VS_MEMORYMAP
Mcu.Pin4=PB8
Mcu.Pin5=PC15-OSC32_OUT
Mcu.Pin6=PC14-OSC32_IN
Mcu.Pin7=PE3
Mcu.Pin8=PE1
Mcu.Pin9=PE0
Mcu.PinsNb=40
Mcu.ThirdPartyNb=0
Mcu.UserConstants=
Mcu.UserName=STM32WBA65RIVx
MxCube.Version=6.17.0
MxDb.Version=DB.6.0.170
NVIC.BusFault_IRQn=true\:0\:0\:false\:false\:true\:false\:false\:false
NVIC.DebugMonitor_IRQn=true\:0\:0\:false\:false\:true\:false\:false\:false
NVIC.ForceEnableDMAVector=true
NVIC.GPDMA1_Channel0_IRQn=true\:6\:0\:true\:false\:true\:false\:true\:true
NVIC.GPDMA1_Channel1_IRQn=true\:5\:0\:true\:false\:true\:false\:true\:true
NVIC.HardFault_IRQn=true\:0\:0\:false\:false\:true\:false\:false\:false
NVIC.MemoryManagement_IRQn=true\:0\:0\:false\:false\:true\:false\:false\:false
NVIC.NonMaskableInt_IRQn=true\:0\:0\:false\:false\:true\:false\:false\:false
NVIC.PendSV_IRQn=true\:0\:0\:false\:false\:true\:false\:false\:false
NVIC.PriorityGroup=NVIC_PRIORITYGROUP_4
NVIC.RADIO_IRQn=true\:0\:0\:false\:false\:true\:false\:false\:true
NVIC.RCC_IRQn=true\:1\:0\:false\:false\:true\:false\:false\:true
NVIC.RTC_IRQn=true\:4\:0\:false\:false\:true\:false\:true\:true
NVIC.SVCall_IRQn=true\:0\:0\:false\:false\:true\:false\:false\:false
NVIC.SysTick_IRQn=true\:15\:0\:false\:false\:true\:false\:true\:false
NVIC.TIM16_IRQn=true\:1\:0\:false\:false\:true\:true\:true\:true
NVIC.USART1_IRQn=true\:7\:0\:true\:false\:true\:true\:true\:true
NVIC.UsageFault_IRQn=true\:0\:0\:false\:false\:true\:false\:false\:false
NVIC.WKUP_IRQn=true\:0\:0\:false\:false\:true\:true\:true\:true
OSC_IN.Locked=true
OSC_IN.Mode=HSE-External-Oscillator
OSC_IN.Signal=RCC_OSC_IN
OSC_OUT.Locked=true
OSC_OUT.Mode=HSE-External-Oscillator
OSC_OUT.Signal=RCC_OSC_OUT
PA0.Locked=true
PA0.Mode=Simplex_Bidirectional_Master
PA0.Signal=SPI3_SCK
PA13(JTMS/SWDIO).Locked=true
PA13(JTMS/SWDIO).Mode=Serial_Wire
PA13(JTMS/SWDIO).Signal=DEBUG_JTMS-SWDIO
PA14(JTCK/SWCLK).Locked=true
PA14(JTCK/SWCLK).Mode=Serial_Wire
PA14(JTCK/SWCLK).Signal=DEBUG_JTCK-SWCLK
PA3.Locked=true
PA8.GPIOParameters=GPIO_Speed,GPIO_PuPd
PA8.GPIO_PuPd=GPIO_NOPULL
PA8.GPIO_Speed=GPIO_SPEED_FREQ_HIGH
PA8.Locked=true
PA8.Mode=Asynchronous
PA8.Signal=USART1_RX
PB1.Locked=true
PB1.Mode=I2C
PB1.Signal=I2C1_SDA
PB12.GPIOParameters=GPIO_Speed,GPIO_PuPd
PB12.GPIO_PuPd=GPIO_NOPULL
PB12.GPIO_Speed=GPIO_SPEED_FREQ_HIGH
PB12.Locked=true
PB12.Mode=Asynchronous
PB12.Signal=USART1_TX
PB2.Locked=true
PB2.Mode=I2C
PB2.Signal=I2C1_SCL
PB8.Locked=true
PB8.Mode=Simplex_Bidirectional_Master
PB8.Signal=SPI3_MOSI
PC14-OSC32_IN.Locked=true
PC14-OSC32_IN.Mode=LSE-External-Oscillator
PC14-OSC32_IN.Signal=RCC_OSC32_IN
PC15-OSC32_OUT.Locked=true
PC15-OSC32_OUT.Mode=LSE-External-Oscillator
PC15-OSC32_OUT.Signal=RCC_OSC32_OUT
PE0.Locked=true
PE1.Locked=true
PE3.Locked=true
PinOutPanel.RotationAngle=0
ProjectManager.AskForMigrate=true
ProjectManager.BackupPrevious=false
ProjectManager.CompilerLinker=GCC
ProjectManager.CompilerOptimize=6
ProjectManager.ComputerToolchain=false
ProjectManager.CoupleFile=false
ProjectManager.DeletePrevious=true
ProjectManager.DeviceId=STM32WBA65RIVx
ProjectManager.FreePins=false
ProjectManager.FreePinsContext=
ProjectManager.HalAssertFull=false
ProjectManager.HeapSize=0x10000
ProjectManager.KeepUserCode=true
ProjectManager.LastFirmware=true
ProjectManager.LibraryCopy=2
ProjectManager.MainLocation=Core/Src
ProjectManager.NoMain=false
ProjectManager.PreviousToolchain=
ProjectManager.ProjectBuild=false
ProjectManager.ProjectFileName=Zigbee_OnOff_Server_Coord.ioc
ProjectManager.ProjectName=Zigbee_OnOff_Server_Coord
ProjectManager.ProjectStructure=
ProjectManager.RegisterCallBack=UART
ProjectManager.StackSize=0x1000
ProjectManager.TargetToolchain=EWARM V9.60
ProjectManager.ToolChainLocation=
ProjectManager.UAScriptAfterPath=
ProjectManager.UAScriptBeforePath=
ProjectManager.UnderRoot=false
ProjectManager.functionlistsort=1-SystemClock_Config-RCC-false-HAL-false,2-MX_GPIO_Init-GPIO-false-HAL-false,3-SystemPower_Config-PWR-false-HAL-true,4-MX_GPDMA1_Init-GPDMA1-false-HAL-true,5-MX_ICACHE_Init-ICACHE-false-LL-false,6-MX_RAMCFG_Init-RAMCFG-false-HAL-false,7-MX_RTC_Init-RTC-false-HAL-false,8-MX_USART1_UART_Init-USART1-true-HAL-false,false-9-MX_RNG_Init-RNG-true-HAL-true,false-10-MX_CRC_Init-CRC-false-HAL-true,11-APPE_Init-STM32_WPAN-false-HAL-false,false-12-MX_TIM16_Init-TIM16-true-LL-true,false-13-MX_I2C1_Init-I2C1-true-HAL-true,false-14-MX_SPI3_Init-SPI3-true-HAL-true,false-15-MX_ADC4_Init-ADC4-true-HAL-true,0-MX_CORTEX_M33_NS_Init-CORTEX_M33_NS-false-HAL-true
RAMCFG.IPParameters=Instance-RAMCFG1_Activate
RAMCFG.Instance-RAMCFG1_Activate=RAMCFG_SRAM1
RCC.ADCFreq_Value=32000000
RCC.AHB4Freq_Value=32000000
RCC.AHB5Freq_Value=32000000
RCC.AHBCLKDivider=RCC_SYSCLK_DIV1
RCC.AHBFreq_Value=32000000
RCC.APB1Freq_Value=32000000
RCC.APB1TimFreq_Value=32000000
RCC.APB2CLKDivider=RCC_HCLK_DIV2
RCC.APB2Freq_Value=16000000
RCC.APB2TimFreq_Value=32000000
RCC.APB7Freq_Value=32000000
RCC.ASFreq_Value=100000000
RCC.CortexCLockSelectionVirtual=RCC_SYSTICKCLKSOURCE_LSE
RCC.CortexFreq_Value=32768
RCC.FCLKCortexFreq_Value=32000000
RCC.HCLKFreq_Value=32000000
RCC.HSESYSFreq_VALUE=32000000
RCC.HSE_VALUE=32000000
RCC.HSI_VALUE=16000000
RCC.I2C1CLockSelection=RCC_I2C1CLKSOURCE_HSI
RCC.I2C1Freq_Value=16000000
RCC.I2C2CLockSelection=RCC_I2C2CLKSOURCE_HSI
RCC.I2C2Freq_Value=16000000
RCC.I2C3CLockSelection=RCC_I2C3CLKSOURCE_HSI
RCC.I2C3Freq_Value=16000000
RCC.I2C4CLockSelection=RCC_I2C4CLKSOURCE_HSI
RCC.I2C4Freq_Value=16000000
RCC.IPParameters=ADCFreq_Value,AHB4Freq_Value,AHB5Freq_Value,AHBCLKDivider,AHBFreq_Value,APB1Freq_Value,APB1TimFreq_Value,APB2CLKDivider,APB2Freq_Value,APB2TimFreq_Value,APB7Freq_Value,ASFreq_Value,CortexCLockSelectionVirtual,CortexFreq_Value,FCLKCortexFreq_Value,HCLKFreq_Value,HSESYSFreq_VALUE,HSE_VALUE,HSI_VALUE,I2C1CLockSelection,I2C1Freq_Value,I2C2CLockSelection,I2C2Freq_Value,I2C3CLockSelection,I2C3Freq_Value,I2C4CLockSelection,I2C4Freq_Value,LPTIM1Freq_Value,LPTIM2Freq_Value,LPUART1CLockSelectionVirtual,LPUART1Freq_Value,LSCOPinFreq_Value,LSI1_VALUE,LSI2_VALUE,MCO1PinFreq_Value,PLLFRACN,PLLM,PLLN,PLLPoutputFreq_Value,PLLQoutputFreq_Value,PLLRCLKFreq_Value,PLLSourceVirtual,RNGFreq_Value,RSTClockSelectionVirtual,RSTFreq_Value,RSTRFFreq_Value,RTCClockSelection,RTCFreq_Value,SAESFreq_Value,SAI1Freq_Value,SPI1CLockSelection,SPI1Freq_Value,SPI2Freq_Value,SPI3CLockSelection,SPI3Freq_Value,SYSCLKFreq_VALUE,SYSCLKSourceVirtual,SupplySource,USART1CLockSelectionVirtual,USART1Freq_Value,USART2CLockSelectionVirtual,USART2Freq_Value,USART3CLockSelection,USART3Freq_Value,VCOInputFreq_Value,VCOOutputFreq_Value
RCC.LPTIM1Freq_Value=32000000
RCC.LPTIM2Freq_Value=32000000
RCC.LPUART1CLockSelectionVirtual=RCC_LPUART1CLKSOURCE_HSI
RCC.LPUART1Freq_Value=16000000
RCC.LSCOPinFreq_Value=32000
RCC.LSI1_VALUE=32000
RCC.LSI2_VALUE=32000
RCC.MCO1PinFreq_Value=32000000
RCC.PLLFRACN=4096
RCC.PLLM=2
RCC.PLLN=12
RCC.PLLPoutputFreq_Value=100000000
RCC.PLLQoutputFreq_Value=100000000
RCC.PLLRCLKFreq_Value=100000000
RCC.PLLSourceVirtual=RCC_PLLSOURCE_HSE
RCC.RNGFreq_Value=16000000
RCC.RSTClockSelectionVirtual=RCC_RADIOSTCLKSOURCE_LSE
RCC.RSTFreq_Value=32768
RCC.RSTRFFreq_Value=32000000
RCC.RTCClockSelection=RCC_RTCCLKSOURCE_LSE
RCC.RTCFreq_Value=32768
RCC.SAESFreq_Value=32000000
RCC.SAI1Freq_Value=16000000
RCC.SPI1CLockSelection=RCC_SPI1CLKSOURCE_HSI
RCC.SPI1Freq_Value=16000000
RCC.SPI2Freq_Value=32000000
RCC.SPI3CLockSelection=RCC_SPI3CLKSOURCE_HSI
RCC.SPI3Freq_Value=16000000
RCC.SYSCLKFreq_VALUE=32000000
RCC.SYSCLKSourceVirtual=RCC_SYSCLKSOURCE_HSE
RCC.SupplySource=PWR_SMPS_SUPPLY
RCC.USART1CLockSelectionVirtual=RCC_USART1CLKSOURCE_HSI
RCC.USART1Freq_Value=16000000
RCC.USART2CLockSelectionVirtual=RCC_USART2CLKSOURCE_HSI
RCC.USART2Freq_Value=16000000
RCC.USART3CLockSelection=RCC_USART3CLKSOURCE_HSI
RCC.USART3Freq_Value=16000000
RCC.VCOInputFreq_Value=16000000
RCC.VCOOutputFreq_Value=200000000
RTC.Alarm-Alarm\ A=RTC_ALARM_A
RTC.IPParameters=Alarm-Alarm A
SPI3.CalculateBaudRate=8.0 MBits/s
SPI3.Direction=SPI_DIRECTION_1LINE
SPI3.IPParameters=VirtualType,Mode,Direction,CalculateBaudRate
SPI3.Mode=SPI_MODE_MASTER
SPI3.VirtualType=VM_MASTER
STM32_WPAN.BSP.number=1
STM32_WPAN.CFG_LOG_INSERT_COLOR_INSIDE_THE_TRACE=1
STM32_WPAN.CFG_LOG_INSERT_EOL_INSIDE_THE_TRACE=1
STM32_WPAN.CFG_LOG_SUPPORTED=1
STM32_WPAN.CFG_LPM_ENHANCED=1
STM32_WPAN.CFG_LPM_LEVEL=0
STM32_WPAN.CFG_LSCLK_LSE=0
STM32_WPAN.CFG_MM_TYPE=0
STM32_WPAN.ENDPOINT1_ID_ZGB=17
STM32_WPAN.IPParameters=ZGB_NB_ENDPOINTS,CFG_LOG_SUPPORTED,CFG_MM_TYPE,ZCL_ONOFF_ENDPOINT1,ZGB_DEVICE_ROLE,CFG_LPM_LEVEL,CFG_LOG_INSERT_COLOR_INSIDE_THE_TRACE,CFG_LOG_INSERT_EOL_INSIDE_THE_TRACE,RADIO_INTR_PRIO_LOW,ENDPOINT1_ID_ZGB,ZGB_ENDPOINT1_DEVICE_ID,ZGB_ENDPOINT1_GROUP_ADDRESS_ACTIVATION,ZGB_CHANNEL,ZGB_ENDPOINT1_GROUP_ADDRESS,CFG_LPM_ENHANCED,CFG_LSCLK_LSE
STM32_WPAN.RADIO_INTR_PRIO_LOW=5
STM32_WPAN.ZCL_ONOFF_ENDPOINT1=SERVER
STM32_WPAN.ZGB_CHANNEL=14
STM32_WPAN.ZGB_DEVICE_ROLE=COORDINATOR
STM32_WPAN.ZGB_ENDPOINT1_DEVICE_ID=ZCL_DEVICE_ONOFF_LIGHT
STM32_WPAN.ZGB_ENDPOINT1_GROUP_ADDRESS=0001
STM32_WPAN.ZGB_ENDPOINT1_GROUP_ADDRESS_ACTIVATION=1
STM32_WPAN.ZGB_NB_ENDPOINTS=1
STM32_WPAN0.BSP.STBoard=false
STM32_WPAN0.BSP.api=Unknown
STM32_WPAN0.BSP.component=
STM32_WPAN0.BSP.condition=\!(S_BLE_TM | S_BLE_HOST_SIMPLE)
STM32_WPAN0.BSP.instance=USART1
STM32_WPAN0.BSP.ip=(LPU|US)ART
STM32_WPAN0.BSP.mode=Single Wire \\(Half-Duplex\\)|Asynchronous
STM32_WPAN0.BSP.name=Serial Link for Logs
STM32_WPAN0.BSP.semaphore=
STM32_WPAN0.BSP.solution=USART1
USART1.FIFOMode=FIFOMODE_ENABLE
USART1.IPParameters=VirtualMode-Asynchronous,OverSampling,FIFOMode
USART1.OverSampling=UART_OVERSAMPLING_8
USART1.VirtualMode-Asynchronous=VM_ASYNC
VP_ADC4_TempSens_Input.Mode=IN-TempSens
VP_ADC4_TempSens_Input.Signal=ADC4_TempSens_Input
VP_ADV_TRACE_VS_ADV_TRACE.Mode=ADV_TRACE_Enabled
VP_ADV_TRACE_VS_ADV_TRACE.Signal=ADV_TRACE_VS_ADV_TRACE
VP_COMMON_WPAN_VS_Utility_Common_1.0.0_1.0.0.Mode=Utility_Common
VP_COMMON_WPAN_VS_Utility_Common_1.0.0_1.0.0.Signal=COMMON_WPAN_VS_Utility_Common_1.0.0_1.0.0
VP_CORTEX_M33_NS_VS_Ext.Mode=External_Mode
VP_CORTEX_M33_NS_VS_Ext.Signal=CORTEX_M33_NS_VS_Ext
VP_CRC_VS_CRC.Mode=CRC_Activate
VP_CRC_VS_CRC.Signal=CRC_VS_CRC
VP_GPDMA1_VS_GPDMACH0.Mode=SIMPLEREQUEST_GPDMACH0
VP_GPDMA1_VS_GPDMACH0.Signal=GPDMA1_VS_GPDMACH0
VP_GPDMA1_VS_GPDMACH1.Mode=SIMPLEREQUEST_GPDMACH1
VP_GPDMA1_VS_GPDMACH1.Signal=GPDMA1_VS_GPDMACH1
VP_ICACHE_VS_ICACHE.Mode=DirectMappedCache
VP_ICACHE_VS_ICACHE.Signal=ICACHE_VS_ICACHE
VP_MEMORYMAP_VS_MEMORYMAP.Mode=CurAppReg
VP_MEMORYMAP_VS_MEMORYMAP.Signal=MEMORYMAP_VS_MEMORYMAP
VP_MISC_VS_MISC.Mode=MISC_Enabled
VP_MISC_VS_MISC.Signal=MISC_VS_MISC
VP_PWR_VS_SECSignals.Mode=Security/Privilege
VP_PWR_VS_SECSignals.Signal=PWR_VS_SECSignals
VP_RAMCFG_VS_RAMCFG1.Mode=RAMCFG1_Activate
VP_RAMCFG_VS_RAMCFG1.Signal=RAMCFG_VS_RAMCFG1
VP_RF_VS_RF.Mode=RF_Activate
VP_RF_VS_RF.Signal=RF_VS_RF
VP_RNG_VS_RNG.Mode=RNG_Activate
VP_RNG_VS_RNG.Signal=RNG_VS_RNG
VP_RTC_VS_RTC_Activate.Mode=RTC_Enabled
VP_RTC_VS_RTC_Activate.Signal=RTC_VS_RTC_Activate
VP_RTC_VS_RTC_Alarm_A_Intern.Mode=Alarm A
VP_RTC_VS_RTC_Alarm_A_Intern.Signal=RTC_VS_RTC_Alarm_A_Intern
VP_RTC_VS_RTC_Calendar.Mode=RTC_Calendar
VP_RTC_VS_RTC_Calendar.Signal=RTC_VS_RTC_Calendar
VP_SEQUENCER_VS_SEQUENCER.Mode=SEQUENCER_Enabled
VP_SEQUENCER_VS_SEQUENCER.Signal=SEQUENCER_VS_SEQUENCER
VP_STM32_WPAN_VS_ZIGBEE.Mode=ZIGBEE_ENDPOINT
VP_STM32_WPAN_VS_ZIGBEE.Signal=STM32_WPAN_VS_ZIGBEE
VP_SYS_VS_Systick.Mode=SysTick
VP_SYS_VS_Systick.Signal=SYS_VS_Systick
VP_TIM16_VS_ClockSourceINT.Mode=Enable_Timer
VP_TIM16_VS_ClockSourceINT.Signal=TIM16_VS_ClockSourceINT
VP_TIM16_VS_OPM.Mode=OPM_bit
VP_TIM16_VS_OPM.Signal=TIM16_VS_OPM
VP_TIMER_VS_TIMER.Mode=TIMER_Enabled
VP_TIMER_VS_TIMER.Signal=TIMER_VS_TIMER
VP_TINY_LPM_VS_TINY_LPM.Mode=TINY_LPM_Enabled
VP_TINY_LPM_VS_TINY_LPM.Signal=TINY_LPM_VS_TINY_LPM
board=STM32WBA65I-DK1
boardIOC=true
ProjectManager.Example=Zigbee_OnOff_Server_Coord
ProjectManager.ExampleSource=CubeFw
