#MicroXplorer Configuration settings - do not modify
ADC4.Channel-0\#ChannelRegularConversion=ADC_CHANNEL_TEMPSENSOR
ADC4.IPParameters=Rank-0\#ChannelRegularConversion,Channel-0\#ChannelRegularConversion,SamplingTime-0\#ChannelRegularConversion,NbrOfConversionFlag,Overrun,SamplingTimeCommon1,SelectedChannel
ADC4.NbrOfConversionFlag=1
ADC4.Overrun=ADC_OVR_DATA_OVERWRITTEN
ADC4.Rank-0\#ChannelRegularConversion=1
ADC4.SamplingTime-0\#ChannelRegularConversion=ADC_SAMPLINGTIME_COMMON_1
ADC4.SamplingTimeCommon1=ADC_SAMPLETIME_814CYCLES_5
ADC4.SelectedChannel=ADC_CHANNEL_TEMPSENSOR
CAD.formats=
CAD.pinconfig=
CAD.provider=
CORTEX_M33_NS.AccessPermission-Cortex_Memory_Protection_Unit_Region0_Settings=MPU_REGION_ALL_RO
CORTEX_M33_NS.AllocateAttribute0=MPU_R_ALLOCATE
CORTEX_M33_NS.Attributes0=MPU_ATTRIBUTES_NUMBER0
CORTEX_M33_NS.AttributesIndex-Cortex_Memory_Protection_Unit_Region1_Settings=MPU_ATTRIBUTES_NUMBER1
CORTEX_M33_NS.BaseAddress-Cortex_Memory_Protection_Unit_Region0_Settings=0x08100000
CORTEX_M33_NS.Enable-Cortex_Memory_Protection_Unit_Region0_Settings=MPU_REGION_ENABLE
CORTEX_M33_NS.IPParameters=MPU_Control,Enable-Cortex_Memory_Protection_Unit_Region0_Settings,BaseAddress-Cortex_Memory_Protection_Unit_Region0_Settings,LimitAddress-Cortex_Memory_Protection_Unit_Region0_Settings,AccessPermission-Cortex_Memory_Protection_Unit_Region0_Settings,Number-Cortex_Memory_Protection_Unit_Region1_Settings,Attributes0,Memorytype0,AllocateAttribute0,Memorytype1,AttributesIndex-Cortex_Memory_Protection_Unit_Region1_Settings,Number-Cortex_Memory_Protection_Unit_Region0_Settings
CORTEX_M33_NS.LimitAddress-Cortex_Memory_Protection_Unit_Region0_Settings=0x081FFFFF
CORTEX_M33_NS.MPU_Control=MPU_PRIVILEGED_DEFAULT
CORTEX_M33_NS.Memorytype0=MPU_CACHEABLE
CORTEX_M33_NS.Memorytype1=MPU_CACHEABLE
CORTEX_M33_NS.Number-Cortex_Memory_Protection_Unit_Region0_Settings=MPU_REGION_NUMBER0
CORTEX_M33_NS.Number-Cortex_Memory_Protection_Unit_Region1_Settings=MPU_REGION_NUMBER1
CORTEX_M33_NS.userName=CORTEX_M33
CORTEX_M33_S.AccessPermission-Cortex_Memory_Protection_Unit_Region0_Settings=MPU_REGION_ALL_RO
CORTEX_M33_S.AllocateAttribute0=MPU_R_ALLOCATE
CORTEX_M33_S.Attributes0=MPU_ATTRIBUTES_NUMBER0
CORTEX_M33_S.AttributesIndex-Cortex_Memory_Protection_Unit_Region1_Settings=MPU_ATTRIBUTES_NUMBER1
CORTEX_M33_S.AttributesIndex-Cortex_Memory_Protection_Unit_Region2_Settings=MPU_ATTRIBUTES_NUMBER1
CORTEX_M33_S.BaseAddress-Cortex_Memory_Protection_Unit_Region0_Settings=0x0C000000
CORTEX_M33_S.Enable-Cortex_Memory_Protection_Unit_Region0_Settings=MPU_REGION_ENABLE
CORTEX_M33_S.IPParameters=MPU_Control,Enable-Cortex_Memory_Protection_Unit_Region0_Settings,BaseAddress-Cortex_Memory_Protection_Unit_Region0_Settings,LimitAddress-Cortex_Memory_Protection_Unit_Region0_Settings,AccessPermission-Cortex_Memory_Protection_Unit_Region0_Settings,Number-Cortex_Memory_Protection_Unit_Region1_Settings,Attributes0,Memorytype0,AllocateAttribute0,Memorytype1,Number-Cortex_Memory_Protection_Unit_Region2_Settings,AttributesIndex-Cortex_Memory_Protection_Unit_Region2_Settings,AttributesIndex-Cortex_Memory_Protection_Unit_Region1_Settings,Number-Cortex_Memory_Protection_Unit_Region0_Settings
CORTEX_M33_S.LimitAddress-Cortex_Memory_Protection_Unit_Region0_Settings=0x0C0FFFFF
CORTEX_M33_S.MPU_Control=MPU_PRIVILEGED_DEFAULT
CORTEX_M33_S.Memorytype0=MPU_CACHEABLE
CORTEX_M33_S.Memorytype1=MPU_CACHEABLE
CORTEX_M33_S.Number-Cortex_Memory_Protection_Unit_Region0_Settings=MPU_REGION_NUMBER0
CORTEX_M33_S.Number-Cortex_Memory_Protection_Unit_Region1_Settings=MPU_REGION_NUMBER1
CORTEX_M33_S.Number-Cortex_Memory_Protection_Unit_Region2_Settings=MPU_REGION_NUMBER2
CRC.CRCLength=CRC_POLYLENGTH_16B
CRC.DefaultPolynomialUse=DEFAULT_POLYNOMIAL_DISABLE
CRC.GeneratingPolynomial=X12+X11+X10+X8+X7+X5+X4+X2+X1+X0
CRC.IPParameters=DefaultPolynomialUse,CRCLength,GeneratingPolynomial,InputDataFormat
CRC.InputDataFormat=CRC_INPUTDATA_FORMAT_WORDS
CortexM33NS.IPs=ADV_TRACE\:I,CORTEX_M33_NS\:I,FILEX\:I,GTZC_NS\:I,MISC\:I,PTA\:I,PWR,RCC,RF\:I,RTC,SEQUENCER\:I,STM32_WPAN\:I,SYS\:I,TAMP,THREADX\:I,TIMER\:I,TINY_LPM\:I,NVIC2\:I,ADC4\:I,CRC\:I,RAMCFG\:I,ICACHE\:I,RNG\:I,USART1\:I,DEBUG\:I,COMMON_WPAN\:I,TIM16\:I,LEVELX\:I,USBX\:I,NETXDUO\:I,AES\:I,PKA\:I,LPDMA1\:I
CortexM33S.IPs=CORTEX_M33_S\:I,GTZC_S\:I,LINKEDLIST\:I,PWR\:I,RCC\:I,RTC\:I,SAU\:I,SYS_S\:I,TAMP\:I,NVIC1\:I,FLASH\:I
FLASH.B1_Bank=FLASH_BANK_2
FLASH.B1_endPage=127
FLASH.B2_Bank=FLASH_BANK_2
FLASH.B2_endPage=127
FLASH.IPParameters=OB_Secure_Area1_active,B1_endPage,B2_endPage,B2_Bank,OB_Boot_Configuration_active_SEC0,B1_Bank
FLASH.OB_Boot_Configuration_active_SEC0=true
FLASH.OB_Secure_Area1_active=true
File.Version=6
GPIO.groupedBy=Group By Peripherals
GTZC_S.IPParameters=MPCBB3_SecConfig_array,MPCBB3_Area_Secure_Size,MPCBB2_Area_Choice,MPCBB1_Area_Choice,MPCBB6_Area_Choice,MPCBB6_Area_Secure_Size,MPCBB6_SecConfig_array,MPCBB6_Area_Privilege_Size,MPCBB6_PrivConfig_array,MPCBB1_Area_Secure_Start_Address,MPCBB1_Area_Privilege_Start_Address,MPCBB2_SecConfig_array,MPCBB2_PrivConfig_array,MPCBB1_SecConfig_array,MPCBB1_Area2_Privilege_Start,MPCBB1_Area2_Privilege_Size,MPCBB2_Area_Secure_Size,MPCBB2_Area_Privilege_Size,MPCBB1_Area_Secure_Size,MPCBB1_Area_Privilege_Size,MPCBB1_Area_Secure,MPCBB1_Area_Privilege,MPCBB2_Area_Privilege,MPCBB6_Area_Secure,MPCBB6_Area_Privilege,MPCBB1_PrivConfig_array
GTZC_S.MPCBB1_Area2_Privilege_Size=0x00000400
GTZC_S.MPCBB1_Area2_Privilege_Start=0x00040000
GTZC_S.MPCBB1_Area_Choice=from full Secured
GTZC_S.MPCBB1_Area_Privilege=GTZC_MPCBB_REGION_NPRIV
GTZC_S.MPCBB1_Area_Privilege_Size=0x10000
GTZC_S.MPCBB1_Area_Privilege_Start_Address=0x20000000
GTZC_S.MPCBB1_Area_Secure=GTZC_MPCBB_REGION_NSEC
GTZC_S.MPCBB1_Area_Secure_Size=0x10000
GTZC_S.MPCBB1_Area_Secure_Start_Address=0x20000000
GTZC_S.MPCBB1_PrivConfig_array=00000000\:00000000\:00000000\:00000000
GTZC_S.MPCBB1_SecConfig_array=00000000\:00000000\:00000000\:00000000
GTZC_S.MPCBB2_Area_Choice=from full Not Secured
GTZC_S.MPCBB2_Area_Privilege=GTZC_MPCBB_REGION_NPRIV
GTZC_S.MPCBB2_Area_Privilege_Size=0x8000
GTZC_S.MPCBB2_Area_Secure_Size=0x8000
GTZC_S.MPCBB2_PrivConfig_array=00000000\:00000000
GTZC_S.MPCBB2_SecConfig_array=FFFFFFFF\:FFFFFFFF
GTZC_S.MPCBB3_Area_Secure_Size=0x50000
GTZC_S.MPCBB3_SecConfig_array=00000000\:00000000\:00000000\:00000000\:00000000\:00000000\:00000000\:00000000\:00000000\:00000000\:00000000\:00000000\:00000000\:00000000\:00000000\:00000000\:00000000\:00000000\:00000000\:00000000
GTZC_S.MPCBB6_Area_Choice=from full Secured
GTZC_S.MPCBB6_Area_Privilege=GTZC_MPCBB_REGION_NPRIV
GTZC_S.MPCBB6_Area_Privilege_Size=0x00004000
GTZC_S.MPCBB6_Area_Secure=GTZC_MPCBB_REGION_NSEC
GTZC_S.MPCBB6_Area_Secure_Size=0x00004000
GTZC_S.MPCBB6_PrivConfig_array=00000000
GTZC_S.MPCBB6_SecConfig_array=00000000
KeepUserPlacement=false
LPDMA1.DESTINC_LPDMACH1=DMA_DINC_INCREMENTED
LPDMA1.DIRECTION_LPDMACH0=DMA_MEMORY_TO_PERIPH
LPDMA1.IPParameters=RECAP_LPDMACH0,REQUEST_LPDMACH0,DIRECTION_LPDMACH0,SRCINC_LPDMACH0,REQUEST_LPDMACH1,DESTINC_LPDMACH1
LPDMA1.RECAP_LPDMACH0=LPDMA1_REQUEST_USART1_TX
LPDMA1.REQUEST_LPDMACH0=LPDMA1_REQUEST_USART1_TX
LPDMA1.REQUEST_LPDMACH1=LPDMA1_REQUEST_USART1_RX
LPDMA1.SRCINC_LPDMACH0=DMA_SINC_INCREMENTED
Mcu.CPN=STM32WBA25CEU7
Mcu.Context0=CortexM33S
Mcu.Context1=CortexM33NS
Mcu.ContextNb=2
Mcu.ContextProject=TrustZoneEnabled
Mcu.Family=STM32WBA
Mcu.IP0=ADC4
Mcu.IP1=ADV_TRACE
Mcu.IP10=ICACHE
Mcu.IP11=LPDMA1
Mcu.IP12=MISC
Mcu.IP13=NVIC2
Mcu.IP14=NVIC1
Mcu.IP15=PKA
Mcu.IP16=PWR
Mcu.IP17=RAMCFG
Mcu.IP18=RCC
Mcu.IP19=RF
Mcu.IP2=AES
Mcu.IP20=RNG
Mcu.IP21=RTC
Mcu.IP22=SAU
Mcu.IP23=SEQUENCER
Mcu.IP24=STM32_WPAN
Mcu.IP25=SYS
Mcu.IP26=SYS_S
Mcu.IP27=TIMER
Mcu.IP28=TINY_LPM
Mcu.IP29=USART1
Mcu.IP3=COMMON_WPAN
Mcu.IP4=CORTEX_M33_NS
Mcu.IP5=CORTEX_M33_S
Mcu.IP6=CRC
Mcu.IP7=DEBUG
Mcu.IP8=FLASH
Mcu.IP9=GTZC_S
Mcu.IPNb=30
Mcu.Name=STM32WBA25CEUx
Mcu.Package=UFQFPN48_SMPS_USB
Mcu.Pin0=PB12
Mcu.Pin1=PA7
Mcu.Pin10=PA14 (JTCK/SWCLK)
Mcu.Pin11=PA13 (JTMS/SWDIO)
Mcu.Pin12=PA12
Mcu.Pin13=PB15
Mcu.Pin14=OSC_OUT
Mcu.Pin15=OSC_IN
Mcu.Pin16=VP_ADC4_TempSens_Input
Mcu.Pin17=VP_ADV_TRACE_VS_ADV_TRACE
Mcu.Pin18=VP_AES_VS_AES
Mcu.Pin19=VP_COMMON_WPAN_VS_Utility_Common_1.0.0_1.0.0
Mcu.Pin2=PA6
Mcu.Pin20=VP_CORTEX_M33_NS_VS_Ext
Mcu.Pin21=VP_CORTEX_M33_S_VS_Hclk
Mcu.Pin22=VP_CRC_VS_CRC
Mcu.Pin23=VP_FLASH_SIG_Activate_FlashIP
Mcu.Pin24=VP_GTZC_S_VS_GTZC_Enable
Mcu.Pin25=VP_ICACHE_VS_ICACHE
Mcu.Pin26=VP_ICACHE_VS_SECURE_ICACHE_REG
Mcu.Pin27=VP_LPDMA1_VS_LPDMACH0
Mcu.Pin28=VP_LPDMA1_VS_LPDMACH1
Mcu.Pin29=VP_MISC_VS_MISC
Mcu.Pin3=PA2
Mcu.Pin30=VP_PKA_VS_PKA
Mcu.Pin31=VP_PWR_VS_SECSignals
Mcu.Pin32=VP_RAMCFG_VS_RAMCFG1
Mcu.Pin33=VP_RF_VS_RF
Mcu.Pin34=VP_RNG_VS_RNG
Mcu.Pin35=VP_RTC_VS_RTC_Activate
Mcu.Pin36=VP_RTC_VS_RTC_Calendar
Mcu.Pin37=VP_RTC_VS_RTC_Alarm_A_Intern
Mcu.Pin38=VP_SAU_VS_SAU
Mcu.Pin39=VP_SEQUENCER_VS_SEQUENCER
Mcu.Pin4=PA1
Mcu.Pin40=VP_STM32_WPAN_VS_BLE_HOST_SP
Mcu.Pin41=VP_SYS_VS_Systick
Mcu.Pin42=VP_SYS_S_VS_Systick
Mcu.Pin43=VP_TIMER_VS_TIMER
Mcu.Pin44=VP_TINY_LPM_VS_TINY_LPM
Mcu.Pin5=PB8
Mcu.Pin6=PC15-OSC32_OUT
Mcu.Pin7=PC14-OSC32_IN
Mcu.Pin8=PC13
Mcu.Pin9=PB4 (NJTRST)
Mcu.PinsNb=45
Mcu.ThirdPartyNb=0
Mcu.UserConstants=
Mcu.UserName=STM32WBA25CEUx
MxCube.Version=6.17.0
MxDb.Version=DB.6.0.170
NVIC1.BFHFNMINS=0
NVIC1.BusFault_IRQn=true\:0\:0\:false\:false\:true\:false\:false\:false
NVIC1.DebugMonitor_IRQn=true\:0\:0\:false\:false\:true\:false\:false\:false
NVIC1.ForceEnableDMAVector=true
NVIC1.HardFault_IRQn=true\:0\:0\:false\:false\:true\:false\:false\:false
NVIC1.MemoryManagement_IRQn=true\:0\:0\:false\:false\:true\:false\:false\:false
NVIC1.NonMaskableInt_IRQn=true\:0\:0\:false\:false\:true\:false\:false\:false
NVIC1.PRIS=0
NVIC1.PendSV_IRQn=true\:0\:0\:false\:false\:true\:false\:false\:false
NVIC1.PriorityGroup=NVIC_PRIORITYGROUP_4
NVIC1.SVCall_IRQn=true\:0\:0\:false\:false\:true\:false\:false\:false
NVIC1.SecureFault_IRQn=true\:0\:0\:false\:false\:true\:false\:false\:false
NVIC1.SysTick_IRQn=true\:15\:0\:false\:false\:true\:false\:true\:false
NVIC1.UsageFault_IRQn=true\:0\:0\:false\:false\:true\:false\:false\:false
NVIC2.BFHFNMINS=0
NVIC2.ForceEnableDMAVector=true
NVIC2.LPDMA1_Channel0_IRQn=true\:0\:0\:false\:false\:true\:false\:true\:true
NVIC2.LPDMA1_Channel1_IRQn=true\:0\:0\:false\:false\:true\:false\:true\:true
NVIC2.MemoryManagement_IRQn=true\:0\:0\:false\:false\:true\:false\:false\:false
NVIC2.PRIS=0
NVIC2.PendSV_IRQn=true\:0\:0\:false\:false\:true\:false\:false\:false
NVIC2.PriorityGroup=NVIC_PRIORITYGROUP_4
NVIC2.RADIO_IRQn=true\:0\:0\:false\:false\:true\:false\:false\:true
NVIC2.RCC_IRQn=true\:1\:0\:true\:false\:true\:true\:false\:true
NVIC2.RTC_IRQn=true\:4\:0\:true\:false\:true\:true\:true\:true
NVIC2.SVCall_IRQn=true\:0\:0\:false\:false\:true\:false\:false\:false
NVIC2.SecureFault_IRQn=true\:0\:0\:false\:false\:false\:false\:false\:false
NVIC2.SysTick_IRQn=true\:14\:0\:true\:false\:true\:false\:true\:false
NVIC2.USART1_IRQn=true\:7\:0\:true\:false\:true\:true\:true\:true
NVIC2.UsageFault_IRQn=true\:0\:0\:false\:false\:true\:false\:false\:false
NVIC2.WKUP_IRQn=true\:0\:0\:false\:false\:true\:true\:true\:true
OSC_IN.GPIOParameters=PinAttribute
OSC_IN.Mode=HSE-External-Oscillator
OSC_IN.PinAttribute=CortexM33S
OSC_IN.Signal=RCC_OSC_IN
OSC_OUT.GPIOParameters=PinAttribute
OSC_OUT.Mode=HSE-External-Oscillator
OSC_OUT.PinAttribute=CortexM33S
OSC_OUT.Signal=RCC_OSC_OUT
PA1.Locked=true
PA12.GPIOParameters=PinAttribute
PA12.Locked=true
PA12.Mode=Asynchronous
PA12.PinAttribute=CortexM33NS
PA12.Signal=USART1_RX
PA13\ (JTMS/SWDIO).GPIOParameters=PinAttribute
PA13\ (JTMS/SWDIO).Mode=Serial_Wire
PA13\ (JTMS/SWDIO).PinAttribute=CortexM33NS
PA13\ (JTMS/SWDIO).Signal=DEBUG_JTMS-SWDIO
PA14\ (JTCK/SWCLK).GPIOParameters=PinAttribute
PA14\ (JTCK/SWCLK).Mode=Serial_Wire
PA14\ (JTCK/SWCLK).PinAttribute=CortexM33NS
PA14\ (JTCK/SWCLK).Signal=DEBUG_JTCK-SWCLK
PA2.Locked=true
PA6.GPIOParameters=PinAttribute
PA6.Locked=true
PA6.Mode=Asynchronous
PA6.PinAttribute=CortexM33NS
PA6.Signal=USART1_TX
PA7.Locked=true
PB12.Locked=true
PB15.Locked=true
PB4\ (NJTRST).Locked=true
PB8.Locked=true
PC13.Locked=true
PC14-OSC32_IN.GPIOParameters=PinAttribute
PC14-OSC32_IN.Mode=LSE-External-Oscillator
PC14-OSC32_IN.PinAttribute=CortexM33S
PC14-OSC32_IN.Signal=RCC_OSC32_IN
PC15-OSC32_OUT.GPIOParameters=PinAttribute
PC15-OSC32_OUT.Mode=LSE-External-Oscillator
PC15-OSC32_OUT.PinAttribute=CortexM33S
PC15-OSC32_OUT.Signal=RCC_OSC32_OUT
PinOutPanel.RotationAngle=0
ProjectManager.AskForMigrate=true
ProjectManager.BackupPrevious=false
ProjectManager.CompilerLinker=GCC
ProjectManager.CompilerOptimize=6
ProjectManager.ComputerToolchain=false
ProjectManager.CoupleFile=false
ProjectManager.DeletePrevious=true
ProjectManager.DeviceId=STM32WBA25CEUx
ProjectManager.Example=BLE_p2pServer_TZ
ProjectManager.ExampleSource=CubeFw
ProjectManager.FreePins=false
ProjectManager.FreePinsContext=CortexM33S
ProjectManager.HalAssertFull=false
ProjectManager.HeapSize=M33S-0x0000,M33NS-0x0000
ProjectManager.KeepUserCode=true
ProjectManager.LastFirmware=true
ProjectManager.LibraryCopy=2
ProjectManager.MainLocation=Core/Src
ProjectManager.NoMain=false
ProjectManager.PreviousToolchain=
ProjectManager.ProjectBuild=false
ProjectManager.ProjectFileName=BLE_p2pServer_TZ.ioc
ProjectManager.ProjectName=BLE_p2pServer_TZ
ProjectManager.ProjectStructure=M33S\:Secure Project\:true;M33NS\:Non Secure Project\:true;
ProjectManager.RegisterCallBack=UART
ProjectManager.StackSize=M33S-0x1000,M33NS-0x1000
ProjectManager.TargetToolchain=EWARM V9.60
ProjectManager.ToolChainLocation=
ProjectManager.UAScriptAfterPath=
ProjectManager.UAScriptBeforePath=
ProjectManager.UnderRoot=false
ProjectManager.functionlistsort=1-SystemClock_Config-RCC-false-HAL-false-CortexM33S,2-SystemPower_Config-PWR-false-HAL-true-CortexM33S,3-MX_GPIO_Init-GPIO-false-HAL-true-CortexM33S,4-MX_GTZC_S_Init-GTZC_S-false-HAL-true-CortexM33S,5-MX_SAU_Init-SAU-false-HAL-true-CortexM33S,6-MX_RTC_Init-RTC-false-HAL-true-CortexM33S,7-MX_FLASH_Init-FLASH-false-HAL-true-CortexM33S,1-SystemClock_Config-RCC-false-HAL-false-CortexM33NS,2-MX_GPIO_Init-GPIO-false-HAL-true-CortexM33NS,3-MX_LPDMA1_Init-LPDMA1-false-HAL-true-CortexM33NS,4-MX_ADC4_Init-ADC4-true-HAL-false-CortexM33NS,5-MX_CRC_Init-CRC-true-HAL-false-CortexM33NS,6-MX_ICACHE_Init-ICACHE-false-LL-false-CortexM33NS,7-MX_RAMCFG_Init-RAMCFG-false-HAL-false-CortexM33NS,false-8-MX_RNG_Init-RNG-true-HAL-false-CortexM33NS,9-MX_RTC_Init-RTC-false-HAL-false-CortexM33NS,10-MX_USART1_UART_Init-USART1-true-HAL-false-CortexM33NS,11-APPE_Init-STM32_WPAN-false-HAL-false-CortexM33NS,false-12-MX_AES_Init-AES-true-HAL-false-CortexM33NS,false-13-MX_PKA_Init-PKA-false-HAL-false-CortexM33NS,0-MX_CORTEX_M33_S_Init-CORTEX_M33_S-false-HAL-true-CortexM33S,0-MX_CORTEX_M33_NS_Init-CORTEX_M33_NS-false-HAL-true-CortexM33NS,14-SystemPower_Config-PWR-false-HAL-true-CortexM33NS
RAMCFG.IPParameters=Instance-RAMCFG1_Activate
RAMCFG.Instance-RAMCFG1_Activate=RAMCFG_SRAM1
RCC.ADCFreq_Value=32000000
RCC.AHB4Freq_Value=32000000
RCC.AHB5Freq_Value=32000000
RCC.AHBCLKDivider=RCC_SYSCLK_DIV1
RCC.AHBFreq_Value=32000000
RCC.APB1Freq_Value=32000000
RCC.APB1TimFreq_Value=32000000
RCC.APB2Freq_Value=32000000
RCC.APB2TimFreq_Value=32000000
RCC.APB7Freq_Value=32000000
RCC.ASFreq_Value=64000000
RCC.CortexFreq_Value=4000000
RCC.FCLKCortexFreq_Value=32000000
RCC.FSFreq_Value=64000000
RCC.FamilyName=M
RCC.HCLK5Freq_Value=32000000
RCC.HCLKFreq_Value=32000000
RCC.HSESYSFreq_VALUE=32000000
RCC.HSE_VALUE=32000000
RCC.HSI_VALUE=16000000
RCC.I2C1Freq_Value=32000000
RCC.I2C2Freq_Value=16000000
RCC.I2C3Freq_Value=32000000
RCC.I2C4Freq_Value=16000000
RCC.IPParameters=ADCFreq_Value,AHB4Freq_Value,AHB5Freq_Value,AHBCLKDivider,AHBFreq_Value,APB1Freq_Value,APB1TimFreq_Value,APB2Freq_Value,APB2TimFreq_Value,APB7Freq_Value,ASFreq_Value,CortexFreq_Value,FCLKCortexFreq_Value,FSFreq_Value,FamilyName,HCLK5Freq_Value,HCLKFreq_Value,HSESYSFreq_VALUE,HSE_VALUE,HSI_VALUE,I2C1Freq_Value,I2C2Freq_Value,I2C3Freq_Value,I2C4Freq_Value,LPTIM1Freq_Value,LPTIM2Freq_Value,LPUART1Freq_Value,LSCOPinFreq_Value,LSI1_VALUE,LSI2_VALUE,LSI_VALUE,MCO1PinFreq_Value,OTGPHYPLLCLKFreq_Value,PLLN,PLLPoutputFreq_Value,PLLQoutputFreq_Value,PLLRCLKFreq_Value,RNGFreq_Value,RSTClockSelectionVirtual,RSTFreq_Value,RSTRFFreq_Value,RTCClockSelection,RTCFreq_Value,SAESFreq_Value,SAI1Freq_Value,SPI1Freq_Value,SPI2Freq_Value,SPI3Freq_Value,SYSCLKFreq_VALUE,SYSCLKSourceVirtual,USART1CLockSelectionVirtual,USART1Freq_Value,USART2Freq_Value,USART3Freq_Value,VCOInputFreq_Value,VCOOutputFreq_Value
RCC.LPTIM1Freq_Value=32000000
RCC.LPTIM2Freq_Value=32000000
RCC.LPUART1Freq_Value=32000000
RCC.LSCOPinFreq_Value=32000
RCC.LSI1_VALUE=32000
RCC.LSI2_VALUE=32000
RCC.LSI_VALUE=32000
RCC.MCO1PinFreq_Value=32000000
RCC.OTGPHYPLLCLKFreq_Value=32000000
RCC.PLLN=8
RCC.PLLPoutputFreq_Value=64000000
RCC.PLLQoutputFreq_Value=64000000
RCC.PLLRCLKFreq_Value=64000000
RCC.RNGFreq_Value=16000000
RCC.RSTClockSelectionVirtual=RCC_RADIOSTCLKSOURCE_LSE
RCC.RSTFreq_Value=32768
RCC.RSTRFFreq_Value=32000000
RCC.RTCClockSelection=RCC_RTCCLKSOURCE_LSE
RCC.RTCFreq_Value=32768
RCC.SAESFreq_Value=32000000
RCC.SAI1Freq_Value=16000000
RCC.SPI1Freq_Value=16000000
RCC.SPI2Freq_Value=32000000
RCC.SPI3Freq_Value=32000000
RCC.SYSCLKFreq_VALUE=32000000
RCC.SYSCLKSourceVirtual=RCC_SYSCLKSOURCE_HSE
RCC.SecureElements=RTCClkSource
RCC.USART1CLockSelectionVirtual=RCC_USART1CLKSOURCE_HSI
RCC.USART1Freq_Value=16000000
RCC.USART2Freq_Value=16000000
RCC.USART3Freq_Value=16000000
RCC.VCOInputFreq_Value=16000000
RCC.VCOOutputFreq_Value=128000000
RNG.ClockErrorDetection=RNG_CED_DISABLE
RNG.IPParameters=ClockErrorDetection
RTC.Alarm-Alarm\ A=RTC_ALARM_A
RTC.BinMode=RTC_BINARY_ONLY
RTC.BinaryAutoClr_A-Alarm\ A=RTC_ALARMSUBSECONDBIN_AUTOCLR_NO
RTC.IPParameters=Alarm-Alarm A,BinMode,BinaryAutoClr_A-Alarm A,rtcSecureFull
RTC.rtcSecureFull=RTC_SECURE_FULL_NO
SAU.IPParameters=SAU0_INIT_START,SAU0_INIT_SIZE,SAU0_INIT_NSC,SAU2_INIT_START,SAU2_INIT_SIZE,SAU4_INIT_START,SAU4_INIT_SIZE,SAU4_INIT_NSC,SAU1_INIT_START,SAU1_INIT_SIZE,SAU3_INIT_SIZE,SAU5_INIT_REGION,SAU1_INIT_NSC,SAU4_INIT_REGION
SAU.SAU0_INIT_NSC=0
SAU.SAU0_INIT_SIZE=0x60000
SAU.SAU0_INIT_START=0x08020000
SAU.SAU1_INIT_NSC=1
SAU.SAU1_INIT_SIZE=0x00002000
SAU.SAU1_INIT_START=0x0C01E000
SAU.SAU2_INIT_SIZE=0x10000
SAU.SAU2_INIT_START=0x20000000
SAU.SAU3_INIT_SIZE=0x18028000
SAU.SAU4_INIT_NSC=0
SAU.SAU4_INIT_REGION=1
SAU.SAU4_INIT_SIZE=0xB000
SAU.SAU4_INIT_START=0xBF85000
SAU.SAU5_INIT_REGION=0
STM32_WPAN.AD_TYPE_COMPLETE_LOCAL_NAME=p2pS_XX
STM32_WPAN.AD_TYPE_COMPLETE_LOCAL_NAME_LENGTH=8
STM32_WPAN.AD_TYPE_MANUFACTURER_DATA_NBR=12
STM32_WPAN.BLE_STACK_TYPE=BLE_STACK_TYPE_BASIC
STM32_WPAN.BSP.number=1
STM32_WPAN.CFG_AMM_VIRTUAL_BUFFER_SIZE_1=400
STM32_WPAN.CFG_BLE_ATT_MTU_MAX=251
STM32_WPAN.CFG_BLE_NUM_LINK=8
STM32_WPAN.CFG_BONDING_MODE=1
STM32_WPAN.CFG_GAP_DEVICE_NAME=P2P_Server
STM32_WPAN.CFG_GAP_DEVICE_NAME_LENGTH=10
STM32_WPAN.CFG_LOG_SUPPORTED=1
STM32_WPAN.CFG_LPM_LEVEL=0
STM32_WPAN.CFG_LSCLK_LSE=0
STM32_WPAN.CFG_MM_POOL_SIZE=4000
STM32_WPAN.CFG_RF_TX_POWER_TABLE_ID=3
STM32_WPAN.INCLUDE_AD_TYPE_COMPLETE_LOCAL_NAME=1
STM32_WPAN.INCLUDE_AD_TYPE_MANUFACTURER_SPECIFIC_DATA=1
STM32_WPAN.IPParameters=CFG_GAP_DEVICE_NAME,CFG_GAP_DEVICE_NAME_LENGTH,INCLUDE_AD_TYPE_COMPLETE_LOCAL_NAME,AD_TYPE_COMPLETE_LOCAL_NAME,AD_TYPE_COMPLETE_LOCAL_NAME_LENGTH,INCLUDE_AD_TYPE_MANUFACTURER_SPECIFIC_DATA,AD_TYPE_MANUFACTURER_DATA_NBR,NUMBER_OF_SERVICES,SERVICE1_UUID,SERVICE1_LONG_NAME,SERVICE1_SHORT_NAME,SERVICE1_NUMBER_OF_CHARACTERISTICS,SERVICE1_CHAR1_UUID,SERVICE1_CHAR1_LONG_NAME,SERVICE1_CHAR1_SHORT_NAME,SERVICE1_CHAR1_VALUE_LENGTH,SERVICE1_CHAR1_LENGTH_CHARACTERISTIC,SERVICE1_CHAR1_PROP_READ,SERVICE1_CHAR1_PROP_WRITE_WITHOUT_RESP,SERVICE1_CHAR2_UUID,SERVICE1_CHAR2_LONG_NAME,SERVICE1_CHAR2_SHORT_NAME,SERVICE1_CHAR2_VALUE_LENGTH,SERVICE1_CHAR2_LENGTH_CHARACTERISTIC,SERVICE1_CHAR2_PROP_NOTIFY,SERVICE1_CHAR2_GATT_NOTIFY_READ_REQ_AND_WAIT_FOR_APPL_RESP,SERVICE1_CHAR2_GATT_NOTIFY_WRITE_REQ_AND_WAIT_FOR_APPL_RESP,SERVICE1_CHAR1_GATT_NOTIFY_WRITE_REQ_AND_WAIT_FOR_APPL_RESP,SERVICE1_CHAR1_GATT_NOTIFY_READ_REQ_AND_WAIT_FOR_APPL_RESP,CFG_BONDING_MODE,CFG_BLE_NUM_LINK,CFG_BLE_ATT_MTU_MAX,CFG_LPM_LEVEL,CFG_RF_TX_POWER_TABLE_ID,CFG_LOG_SUPPORTED,SNVMA_POLY_CRC16,RADIO_INTR_PRIO_LOW,CFG_MM_POOL_SIZE,CFG_AMM_VIRTUAL_BUFFER_SIZE_1,USE_TEMPERATURE_BASED_RADIO_CALIBRATION,USE_SNVMA_NVM,CFG_LSCLK_LSE,BLE_STACK_TYPE
STM32_WPAN.NUMBER_OF_SERVICES=1
STM32_WPAN.RADIO_INTR_PRIO_LOW=5
STM32_WPAN.SERVICE1_CHAR1_GATT_NOTIFY_READ_REQ_AND_WAIT_FOR_APPL_RESP=\ 
STM32_WPAN.SERVICE1_CHAR1_GATT_NOTIFY_WRITE_REQ_AND_WAIT_FOR_APPL_RESP=\ 
STM32_WPAN.SERVICE1_CHAR1_LENGTH_CHARACTERISTIC=CHAR_VALUE_LEN_VARIABLE
STM32_WPAN.SERVICE1_CHAR1_LONG_NAME=My_LED_Char
STM32_WPAN.SERVICE1_CHAR1_PROP_READ=CHAR_PROP_READ
STM32_WPAN.SERVICE1_CHAR1_PROP_WRITE_WITHOUT_RESP=CHAR_PROP_WRITE_WITHOUT_RESP
STM32_WPAN.SERVICE1_CHAR1_SHORT_NAME=LED_C
STM32_WPAN.SERVICE1_CHAR1_UUID=FE 41
STM32_WPAN.SERVICE1_CHAR1_VALUE_LENGTH=2
STM32_WPAN.SERVICE1_CHAR2_GATT_NOTIFY_READ_REQ_AND_WAIT_FOR_APPL_RESP=\ 
STM32_WPAN.SERVICE1_CHAR2_GATT_NOTIFY_WRITE_REQ_AND_WAIT_FOR_APPL_RESP=\ 
STM32_WPAN.SERVICE1_CHAR2_LENGTH_CHARACTERISTIC=CHAR_VALUE_LEN_VARIABLE
STM32_WPAN.SERVICE1_CHAR2_LONG_NAME=My_Switch_Char
STM32_WPAN.SERVICE1_CHAR2_PROP_NOTIFY=CHAR_PROP_NOTIFY
STM32_WPAN.SERVICE1_CHAR2_SHORT_NAME=SWITCH_C
STM32_WPAN.SERVICE1_CHAR2_UUID=FE 42
STM32_WPAN.SERVICE1_CHAR2_VALUE_LENGTH=2
STM32_WPAN.SERVICE1_LONG_NAME=P2P_Server
STM32_WPAN.SERVICE1_NUMBER_OF_CHARACTERISTICS=2
STM32_WPAN.SERVICE1_SHORT_NAME=P2P_Server
STM32_WPAN.SERVICE1_UUID=FE 40
STM32_WPAN.SNVMA_POLY_CRC16=1DB7
STM32_WPAN.USE_SNVMA_NVM=1
STM32_WPAN.USE_TEMPERATURE_BASED_RADIO_CALIBRATION=1
STM32_WPAN0.BSP.STBoard=false
STM32_WPAN0.BSP.api=Unknown
STM32_WPAN0.BSP.component=
STM32_WPAN0.BSP.condition=\!(S_BLE_TM | S_BLE_HOST_SIMPLE)
STM32_WPAN0.BSP.instance=USART1
STM32_WPAN0.BSP.ip=(LPU|US)ART
STM32_WPAN0.BSP.mode=Single Wire \\(Half-Duplex\\)|Asynchronous
STM32_WPAN0.BSP.name=Serial Link for Logs
STM32_WPAN0.BSP.semaphore=
STM32_WPAN0.BSP.solution=USART1
SYS.userName=SYS_NS
USART1.FIFOMode=FIFOMODE_ENABLE
USART1.IPParameters=VirtualMode-Asynchronous,OverSampling,FIFOMode
USART1.OverSampling=UART_OVERSAMPLING_8
USART1.VirtualMode-Asynchronous=VM_ASYNC
VP_ADC4_TempSens_Input.Mode=IN-TempSens
VP_ADC4_TempSens_Input.Signal=ADC4_TempSens_Input
VP_ADV_TRACE_VS_ADV_TRACE.Mode=ADV_TRACE_Enabled
VP_ADV_TRACE_VS_ADV_TRACE.Signal=ADV_TRACE_VS_ADV_TRACE
VP_AES_VS_AES.Mode=AES_Activate
VP_AES_VS_AES.Signal=AES_VS_AES
VP_COMMON_WPAN_VS_Utility_Common_1.0.0_1.0.0.Mode=Utility_Common
VP_COMMON_WPAN_VS_Utility_Common_1.0.0_1.0.0.Signal=COMMON_WPAN_VS_Utility_Common_1.0.0_1.0.0
VP_CORTEX_M33_NS_VS_Ext.Mode=External_Mode
VP_CORTEX_M33_NS_VS_Ext.Signal=CORTEX_M33_NS_VS_Ext
VP_CORTEX_M33_S_VS_Hclk.Mode=Hclk_Mode
VP_CORTEX_M33_S_VS_Hclk.Signal=CORTEX_M33_S_VS_Hclk
VP_CRC_VS_CRC.Mode=CRC_Activate
VP_CRC_VS_CRC.Signal=CRC_VS_CRC
VP_FLASH_SIG_Activate_FlashIP.Mode=Activate_FlashIP
VP_FLASH_SIG_Activate_FlashIP.Signal=FLASH_SIG_Activate_FlashIP
VP_GTZC_S_VS_GTZC_Enable.Mode=GTZC_Enable
VP_GTZC_S_VS_GTZC_Enable.Signal=GTZC_S_VS_GTZC_Enable
VP_ICACHE_VS_ICACHE.Mode=DirectMappedCache
VP_ICACHE_VS_ICACHE.Signal=ICACHE_VS_ICACHE
VP_ICACHE_VS_SECURE_ICACHE_REG.Mode=ICACHE_REG_Not_Secured
VP_ICACHE_VS_SECURE_ICACHE_REG.Signal=ICACHE_VS_SECURE_ICACHE_REG
VP_LPDMA1_VS_LPDMACH0.Mode=SIMPLEREQUEST_LPDMACH0
VP_LPDMA1_VS_LPDMACH0.Signal=LPDMA1_VS_LPDMACH0
VP_LPDMA1_VS_LPDMACH1.Mode=SIMPLEREQUEST_LPDMACH1
VP_LPDMA1_VS_LPDMACH1.Signal=LPDMA1_VS_LPDMACH1
VP_MISC_VS_MISC.Mode=MISC_Enabled
VP_MISC_VS_MISC.Signal=MISC_VS_MISC
VP_PKA_VS_PKA.Mode=PKA_Activate
VP_PKA_VS_PKA.Signal=PKA_VS_PKA
VP_PWR_VS_SECSignals.Mode=Security/Privilege
VP_PWR_VS_SECSignals.Signal=PWR_VS_SECSignals
VP_RAMCFG_VS_RAMCFG1.Mode=RAMCFG1_Activate
VP_RAMCFG_VS_RAMCFG1.Signal=RAMCFG_VS_RAMCFG1
VP_RF_VS_RF.Mode=RF_Activate
VP_RF_VS_RF.Signal=RF_VS_RF
VP_RNG_VS_RNG.Mode=RNG_Activate
VP_RNG_VS_RNG.Signal=RNG_VS_RNG
VP_RTC_VS_RTC_Activate.Mode=RTC_Enabled
VP_RTC_VS_RTC_Activate.Signal=RTC_VS_RTC_Activate
VP_RTC_VS_RTC_Alarm_A_Intern.Mode=Alarm A
VP_RTC_VS_RTC_Alarm_A_Intern.Signal=RTC_VS_RTC_Alarm_A_Intern
VP_RTC_VS_RTC_Calendar.Mode=RTC_Calendar
VP_RTC_VS_RTC_Calendar.Signal=RTC_VS_RTC_Calendar
VP_SAU_VS_SAU.Mode=SAU_Init
VP_SAU_VS_SAU.Signal=SAU_VS_SAU
VP_SEQUENCER_VS_SEQUENCER.Mode=SEQUENCER_Enabled
VP_SEQUENCER_VS_SEQUENCER.Signal=SEQUENCER_VS_SEQUENCER
VP_STM32_WPAN_VS_BLE_HOST_SP.Mode=BLE_Server
VP_STM32_WPAN_VS_BLE_HOST_SP.Signal=STM32_WPAN_VS_BLE_HOST_SP
VP_SYS_S_VS_Systick.Mode=SysTick
VP_SYS_S_VS_Systick.Signal=SYS_S_VS_Systick
VP_SYS_VS_Systick.Mode=SysTick
VP_SYS_VS_Systick.Signal=SYS_VS_Systick
VP_TIMER_VS_TIMER.Mode=TIMER_Enabled
VP_TIMER_VS_TIMER.Signal=TIMER_VS_TIMER
VP_TINY_LPM_VS_TINY_LPM.Mode=TINY_LPM_Enabled
VP_TINY_LPM_VS_TINY_LPM.Signal=TINY_LPM_VS_TINY_LPM
board=custom
