#MicroXplorer Configuration settings - do not modify
CAD.formats=
CAD.pinconfig=
CAD.provider=
CORTEX_M33_NS.userName=CORTEX_M33
CortexM33NS.IPs=CORTEX_M33_NS\:I,FILEX\:I,GPDMA1,GTZC_NS\:I,LINKEDLIST,NVIC2\:I,PWR,RCC,RF\:I,RTC,STM32_WPAN\:I,SYS\:I,TAMP,THREADX\:I,ICACHE\:I,ADV_TRACE\:I,MISC\:I,SEQUENCER\:I,TIMER\:I,TINY_LPM\:I,COMMON_WPAN\:I
CortexM33NS.Pins=PC13,PA9
CortexM33S.IPs=CORTEX_M33_S\:I,GPDMA1\:I,GTZC_S\:I,LINKEDLIST\:I,NVIC1\:I,PWR\:I,RCC\:I,RTC\:I,SYS_S\:I,TAMP\:I,SAU\:I
CortexM33S.Pins=PB8
File.Version=6
GPIO.groupedBy=Group By Peripherals
GTZC_S.GTZC1=GTZC_S
GTZC_S.IPParameters=MPCBB2_SecConfig_array,GTZC1
GTZC_S.MPCBB2_SecConfig_array=00000000\:00000000\:00000000\:00000000
KeepUserPlacement=true
Mcu.CPN=STM32WBA55CGU6
Mcu.Context0=CortexM33S
Mcu.Context1=CortexM33NS
Mcu.ContextNb=2
Mcu.ContextProject=TrustZoneEnabled
Mcu.Family=STM32WBA
Mcu.IP0=CORTEX_M33_NS
Mcu.IP1=CORTEX_M33_S
Mcu.IP2=GTZC_S
Mcu.IP3=ICACHE
Mcu.IP4=NVIC2
Mcu.IP5=NVIC1
Mcu.IP6=PWR
Mcu.IP7=RCC
Mcu.IP8=SYS
Mcu.IP9=SYS_S
Mcu.IPNb=10
Mcu.Name=STM32WBA55CGUx
Mcu.Package=UFQFPN48
Mcu.Pin0=PB8
Mcu.Pin1=PC13
Mcu.Pin2=PA9
Mcu.Pin3=VP_GTZC_S_VS_GTZC_Enable
Mcu.Pin4=VP_ICACHE_VS_ICACHE
Mcu.Pin5=VP_ICACHE_VS_SECURE_ICACHE_REG
Mcu.Pin6=VP_PWR_VS_SECSignals
Mcu.Pin7=VP_SYS_VS_Systick
Mcu.Pin8=VP_SYS_S_VS_Systick
Mcu.PinsNb=9
Mcu.ThirdPartyNb=0
Mcu.UserConstants=
Mcu.UserName=STM32WBA55CGUx
MxCube.Version=6.13.0
MxDb.Version=DB.6.0.130
NVIC1.BFHFNMINS=0
NVIC1.BusFault_IRQn=true\:0\:0\:false\:false\:true\:false\:false\:false
NVIC1.DebugMonitor_IRQn=true\:0\:0\:false\:false\:true\:false\:false\:false
NVIC1.ForceEnableDMAVector=true
NVIC1.GTZC_IRQn=true\:0\:0\:false\:false\:true\:true\:true\:true
NVIC1.HardFault_IRQn=true\:0\:0\:false\:false\:true\:false\:false\:false
NVIC1.MemoryManagement_IRQn=true\:0\:0\:false\:false\:true\:false\:false\:false
NVIC1.NonMaskableInt_IRQn=true\:0\:0\:false\:false\:true\:false\:false\:false
NVIC1.PRIS=0
NVIC1.PendSV_IRQn=true\:0\:0\:false\:false\:true\:false\:false\:false
NVIC1.PriorityGroup=NVIC_PRIORITYGROUP_4
NVIC1.SVCall_IRQn=true\:0\:0\:false\:false\:true\:false\:false\:false
NVIC1.SecureFault_IRQn=true\:0\:0\:false\:false\:true\:false\:false\:false
NVIC1.SysTick_IRQn=true\:0\:0\:true\:false\:true\:false\:true\:false
NVIC1.UsageFault_IRQn=true\:0\:0\:false\:false\:true\:false\:false\:false
NVIC2.BFHFNMINS=0
NVIC2.EXTI13_IRQn=true\:0\:0\:false\:false\:true\:true\:true\:true
NVIC2.ForceEnableDMAVector=true
NVIC2.MemoryManagement_IRQn=true\:0\:0\:false\:false\:true\:false\:false\:false
NVIC2.PRIS=0
NVIC2.PendSV_IRQn=true\:0\:0\:false\:false\:true\:false\:false\:false
NVIC2.PriorityGroup=NVIC_PRIORITYGROUP_4
NVIC2.SVCall_IRQn=true\:0\:0\:false\:false\:true\:false\:false\:false
NVIC2.SysTick_IRQn=true\:0\:0\:true\:false\:true\:false\:true\:false
NVIC2.UsageFault_IRQn=true\:0\:0\:false\:false\:true\:false\:false\:false
PA9.ContextOwner=CortexM33NS
PA9.GPIOParameters=GPIO_Speed,PinState,GPIO_PuPd,GPIO_Label,PinAttribute
PA9.GPIO_Label=LD2
PA9.GPIO_PuPd=GPIO_PULLUP
PA9.GPIO_Speed=GPIO_SPEED_FREQ_HIGH
PA9.Locked=true
PA9.PinAttribute=CortexM33NS
PA9.PinState=GPIO_PIN_SET
PA9.Signal=GPIO_Output
PB8.ContextOwner=CortexM33S
PB8.GPIOParameters=GPIO_Speed,PinState,GPIO_PuPd,GPIO_Label,PinAttribute
PB8.GPIO_Label=LD3
PB8.GPIO_PuPd=GPIO_PULLUP
PB8.GPIO_Speed=GPIO_SPEED_FREQ_HIGH
PB8.Locked=true
PB8.PinAttribute=CortexM33S
PB8.PinState=GPIO_PIN_SET
PB8.Signal=GPIO_Output
PC13.ContextOwner=CortexM33NS
PC13.GPIOParameters=GPIO_PuPd,GPIO_Label,PinAttribute
PC13.GPIO_Label=B1
PC13.GPIO_PuPd=GPIO_PULLUP
PC13.Locked=true
PC13.PinAttribute=CortexM33NS
PC13.Signal=GPXTI13
PinOutPanel.RotationAngle=0
ProjectManager.AskForMigrate=true
ProjectManager.BackupPrevious=false
ProjectManager.CompilerOptimize=6
ProjectManager.ComputerToolchain=false
ProjectManager.CoupleFile=false
ProjectManager.DeletePrevious=true
ProjectManager.DeviceId=STM32WBA55CGUx
ProjectManager.FreePins=false
ProjectManager.HalAssertFull=false
ProjectManager.HeapSize=M33S-0x200,M33NS-0x200
ProjectManager.KeepUserCode=true
ProjectManager.LastFirmware=true
ProjectManager.LibraryCopy=2
ProjectManager.MainLocation=Src
ProjectManager.NoMain=false
ProjectManager.PreviousToolchain=
ProjectManager.ProjectBuild=false
ProjectManager.ProjectFileName=RCC_ClockConfig_TrustZone.ioc
ProjectManager.ProjectName=RCC_ClockConfig_TrustZone
ProjectManager.ProjectStructure=M33S\:Secure Project\:true;M33NS\:Non Secure Project\:true;
ProjectManager.RegisterCallBack=
ProjectManager.StackSize=M33S-0x400,M33NS-0x400
ProjectManager.TargetToolchain=EWARM V9.20
ProjectManager.ToolChainLocation=
ProjectManager.UAScriptAfterPath=
ProjectManager.UAScriptBeforePath=
ProjectManager.UnderRoot=false
ProjectManager.functionlistsort=1-SystemClock_Config-RCC-false-HAL-false-CortexM33S,2-MX_GPIO_Init-GPIO-false-HAL-true-CortexM33S,3-SystemPower_Config-PWR-false-HAL-true-CortexM33S,4-MX_GTZC_S_Init-GTZC_S-false-HAL-true-CortexM33S,1-SystemClock_Config-RCC-false-HAL-false-CortexM33NS,2-MX_GPIO_Init-GPIO-false-HAL-true-CortexM33NS,4-MX_ICACHE_Init-ICACHE-false-HAL-true-CortexM33NS,0-MX_CORTEX_M33_S_Init-CORTEX_M33_S-false-HAL-true-CortexM33S,0-MX_CORTEX_M33_NS_Init-CORTEX_M33_NS-false-HAL-true-CortexM33NS,3-SystemPower_Config-PWR-false-HAL-true-CortexM33NS
RCC.ADCFreq_Value=100000000
RCC.AHB4Freq_Value=100000000
RCC.AHB5CLKDivider=DIV4
RCC.AHB5Freq_Value=25000000
RCC.AHBFreq_Value=100000000
RCC.APB1Freq_Value=100000000
RCC.APB1TimFreq_Value=100000000
RCC.APB2Freq_Value=100000000
RCC.APB2TimFreq_Value=100000000
RCC.APB7Freq_Value=100000000
RCC.ASFreq_Value=100000000
RCC.CortexFreq_Value=12500000
RCC.FCLKCortexFreq_Value=100000000
RCC.FamilyName=M
RCC.HCLKFreq_Value=100000000
RCC.HSESYSFreq_VALUE=32000000
RCC.HSE_VALUE=32000000
RCC.HSI_VALUE=16000000
RCC.I2C1Freq_Value=100000000
RCC.I2C3Freq_Value=100000000
RCC.IPParameters=ADCFreq_Value,AHB4Freq_Value,AHB5CLKDivider,AHB5Freq_Value,AHBFreq_Value,APB1Freq_Value,APB1TimFreq_Value,APB2Freq_Value,APB2TimFreq_Value,APB7Freq_Value,ASFreq_Value,CortexFreq_Value,FCLKCortexFreq_Value,FamilyName,HCLKFreq_Value,HSESYSFreq_VALUE,HSE_VALUE,HSI_VALUE,I2C1Freq_Value,I2C3Freq_Value,LPTIM1Freq_Value,LPTIM2Freq_Value,LPUART1Freq_Value,LSCOPinFreq_Value,LSE_VALUE,LSI1_VALUE,LSI2_VALUE,LSI_VALUE,MCO1PinFreq_Value,PLLFRACN,PLLN,PLLPoutputFreq_Value,PLLQoutputFreq_Value,PLLRCLKFreq_Value,PREFETCH_ENABLE,RNGFreq_Value,RSTFreq_Value,RSTRFFreq_Value,SAESFreq_Value,SAI1Freq_Value,SPI1Freq_Value,SPI3Freq_Value,SYSCLKFreq_VALUE,SYSCLKSourceVirtual,USART1Freq_Value,USART2Freq_Value,VCOInputFreq_Value,VCOOutputFreq_Value
RCC.LPTIM1Freq_Value=100000000
RCC.LPTIM2Freq_Value=100000000
RCC.LPUART1Freq_Value=100000000
RCC.LSCOPinFreq_Value=32000
RCC.LSE_VALUE=32768
RCC.LSI1_VALUE=32000
RCC.LSI2_VALUE=32000
RCC.LSI_VALUE=32000
RCC.MCO1PinFreq_Value=100000000
RCC.PLLFRACN=4096
RCC.PLLN=12
RCC.PLLPoutputFreq_Value=100000000
RCC.PLLQoutputFreq_Value=100000000
RCC.PLLRCLKFreq_Value=100000000
RCC.PREFETCH_ENABLE=1
RCC.RNGFreq_Value=16000000
RCC.RSTFreq_Value=32000
RCC.RSTRFFreq_Value=32000000
RCC.SAESFreq_Value=100000000
RCC.SAI1Freq_Value=16000000
RCC.SPI1Freq_Value=100000000
RCC.SPI3Freq_Value=100000000
RCC.SYSCLKFreq_VALUE=100000000
RCC.SYSCLKSourceVirtual=RCC_SYSCLKSOURCE_PLLCLK
RCC.USART1Freq_Value=100000000
RCC.USART2Freq_Value=100000000
RCC.VCOInputFreq_Value=16000000
RCC.VCOOutputFreq_Value=200000000
SH.GPXTI13.0=GPIO_EXTI13
SH.GPXTI13.ConfNb=1
VP_GTZC_S_VS_GTZC_Enable.Mode=GTZC_Enable
VP_GTZC_S_VS_GTZC_Enable.Signal=GTZC_S_VS_GTZC_Enable
VP_ICACHE_VS_ICACHE.Mode=DirectMappedCache
VP_ICACHE_VS_ICACHE.Signal=ICACHE_VS_ICACHE
VP_ICACHE_VS_SECURE_ICACHE_REG.Mode=ICACHE_REG_Not_Secured
VP_ICACHE_VS_SECURE_ICACHE_REG.Signal=ICACHE_VS_SECURE_ICACHE_REG
VP_PWR_VS_SECSignals.Mode=Security/Privilege
VP_PWR_VS_SECSignals.Signal=PWR_VS_SECSignals
VP_SYS_S_VS_Systick.Mode=SysTick
VP_SYS_S_VS_Systick.Signal=SYS_S_VS_Systick
VP_SYS_VS_Systick.Mode=SysTick
VP_SYS_VS_Systick.Signal=SYS_VS_Systick
board=custom
ProjectManager.Example=RCC_ClockConfig_TrustZone
ProjectManager.ExampleSource=CubeFw
