#MicroXplorer Configuration settings - do not modify
ADC4.Channel-0\#ChannelRegularConversion=ADC_CHANNEL_TEMPSENSOR
ADC4.IPParameters=Rank-0\#ChannelRegularConversion,Channel-0\#ChannelRegularConversion,SamplingTime-0\#ChannelRegularConversion,NbrOfConversionFlag,Overrun,SamplingTimeCommon1,SelectedChannel
ADC4.NbrOfConversionFlag=1
ADC4.Overrun=ADC_OVR_DATA_OVERWRITTEN
ADC4.Rank-0\#ChannelRegularConversion=1
ADC4.SamplingTime-0\#ChannelRegularConversion=ADC_SAMPLINGTIME_COMMON_1
ADC4.SamplingTimeCommon1=ADC_SAMPLETIME_814CYCLES_5
ADC4.SelectedChannel=ADC_CHANNEL_TEMPSENSOR
CAD.formats=
CAD.pinconfig=
CAD.provider=
CORTEX_M33_NS.userName=CORTEX_M33
File.Version=6
GPIO.groupedBy=Show All
KeepUserPlacement=false
LPDMA1.DESTINC_LPDMACH1=DMA_DINC_INCREMENTED
LPDMA1.DIRECTION_LPDMACH0=DMA_MEMORY_TO_PERIPH
LPDMA1.IPHANDLE_LPDMACH0-SIMPLEREQUEST_LPDMACH0=__NULL
LPDMA1.IPHANDLE_LPDMACH1-SIMPLEREQUEST_LPDMACH1=__NULL
LPDMA1.IPParameters=IPHANDLE_LPDMACH0-SIMPLEREQUEST_LPDMACH0,REQUEST_LPDMACH0,DIRECTION_LPDMACH0,SRCINC_LPDMACH0,IPHANDLE_LPDMACH1-SIMPLEREQUEST_LPDMACH1,REQUEST_LPDMACH1,DESTINC_LPDMACH1
LPDMA1.REQUEST_LPDMACH0=LPDMA1_REQUEST_USART1_TX
LPDMA1.REQUEST_LPDMACH1=LPDMA1_REQUEST_USART1_RX
LPDMA1.SRCINC_LPDMACH0=DMA_SINC_INCREMENTED
Mcu.CPN=STM32WBA25CEU7
Mcu.ContextProject=TrustZoneDisabled
Mcu.Family=STM32WBA
Mcu.IP0=ADC4
Mcu.IP1=ADV_TRACE
Mcu.IP10=NVIC
Mcu.IP11=PKA
Mcu.IP12=PWR
Mcu.IP13=RAMCFG
Mcu.IP14=RCC
Mcu.IP15=RF
Mcu.IP16=RNG
Mcu.IP17=RTC
Mcu.IP18=SEQUENCER
Mcu.IP19=STM32_WPAN
Mcu.IP2=AES
Mcu.IP20=SYS
Mcu.IP21=TIMER
Mcu.IP22=TINY_LPM
Mcu.IP23=USART1
Mcu.IP3=COMMON_WPAN
Mcu.IP4=CORTEX_M33_NS
Mcu.IP5=CRC
Mcu.IP6=DEBUG
Mcu.IP7=ICACHE
Mcu.IP8=LPDMA1
Mcu.IP9=MISC
Mcu.IPNb=24
Mcu.Name=STM32WBA25CEUx
Mcu.Package=UFQFPN48_SMPS_USB
Mcu.Pin0=PA6
Mcu.Pin1=PB8
Mcu.Pin10=OSC_OUT
Mcu.Pin11=OSC_IN
Mcu.Pin12=VP_ADC4_TempSens_Input
Mcu.Pin13=VP_ADV_TRACE_VS_ADV_TRACE
Mcu.Pin14=VP_AES_VS_AES
Mcu.Pin15=VP_COMMON_WPAN_VS_Utility_Common_1.0.0_1.0.0
Mcu.Pin16=VP_CORTEX_M33_NS_VS_Ext
Mcu.Pin17=VP_CRC_VS_CRC
Mcu.Pin18=VP_ICACHE_VS_ICACHE
Mcu.Pin19=VP_LPDMA1_VS_LPDMACH0
Mcu.Pin2=PC15-OSC32_OUT
Mcu.Pin20=VP_LPDMA1_VS_LPDMACH1
Mcu.Pin21=VP_MISC_VS_MISC
Mcu.Pin22=VP_PKA_VS_PKA
Mcu.Pin23=VP_PWR_VS_SECSignals
Mcu.Pin24=VP_RAMCFG_VS_RAMCFG1
Mcu.Pin25=VP_RF_VS_RF
Mcu.Pin26=VP_RNG_VS_RNG
Mcu.Pin27=VP_RTC_VS_RTC_Activate
Mcu.Pin28=VP_RTC_VS_RTC_Calendar
Mcu.Pin29=VP_RTC_VS_RTC_Alarm_A_Intern
Mcu.Pin3=PC14-OSC32_IN
Mcu.Pin30=VP_SEQUENCER_VS_SEQUENCER
Mcu.Pin31=VP_STM32_WPAN_VS_BLE_HOST_SP
Mcu.Pin32=VP_SYS_VS_Systick
Mcu.Pin33=VP_TIMER_VS_TIMER
Mcu.Pin34=VP_TINY_LPM_VS_TINY_LPM
Mcu.Pin4=PC13
Mcu.Pin5=PB6
Mcu.Pin6=PB4 (NJTRST)
Mcu.Pin7=PA14 (JTCK/SWCLK)
Mcu.Pin8=PA13 (JTMS/SWDIO)
Mcu.Pin9=PA12
Mcu.PinsNb=35
Mcu.ThirdPartyNb=0
Mcu.UserConstants=
Mcu.UserName=STM32WBA25CEUx
MxCube.Version=6.17.0
MxDb.Version=DB.6.0.170
NVIC.BusFault_IRQn=true\:0\:0\:true\:false\:true\:false\:false\:false
NVIC.DebugMonitor_IRQn=true\:0\:0\:false\:false\:true\:false\:false\:false
NVIC.ForceEnableDMAVector=false
NVIC.HardFault_IRQn=true\:0\:0\:false\:false\:true\:false\:false\:false
NVIC.LPDMA1_Channel0_IRQn=true\:6\:0\:true\:false\:true\:true\:true\:true
NVIC.LPDMA1_Channel1_IRQn=true\:5\:0\:true\:false\:true\:true\:true\:true
NVIC.MemoryManagement_IRQn=true\:0\:0\:false\:false\:true\:false\:false\:false
NVIC.NonMaskableInt_IRQn=true\:0\:0\:false\:false\:true\:false\:false\:false
NVIC.PKA_IRQn=true\:7\:0\:true\:false\:true\:true\:true\:true
NVIC.PendSV_IRQn=true\:0\:0\:false\:false\:true\:false\:false\:false
NVIC.PriorityGroup=NVIC_PRIORITYGROUP_4
NVIC.RADIO_IRQn=true\:0\:0\:true\:false\:true\:true\:false\:true
NVIC.RCC_IRQn=true\:1\:0\:true\:false\:true\:true\:false\:true
NVIC.RNG_IRQn=true\:0\:0\:false\:false\:true\:true\:true\:true
NVIC.RTC_IRQn=true\:4\:0\:true\:false\:true\:true\:true\:true
NVIC.SVCall_IRQn=true\:0\:0\:false\:false\:true\:false\:false\:false
NVIC.SecureFault_IRQn=true\:0\:0\:false\:false\:false\:false\:false\:false
NVIC.SysTick_IRQn=true\:14\:0\:true\:false\:true\:false\:true\:false
NVIC.USART1_IRQn=true\:7\:0\:true\:false\:true\:true\:true\:true
NVIC.UsageFault_IRQn=true\:0\:0\:false\:false\:true\:false\:false\:false
NVIC.WKUP_IRQn=true\:5\:0\:true\:false\:true\:true\:true\:true
OSC_IN.Mode=HSE-External-Oscillator
OSC_IN.Signal=RCC_OSC_IN
OSC_OUT.Mode=HSE-External-Oscillator
OSC_OUT.Signal=RCC_OSC_OUT
PA12.Locked=true
PA12.Mode=Asynchronous
PA12.Signal=USART1_RX
PA13\ (JTMS/SWDIO).Mode=Serial_Wire
PA13\ (JTMS/SWDIO).Signal=DEBUG_JTMS-SWDIO
PA14\ (JTCK/SWCLK).Mode=Serial_Wire
PA14\ (JTCK/SWCLK).Signal=DEBUG_JTCK-SWCLK
PA6.Locked=true
PA6.Mode=Asynchronous
PA6.Signal=USART1_TX
PB4\ (NJTRST).Locked=true
PB6.Locked=true
PB8.Locked=true
PC13.Locked=true
PC14-OSC32_IN.Mode=LSE-External-Oscillator
PC14-OSC32_IN.Signal=RCC_OSC32_IN
PC15-OSC32_OUT.Mode=LSE-External-Oscillator
PC15-OSC32_OUT.Signal=RCC_OSC32_OUT
PWR.IPParameters=pwrPrivilege
PWR.pwrPrivilege=PWR_PRIVILEGE_NO
PinOutPanel.RotationAngle=0
ProjectManager.AskForMigrate=true
ProjectManager.BackupPrevious=false
ProjectManager.CompilerLinker=GCC
ProjectManager.CompilerOptimize=6
ProjectManager.ComputerToolchain=false
ProjectManager.CoupleFile=false
ProjectManager.DeletePrevious=true
ProjectManager.DeviceId=STM32WBA25CEUx
ProjectManager.FreePins=false
ProjectManager.FreePinsContext=
ProjectManager.HalAssertFull=false
ProjectManager.HeapSize=0x3000
ProjectManager.KeepUserCode=true
ProjectManager.LastFirmware=true
ProjectManager.LibraryCopy=2
ProjectManager.MainLocation=Core/Src
ProjectManager.NoMain=false
ProjectManager.PreviousToolchain=
ProjectManager.ProjectBuild=false
ProjectManager.ProjectFileName=BLE_Long_Range_Peripheral.ioc
ProjectManager.ProjectName=BLE_Long_Range_Peripheral
ProjectManager.ProjectStructure=
ProjectManager.RegisterCallBack=UART
ProjectManager.StackSize=0x1000
ProjectManager.TargetToolchain=EWARM V9.60
ProjectManager.ToolChainLocation=
ProjectManager.UAScriptAfterPath=
ProjectManager.UAScriptBeforePath=
ProjectManager.UnderRoot=false
ProjectManager.functionlistsort=1-SystemClock_Config-RCC-false-HAL-false,2-MX_GPIO_Init-GPIO-false-HAL-false,3-SystemPower_Config-PWR-false-HAL-true,4-MX_LPDMA1_Init-LPDMA1-false-HAL-false,5-MX_RAMCFG_Init-RAMCFG-false-HAL-false,6-MX_RTC_Init-RTC-false-HAL-false,7-MX_USART1_UART_Init-USART1-true-HAL-false,8-APPE_Init-STM32_WPAN-false-HAL-false,9-MX_ADC4_Init-ADC4-true-HAL-false,10-MX_CRC_Init-CRC-true-HAL-false,11-MX_RNG_Init-RNG-true-HAL-false,12-MX_ICACHE_Init-ICACHE-false-LL-false,false-13-MX_AES_Init-AES-true-HAL-true,false-14-MX_TIM16_Init-TIM16-true-LL-true,false-14-MX_PKA_Init-PKA-true-LL-true,0-MX_CORTEX_M33_NS_Init-CORTEX_M33_NS-false-HAL-true
RAMCFG.IPParameters=Instance-RAMCFG1_Activate
RAMCFG.Instance-RAMCFG1_Activate=RAMCFG_SRAM1
RCC.ADCFreq_Value=16000000
RCC.AHB4Freq_Value=16000000
RCC.AHB5Freq_Value=16000000
RCC.AHBFreq_Value=16000000
RCC.APB1Freq_Value=16000000
RCC.APB1TimFreq_Value=16000000
RCC.APB2Freq_Value=16000000
RCC.APB2TimFreq_Value=16000000
RCC.APB7Freq_Value=16000000
RCC.ASFreq_Value=64000000
RCC.CortexCLockSelectionVirtual=RCC_SYSTICKCLKSOURCE_LSE
RCC.CortexFreq_Value=32768
RCC.FCLKCortexFreq_Value=16000000
RCC.FSFreq_Value=64000000
RCC.FamilyName=M
RCC.HCLKFreq_Value=16000000
RCC.HSESYSFreq_VALUE=16000000
RCC.HSE_VALUE=32000000
RCC.HSI_VALUE=16000000
RCC.HseDiv=RCC_HSE_DIV2
RCC.I2C1CLockSelection=RCC_I2C1CLKSOURCE_PCLK1
RCC.I2C1Freq_Value=16000000
RCC.I2C3CLockSelection=RCC_I2C3CLKSOURCE_PCLK7
RCC.I2C3Freq_Value=16000000
RCC.IPParameters=ADCFreq_Value,AHB4Freq_Value,AHB5Freq_Value,AHBFreq_Value,APB1Freq_Value,APB1TimFreq_Value,APB2Freq_Value,APB2TimFreq_Value,APB7Freq_Value,ASFreq_Value,CortexCLockSelectionVirtual,CortexFreq_Value,FCLKCortexFreq_Value,FSFreq_Value,FamilyName,HCLKFreq_Value,HSESYSFreq_VALUE,HSE_VALUE,HSI_VALUE,HseDiv,I2C1CLockSelection,I2C1Freq_Value,I2C3CLockSelection,I2C3Freq_Value,LPTIM1Freq_Value,LPTIM2Freq_Value,LPUART1CLockSelectionVirtual,LPUART1Freq_Value,LSCOPinFreq_Value,LSI1_VALUE,LSI2_VALUE,LSI_VALUE,MCO1PinFreq_Value,PLLFRACN,PLLN,PLLPoutputFreq_Value,PLLQoutputFreq_Value,PLLRCLKFreq_Value,PREFETCH_ENABLE,PWR_Regulator_Voltage_Scale,RCC_MCODiv,RNGFreq_Value,RSTClockSelectionVirtual,RSTFreq_Value,RSTRFFreq_Value,RTCClockSelection,RTCFreq_Value,SAESFreq_Value,SAI1Freq_Value,SPI1CLockSelection,SPI1Freq_Value,SPI3CLockSelection,SPI3Freq_Value,SYSCLKFreq_VALUE,SYSCLKSourceVirtual,USART1CLockSelectionVirtual,USART1Freq_Value,USART2CLockSelectionVirtual,USART2Freq_Value,VCOInputFreq_Value,VCOOutputFreq_Value,WatchDogFreq_Value
RCC.LPTIM1Freq_Value=16000000
RCC.LPTIM2Freq_Value=16000000
RCC.LPUART1CLockSelectionVirtual=RCC_LPUART1CLKSOURCE_PCLK7
RCC.LPUART1Freq_Value=16000000
RCC.LSCOPinFreq_Value=32000
RCC.LSI1_VALUE=32000
RCC.LSI2_VALUE=32000
RCC.LSI_VALUE=32000
RCC.MCO1PinFreq_Value=1000000
RCC.PLLFRACN=0
RCC.PLLN=8
RCC.PLLPoutputFreq_Value=64000000
RCC.PLLQoutputFreq_Value=64000000
RCC.PLLRCLKFreq_Value=64000000
RCC.PREFETCH_ENABLE=1
RCC.PWR_Regulator_Voltage_Scale=PWR_REGULATOR_VOLTAGE_SCALE2
RCC.RCC_MCODiv=RCC_MCODIV_16
RCC.RNGFreq_Value=16000000
RCC.RSTClockSelectionVirtual=RCC_RADIOSTCLKSOURCE_LSE
RCC.RSTFreq_Value=32768
RCC.RSTRFFreq_Value=32000000
RCC.RTCClockSelection=RCC_RTCCLKSOURCE_LSE
RCC.RTCFreq_Value=32768
RCC.SAESFreq_Value=16000000
RCC.SAI1Freq_Value=16000000
RCC.SPI1CLockSelection=RCC_SPI1CLKSOURCE_PCLK2
RCC.SPI1Freq_Value=8000000
RCC.SPI3CLockSelection=RCC_SPI3CLKSOURCE_PCLK7
RCC.SPI3Freq_Value=16000000
RCC.SYSCLKFreq_VALUE=16000000
RCC.SYSCLKSourceVirtual=RCC_SYSCLKSOURCE_HSE
RCC.USART1CLockSelectionVirtual=RCC_USART1CLKSOURCE_HSI
RCC.USART1Freq_Value=16000000
RCC.USART2CLockSelectionVirtual=RCC_USART2CLKSOURCE_PCLK1
RCC.USART2Freq_Value=16000000
RCC.VCOInputFreq_Value=16000000
RCC.VCOOutputFreq_Value=128000000
RCC.WatchDogFreq_Value=32000
RNG.ClockErrorDetection=RNG_CED_DISABLE
RNG.IPParameters=ClockErrorDetection
RTC.Alarm-Alarm\ A=RTC_ALARM_A
RTC.AsynchPrediv=31
RTC.BinMode=RTC_BINARY_ONLY
RTC.BinaryAutoClr_A-Alarm\ A=RTC_ALARMSUBSECONDBIN_AUTOCLR_NO
RTC.IPParameters=BinMode,Alarm-Alarm A,BinaryAutoClr_A-Alarm A,AsynchPrediv
STM32_WPAN.AD_SERVICE_CLASS_UUID_10_INV=00 00
STM32_WPAN.AD_SERVICE_CLASS_UUID_11_INV=00 00
STM32_WPAN.AD_SERVICE_CLASS_UUID_1_INV=00 00
STM32_WPAN.AD_SERVICE_CLASS_UUID_2_INV=00 00
STM32_WPAN.AD_SERVICE_CLASS_UUID_3_INV=00 00
STM32_WPAN.AD_SERVICE_CLASS_UUID_4_INV=00 00
STM32_WPAN.AD_SERVICE_CLASS_UUID_5_INV=00 00
STM32_WPAN.AD_SERVICE_CLASS_UUID_6_INV=00 00
STM32_WPAN.AD_SERVICE_CLASS_UUID_7_INV=00 00
STM32_WPAN.AD_SERVICE_CLASS_UUID_8_INV=00 00
STM32_WPAN.AD_SERVICE_CLASS_UUID_9_INV=00 00
STM32_WPAN.AD_TYPE_128_BIT_SERV_UUID_CMPLT_LIST_INV=00,00,00,00,00,00,00,00,00,00,00,00,00,00,00,00
STM32_WPAN.AD_TYPE_128_BIT_SERV_UUID_CMPLT_LIST_LENGTH=17
STM32_WPAN.AD_TYPE_16_BIT_SERV_UUID_CMPLT_LIST_LENGTH=1
STM32_WPAN.AD_TYPE_ADVERTISING_INTERVAL=0
STM32_WPAN.AD_TYPE_ADVERTISING_INTERVAL_VALUE=0
STM32_WPAN.AD_TYPE_ADVERTISING_INTERVAL_VALUE_HEX=0
STM32_WPAN.AD_TYPE_APPEARANCE=0
STM32_WPAN.AD_TYPE_COMPLETE_LOCAL_NAME=p2pS_LR_XX
STM32_WPAN.AD_TYPE_COMPLETE_LOCAL_NAME_LENGTH=11
STM32_WPAN.AD_TYPE_LE_ROLE=0
STM32_WPAN.AD_TYPE_MANUFACTURER_DATA_NBR=12
STM32_WPAN.AD_TYPE_SHORTENED_LOCAL_NAME_LENGTH=0
STM32_WPAN.AD_TYPE_SLAVE_CONN_INTERVAL_MAX=0
STM32_WPAN.AD_TYPE_SLAVE_CONN_INTERVAL_MAX_HEXA=0
STM32_WPAN.AD_TYPE_SLAVE_CONN_INTERVAL_MIN=0
STM32_WPAN.AD_TYPE_SLAVE_CONN_INTERVAL_MIN_HEXA=0
STM32_WPAN.AD_TYPE_SLAVE_CONN_INTERVAL_MIN_MAX=0
STM32_WPAN.AD_TYPE_TX_POWER_LEVEL=(0x18) /* -0.15dBm */
STM32_WPAN.AD_TYPE_URI_DATA=0
STM32_WPAN.AD_TYPE_URI_DATA_LENGTH=0
STM32_WPAN.AD_TYPE_URI_LENGTH=1
STM32_WPAN.BLE_MODE_CENTRAL=Disabled
STM32_WPAN.BLE_MODE_PERIPHERAL=Enabled
STM32_WPAN.BLE_MODE_PERIPHERAL_CENTRAL=Disabled
STM32_WPAN.BLE_MODE_TRANSPARENT_UART=Disabled
STM32_WPAN.BLE_OPTIONS_APPEARANCE_WRITABLE=0
STM32_WPAN.BLE_OPTIONS_DEV_NAME_READ_ONLY=0
STM32_WPAN.BLE_OPTIONS_ENHANCED_ATT=0
STM32_WPAN.BLE_OPTIONS_EXTENDED_ADV=BLE_OPTIONS_EXTENDED_ADV
STM32_WPAN.BLE_OPTIONS_GATT_CACHING=0
STM32_WPAN.BLE_OPTIONS_LL_ONLY=0
STM32_WPAN.BLE_OPTIONS_NO_SVC_CHANGE_DESC=0
STM32_WPAN.BLE_OPTIONS_POWER_CLASS_1=0
STM32_WPAN.BLE_OPTIONS_REDUCED_DB_IN_NVM=0
STM32_WPAN.BSP.number=1
STM32_WPAN.CFG_AMM_VIRTUAL_BUFFER_SIZE_1=400
STM32_WPAN.CFG_AMM_VIRTUAL_ID_NAME_10=CFG_AMM_VIRTUAL_MEM10
STM32_WPAN.CFG_AMM_VIRTUAL_ID_NAME_3=CFG_AMM_VIRTUAL_MEM3
STM32_WPAN.CFG_AMM_VIRTUAL_ID_NAME_4=CFG_AMM_VIRTUAL_MEM4
STM32_WPAN.CFG_AMM_VIRTUAL_ID_NAME_5=CFG_AMM_VIRTUAL_MEM5
STM32_WPAN.CFG_AMM_VIRTUAL_ID_NAME_6=CFG_AMM_VIRTUAL_MEM6
STM32_WPAN.CFG_AMM_VIRTUAL_ID_NAME_7=CFG_AMM_VIRTUAL_MEM7
STM32_WPAN.CFG_AMM_VIRTUAL_ID_NAME_8=CFG_AMM_VIRTUAL_MEM8
STM32_WPAN.CFG_AMM_VIRTUAL_ID_NAME_9=CFG_AMM_VIRTUAL_MEM9
STM32_WPAN.CFG_AMM_VIRTUAL_ID_NBR_10=0
STM32_WPAN.CFG_AMM_VIRTUAL_ID_NBR_3=0
STM32_WPAN.CFG_AMM_VIRTUAL_ID_NBR_4=0
STM32_WPAN.CFG_AMM_VIRTUAL_ID_NBR_5=0
STM32_WPAN.CFG_AMM_VIRTUAL_ID_NBR_6=0
STM32_WPAN.CFG_AMM_VIRTUAL_ID_NBR_7=0
STM32_WPAN.CFG_AMM_VIRTUAL_ID_NBR_8=0
STM32_WPAN.CFG_AMM_VIRTUAL_ID_NBR_9=0
STM32_WPAN.CFG_BLE_ATT_MTU_MAX=251
STM32_WPAN.CFG_BLE_ERK_HEX=0xFE, 0xDC, 0xBA, 0x09, 0x87, 0x65, 0x43, 0x21, 0xFE, 0xDC, 0xBA, 0x09, 0x87, 0x65, 0x43, 0x21
STM32_WPAN.CFG_BLE_EXTENDED_ADV=1
STM32_WPAN.CFG_BLE_IRK_HEX=0x12, 0x34, 0x56, 0x78, 0x9A, 0xBC, 0xDE, 0xF0, 0x12, 0x34, 0x56, 0x78, 0x9A, 0xBC, 0xDE, 0xF0
STM32_WPAN.CFG_BLE_NUM_LINK=8
STM32_WPAN.CFG_BONDING_MODE=1
STM32_WPAN.CFG_DEBUG_APP_TRACE=1
STM32_WPAN.CFG_DEBUG_TRACE_FULL=1
STM32_WPAN.CFG_DEBUG_TRACE_LIGHT=0
STM32_WPAN.CFG_ENCRYPTION_KEY_SIZE_MAX=16
STM32_WPAN.CFG_ENCRYPTION_KEY_SIZE_MIN=8
STM32_WPAN.CFG_FIXED_PIN=111111
STM32_WPAN.CFG_GAP_DEVICE_NAME=Peer to Peer Server LongRange
STM32_WPAN.CFG_GAP_DEVICE_NAME_LENGTH=29
STM32_WPAN.CFG_HW_USART1_ENABLED=1
STM32_WPAN.CFG_LOG_SUPPORTED=1
STM32_WPAN.CFG_LPM_LEVEL=0
STM32_WPAN.CFG_LSCLK_LSE=0
STM32_WPAN.CFG_MM_POOL_SIZE=4000
STM32_WPAN.CFG_PHY_PREF_RX=HCI_RX_PHYS_LE_1M_PREF | HCI_RX_PHYS_LE_2M_PREF | HCI_RX_PHYS_LE_CODED_PREF
STM32_WPAN.CFG_PHY_PREF_TX=HCI_TX_PHYS_LE_1M_PREF | HCI_TX_PHYS_LE_2M_PREF | HCI_TX_PHYS_LE_CODED_PREF
STM32_WPAN.CFG_TX_POWER=(0x19) /* 0x19 <\=> -0.3 dBm */
STM32_WPAN.CFG_USED_FIXED_PIN=0
STM32_WPAN.GAP_PERIPHERAL_ROLE=1
STM32_WPAN.INCLUDE_AD_TYPE_COMPLETE_LOCAL_NAME=1
STM32_WPAN.INCLUDE_AD_TYPE_MANUFACTURER_SPECIFIC_DATA=1
STM32_WPAN.IPParameters=CFG_HW_USART1_ENABLED,RADIO_INTR_PRIO_LOW,CFG_DEBUG_TRACE_LIGHT,CFG_DEBUG_TRACE_FULL,CFG_DEBUG_APP_TRACE,GAP_PERIPHERAL_ROLE,CFG_GAP_DEVICE_NAME,CFG_GAP_DEVICE_NAME_LENGTH,INCLUDE_AD_TYPE_COMPLETE_LOCAL_NAME,AD_TYPE_COMPLETE_LOCAL_NAME,AD_TYPE_COMPLETE_LOCAL_NAME_LENGTH,STATIC_RANDOM_ADDRESS,SERVICE1_UUID,SERVICE1_LONG_NAME,SERVICE1_SHORT_NAME,SERVICE1_NUMBER_OF_CHARACTERISTICS,SERVICE1_CHAR1_UUID,SERVICE1_CHAR1_LONG_NAME,SERVICE1_CHAR1_SHORT_NAME,SERVICE1_CHAR1_VALUE_LENGTH,SERVICE1_CHAR1_LENGTH_CHARACTERISTIC,SERVICE1_CHAR1_PROP_READ,SERVICE1_CHAR1_PROP_WRITE_WITHOUT_RESP,SERVICE1_CHAR1_GATT_NOTIFY_WRITE_REQ_AND_WAIT_FOR_APPL_RESP,SERVICE1_CHAR1_GATT_NOTIFY_READ_REQ_AND_WAIT_FOR_APPL_RESP,SERVICE1_CHAR2_UUID,SERVICE1_CHAR2_LONG_NAME,SERVICE1_CHAR2_SHORT_NAME,SERVICE1_CHAR2_VALUE_LENGTH,SERVICE1_CHAR2_LENGTH_CHARACTERISTIC,SERVICE1_CHAR2_PROP_WRITE,SERVICE1_CHAR2_GATT_NOTIFY_WRITE_REQ_AND_WAIT_FOR_APPL_RESP,SERVICE1_CHAR2_GATT_NOTIFY_READ_REQ_AND_WAIT_FOR_APPL_RESP,INCLUDE_AD_TYPE_MANUFACTURER_SPECIFIC_DATA,AD_TYPE_MANUFACTURER_DATA_NBR,SERVICE1_CHAR2_PROP_NOTIFY,CFG_BLE_NUM_LINK,AD_TYPE_16_BIT_SERV_UUID_CMPLT_LIST_LENGTH,AD_SERVICE_CLASS_UUID_5_INV,SERVICE1_CHAR4_UUID_128_INPUT_TYPE,SERVICE1_CHAR4_UUID,SERVICE1_CHAR5_UUID_TYPE,SERVICE2_CHAR2_LONG_NAME,SERVICE2_CHAR2_SHORT_NAME,SERVICE2_CHAR2_VALUE_LENGTH,SERVICE2_CHAR2_LENGTH_CHARACTERISTIC,SERVICE2_CHAR3_ENC_KEY_SIZE,SERVICE4_CHAR1_LONG_NAME,BLE_MODE_TRANSPARENT_UART,BLE_MODE_PERIPHERAL,BLE_MODE_CENTRAL,BLE_MODE_PERIPHERAL_CENTRAL,CFG_BONDING_MODE,CFG_FIXED_PIN,CFG_USED_FIXED_PIN,CFG_ENCRYPTION_KEY_SIZE_MAX,CFG_ENCRYPTION_KEY_SIZE_MIN,CFG_BLE_IRK_HEX,CFG_BLE_ERK_HEX,CFG_AMM_VIRTUAL_ID_NBR_3,CFG_AMM_VIRTUAL_ID_NAME_3,CFG_AMM_VIRTUAL_ID_NBR_4,CFG_AMM_VIRTUAL_ID_NAME_4,CFG_AMM_VIRTUAL_ID_NBR_5,CFG_AMM_VIRTUAL_ID_NAME_5,CFG_AMM_VIRTUAL_ID_NBR_6,CFG_AMM_VIRTUAL_ID_NAME_6,CFG_AMM_VIRTUAL_ID_NBR_7,CFG_AMM_VIRTUAL_ID_NAME_7,CFG_AMM_VIRTUAL_ID_NBR_8,CFG_AMM_VIRTUAL_ID_NAME_8,CFG_AMM_VIRTUAL_ID_NBR_9,CFG_AMM_VIRTUAL_ID_NAME_9,CFG_AMM_VIRTUAL_ID_NBR_10,CFG_AMM_VIRTUAL_ID_NAME_10,LOCAL_NAME,LOCAL_NAME_FORMATTED,SERVICE_CHAR_ATTR_PERMISSION_NONE,SERVICE_CHAR_GATT_DONT_NOTIFY_EVENTS,AD_TYPE_TX_POWER_LEVEL,AD_TYPE_SHORTENED_LOCAL_NAME_LENGTH,AD_TYPE_APPEARANCE,AD_TYPE_ADVERTISING_INTERVAL,AD_TYPE_ADVERTISING_INTERVAL_VALUE,AD_TYPE_ADVERTISING_INTERVAL_VALUE_HEX,AD_TYPE_LE_ROLE,AD_SERVICE_CLASS_UUID_1_INV,AD_SERVICE_CLASS_UUID_2_INV,AD_SERVICE_CLASS_UUID_3_INV,AD_SERVICE_CLASS_UUID_4_INV,AD_SERVICE_CLASS_UUID_6_INV,AD_SERVICE_CLASS_UUID_7_INV,AD_SERVICE_CLASS_UUID_8_INV,AD_SERVICE_CLASS_UUID_9_INV,AD_SERVICE_CLASS_UUID_10_INV,AD_SERVICE_CLASS_UUID_11_INV,AD_TYPE_128_BIT_SERV_UUID_CMPLT_LIST_LENGTH,AD_TYPE_128_BIT_SERV_UUID_CMPLT_LIST_INV,AD_TYPE_SLAVE_CONN_INTERVAL_MIN_MAX,AD_TYPE_SLAVE_CONN_INTERVAL_MIN,AD_TYPE_SLAVE_CONN_INTERVAL_MIN_HEXA,AD_TYPE_SLAVE_CONN_INTERVAL_MAX,AD_TYPE_SLAVE_CONN_INTERVAL_MAX_HEXA,AD_TYPE_URI_LENGTH,AD_TYPE_URI_DATA,AD_TYPE_URI_DATA_LENGTH,SERVICE1_CHAR3_UUID_TYPE,SERVICE1_CHAR3_UUID_128_INPUT_TYPE,SERVICE1_CHAR3_UUID_ALLOCATION_TYPE,SERVICE1_CHAR3_UUID,SERVICE1_CHAR3_LONG_NAME,SERVICE1_CHAR3_SHORT_NAME,SERVICE1_CHAR3_VALUE_LENGTH,SERVICE1_CHAR3_LENGTH_CHARACTERISTIC,SERVICE1_CHAR3_ENC_KEY_SIZE,SERVICE1_CHAR3_GATT_NOTIFY_ATTRIBUTE_WRITE,SERVICE1_CHAR3_GATT_NOTIFY_WRITE_REQ_AND_WAIT_FOR_APPL_RESP,SERVICE1_CHAR3_GATT_NOTIFY_READ_REQ_AND_WAIT_FOR_APPL_RESP,SERVICE1_CHAR4_UUID_TYPE,SERVICE1_CHAR4_UUID_ALLOCATION_TYPE,SERVICE1_CHAR4_LONG_NAME,SERVICE1_CHAR4_SHORT_NAME,SERVICE1_CHAR4_VALUE_LENGTH,SERVICE1_CHAR4_LENGTH_CHARACTERISTIC,SERVICE1_CHAR4_ENC_KEY_SIZE,SERVICE1_CHAR4_GATT_NOTIFY_ATTRIBUTE_WRITE,SERVICE1_CHAR4_GATT_NOTIFY_WRITE_REQ_AND_WAIT_FOR_APPL_RESP,SERVICE1_CHAR4_GATT_NOTIFY_READ_REQ_AND_WAIT_FOR_APPL_RESP,SERVICE1_CHAR5_UUID_128_INPUT_TYPE,SERVICE1_CHAR5_UUID_ALLOCATION_TYPE,SERVICE1_CHAR5_UUID,SERVICE1_CHAR5_LONG_NAME,SERVICE1_CHAR5_SHORT_NAME,SERVICE1_CHAR5_VALUE_LENGTH,SERVICE1_CHAR5_LENGTH_CHARACTERISTIC,SERVICE1_CHAR5_ENC_KEY_SIZE,SERVICE1_CHAR5_GATT_NOTIFY_ATTRIBUTE_WRITE,SERVICE1_CHAR5_GATT_NOTIFY_WRITE_REQ_AND_WAIT_FOR_APPL_RESP,SERVICE1_CHAR5_GATT_NOTIFY_READ_REQ_AND_WAIT_FOR_APPL_RESP,SERVICE2,SERVICE2_UUID_TYPE,SERVICE2_UUID_ALLOCATION_TYPE,SERVICE2_UUID,SERVICE2_LONG_NAME,SERVICE2_SHORT_NAME,SERVICE2_TYPE,SERVICE2_MAX_ATTRIBUTES_RECORDS,SERVICE2_NUMBER_OF_CHARACTERISTICS,SERVICE2_CHAR1_UUID_TYPE,SERVICE2_CHAR1_UUID_128_INPUT_TYPE,SERVICE2_CHAR1_UUID_ALLOCATION_TYPE,SERVICE2_CHAR1_UUID,SERVICE2_CHAR1_LONG_NAME,SERVICE2_CHAR1_SHORT_NAME,SERVICE2_CHAR1_VALUE_LENGTH,SERVICE2_CHAR1_LENGTH_CHARACTERISTIC,SERVICE2_CHAR1_ENC_KEY_SIZE,SERVICE2_CHAR1_GATT_NOTIFY_ATTRIBUTE_WRITE,SERVICE2_CHAR1_GATT_NOTIFY_WRITE_REQ_AND_WAIT_FOR_APPL_RESP,SERVICE2_CHAR1_GATT_NOTIFY_READ_REQ_AND_WAIT_FOR_APPL_RESP,SERVICE2_CHAR2_UUID_TYPE,SERVICE2_CHAR2_UUID_128_INPUT_TYPE,SERVICE2_CHAR2_UUID_ALLOCATION_TYPE,SERVICE2_CHAR2_UUID,SERVICE2_CHAR2_ENC_KEY_SIZE,SERVICE2_CHAR2_GATT_NOTIFY_ATTRIBUTE_WRITE,SERVICE2_CHAR2_GATT_NOTIFY_WRITE_REQ_AND_WAIT_FOR_APPL_RESP,SERVICE2_CHAR2_GATT_NOTIFY_READ_REQ_AND_WAIT_FOR_APPL_RESP,SERVICE2_CHAR3_UUID_TYPE,SERVICE2_CHAR3_UUID_128_INPUT_TYPE,SERVICE2_CHAR3_UUID_ALLOCATION_TYPE,SERVICE2_CHAR3_UUID,SERVICE2_CHAR3_LONG_NAME,SERVICE2_CHAR3_SHORT_NAME,SERVICE2_CHAR3_VALUE_LENGTH,SERVICE2_CHAR3_LENGTH_CHARACTERISTIC,SERVICE2_CHAR3_GATT_NOTIFY_ATTRIBUTE_WRITE,SERVICE2_CHAR3_GATT_NOTIFY_WRITE_REQ_AND_WAIT_FOR_APPL_RESP,SERVICE2_CHAR3_GATT_NOTIFY_READ_REQ_AND_WAIT_FOR_APPL_RESP,SERVICE2_CHAR4_UUID_TYPE,SERVICE2_CHAR4_UUID_128_INPUT_TYPE,SERVICE2_CHAR4_UUID_ALLOCATION_TYPE,SERVICE2_CHAR4_UUID,SERVICE2_CHAR4_LONG_NAME,SERVICE2_CHAR4_SHORT_NAME,SERVICE2_CHAR4_VALUE_LENGTH,SERVICE2_CHAR4_LENGTH_CHARACTERISTIC,SERVICE2_CHAR4_ENC_KEY_SIZE,SERVICE2_CHAR4_GATT_NOTIFY_ATTRIBUTE_WRITE,SERVICE2_CHAR4_GATT_NOTIFY_WRITE_REQ_AND_WAIT_FOR_APPL_RESP,SERVICE2_CHAR4_GATT_NOTIFY_READ_REQ_AND_WAIT_FOR_APPL_RESP,SERVICE2_CHAR5_UUID_TYPE,SERVICE2_CHAR5_UUID_128_INPUT_TYPE,SERVICE2_CHAR5_UUID_ALLOCATION_TYPE,SERVICE2_CHAR5_UUID,SERVICE2_CHAR5_LONG_NAME,SERVICE2_CHAR5_SHORT_NAME,SERVICE2_CHAR5_VALUE_LENGTH,SERVICE2_CHAR5_GATT_NOTIFY_WRITE_REQ_AND_WAIT_FOR_APPL_RESP,SERVICE2_CHAR5_GATT_NOTIFY_READ_REQ_AND_WAIT_FOR_APPL_RESP,SERVICE3,SERVICE3_UUID_TYPE,SERVICE4_CHAR1_SHORT_NAME,SERVICE4_CHAR1_VALUE_LENGTH,SERVICE4_CHAR1_LENGTH_CHARACTERISTIC,SERVICE4_CHAR1_ENC_KEY_SIZE,CFG_TX_POWER,PAIRING_PARAMETERS,CFG_BLE_ATT_MTU_MAX,RADIO_SW_LOW_INTR_NUM,RT_DEBUG_GPIO_MODULE,SNVMA_POLY_CRC16,CFG_MM_POOL_SIZE,NUMBER_OF_SERVICES,CFG_AMM_VIRTUAL_BUFFER_SIZE_1,CFG_BLE_EXTENDED_ADV,BLE_OPTIONS_EXTENDED_ADV,BLE_OPTIONS_LL_ONLY,BLE_OPTIONS_NO_SVC_CHANGE_DESC,BLE_OPTIONS_DEV_NAME_READ_ONLY,BLE_OPTIONS_REDUCED_DB_IN_NVM,BLE_OPTIONS_GATT_CACHING,BLE_OPTIONS_POWER_CLASS_1,BLE_OPTIONS_APPEARANCE_WRITABLE,BLE_OPTIONS_ENHANCED_ATT,CFG_LOG_SUPPORTED,CFG_LPM_LEVEL,CFG_RF_TX_POWER_TABLE_ID,CFG_PHY_PREF_TX,CFG_PHY_PREF_RX,CFG_LSCLK_LSE,USE_SNVMA_NVM,USE_TEMPERATURE_BASED_RADIO_CALIBRATION
STM32_WPAN.LOCAL_NAME=0
STM32_WPAN.LOCAL_NAME_FORMATTED=LocalName
STM32_WPAN.NUMBER_OF_SERVICES=1
STM32_WPAN.PAIRING_PARAMETERS=ON
STM32_WPAN.RADIO_INTR_PRIO_LOW=5
STM32_WPAN.RADIO_SW_LOW_INTR_NUM=HASH_IRQn
STM32_WPAN.CFG_RF_TX_POWER_TABLE_ID=3
STM32_WPAN.RT_DEBUG_GPIO_MODULE=0
STM32_WPAN.SERVICE1_CHAR1_GATT_NOTIFY_READ_REQ_AND_WAIT_FOR_APPL_RESP=\ 
STM32_WPAN.SERVICE1_CHAR1_GATT_NOTIFY_WRITE_REQ_AND_WAIT_FOR_APPL_RESP=\ 
STM32_WPAN.SERVICE1_CHAR1_LENGTH_CHARACTERISTIC=CHAR_VALUE_LEN_VARIABLE
STM32_WPAN.SERVICE1_CHAR1_LONG_NAME=My_LED_Char
STM32_WPAN.SERVICE1_CHAR1_PROP_READ=CHAR_PROP_READ
STM32_WPAN.SERVICE1_CHAR1_PROP_WRITE_WITHOUT_RESP=CHAR_PROP_WRITE_WITHOUT_RESP
STM32_WPAN.SERVICE1_CHAR1_SHORT_NAME=LED_C
STM32_WPAN.SERVICE1_CHAR1_UUID=FE 41
STM32_WPAN.SERVICE1_CHAR1_VALUE_LENGTH=2
STM32_WPAN.SERVICE1_CHAR2_GATT_NOTIFY_READ_REQ_AND_WAIT_FOR_APPL_RESP=\ 
STM32_WPAN.SERVICE1_CHAR2_GATT_NOTIFY_WRITE_REQ_AND_WAIT_FOR_APPL_RESP=\ 
STM32_WPAN.SERVICE1_CHAR2_LENGTH_CHARACTERISTIC=CHAR_VALUE_LEN_VARIABLE
STM32_WPAN.SERVICE1_CHAR2_LONG_NAME=My_Switch_Char
STM32_WPAN.SERVICE1_CHAR2_PROP_NOTIFY=CHAR_PROP_NOTIFY
STM32_WPAN.SERVICE1_CHAR2_PROP_WRITE=\ 
STM32_WPAN.SERVICE1_CHAR2_SHORT_NAME=SWITCH_C
STM32_WPAN.SERVICE1_CHAR2_UUID=FE 42
STM32_WPAN.SERVICE1_CHAR2_VALUE_LENGTH=2
STM32_WPAN.SERVICE1_CHAR3_ENC_KEY_SIZE=0x10
STM32_WPAN.SERVICE1_CHAR3_GATT_NOTIFY_ATTRIBUTE_WRITE=GATT_NOTIFY_ATTRIBUTE_WRITE
STM32_WPAN.SERVICE1_CHAR3_GATT_NOTIFY_READ_REQ_AND_WAIT_FOR_APPL_RESP=GATT_NOTIFY_READ_REQ_AND_WAIT_FOR_APPL_RESP
STM32_WPAN.SERVICE1_CHAR3_GATT_NOTIFY_WRITE_REQ_AND_WAIT_FOR_APPL_RESP=GATT_NOTIFY_WRITE_REQ_AND_WAIT_FOR_APPL_RESP
STM32_WPAN.SERVICE1_CHAR3_LENGTH_CHARACTERISTIC=CHAR_VALUE_LEN_CONSTANT
STM32_WPAN.SERVICE1_CHAR3_LONG_NAME=Please enter a Characteristic Long Name
STM32_WPAN.SERVICE1_CHAR3_SHORT_NAME=Please enter a Characteristic Short Name
STM32_WPAN.SERVICE1_CHAR3_UUID=00 00
STM32_WPAN.SERVICE1_CHAR3_UUID_128_INPUT_TYPE=0
STM32_WPAN.SERVICE1_CHAR3_UUID_ALLOCATION_TYPE=0
STM32_WPAN.SERVICE1_CHAR3_UUID_TYPE=0
STM32_WPAN.SERVICE1_CHAR3_VALUE_LENGTH=1
STM32_WPAN.SERVICE1_CHAR4_ENC_KEY_SIZE=0x10
STM32_WPAN.SERVICE1_CHAR4_GATT_NOTIFY_ATTRIBUTE_WRITE=GATT_NOTIFY_ATTRIBUTE_WRITE
STM32_WPAN.SERVICE1_CHAR4_GATT_NOTIFY_READ_REQ_AND_WAIT_FOR_APPL_RESP=GATT_NOTIFY_READ_REQ_AND_WAIT_FOR_APPL_RESP
STM32_WPAN.SERVICE1_CHAR4_GATT_NOTIFY_WRITE_REQ_AND_WAIT_FOR_APPL_RESP=GATT_NOTIFY_WRITE_REQ_AND_WAIT_FOR_APPL_RESP
STM32_WPAN.SERVICE1_CHAR4_LENGTH_CHARACTERISTIC=CHAR_VALUE_LEN_CONSTANT
STM32_WPAN.SERVICE1_CHAR4_LONG_NAME=Please enter a Characteristic Long Name
STM32_WPAN.SERVICE1_CHAR4_SHORT_NAME=Please enter a Characteristic Short Name
STM32_WPAN.SERVICE1_CHAR4_UUID=00 00
STM32_WPAN.SERVICE1_CHAR4_UUID_128_INPUT_TYPE=0
STM32_WPAN.SERVICE1_CHAR4_UUID_ALLOCATION_TYPE=0
STM32_WPAN.SERVICE1_CHAR4_UUID_TYPE=0
STM32_WPAN.SERVICE1_CHAR4_VALUE_LENGTH=1
STM32_WPAN.SERVICE1_CHAR5_ENC_KEY_SIZE=0x10
STM32_WPAN.SERVICE1_CHAR5_GATT_NOTIFY_ATTRIBUTE_WRITE=GATT_NOTIFY_ATTRIBUTE_WRITE
STM32_WPAN.SERVICE1_CHAR5_GATT_NOTIFY_READ_REQ_AND_WAIT_FOR_APPL_RESP=GATT_NOTIFY_READ_REQ_AND_WAIT_FOR_APPL_RESP
STM32_WPAN.SERVICE1_CHAR5_GATT_NOTIFY_WRITE_REQ_AND_WAIT_FOR_APPL_RESP=GATT_NOTIFY_WRITE_REQ_AND_WAIT_FOR_APPL_RESP
STM32_WPAN.SERVICE1_CHAR5_LENGTH_CHARACTERISTIC=CHAR_VALUE_LEN_CONSTANT
STM32_WPAN.SERVICE1_CHAR5_LONG_NAME=Please enter a Characteristic Long Name
STM32_WPAN.SERVICE1_CHAR5_SHORT_NAME=Please enter a Characteristic Short Name
STM32_WPAN.SERVICE1_CHAR5_UUID=00 00
STM32_WPAN.SERVICE1_CHAR5_UUID_128_INPUT_TYPE=0
STM32_WPAN.SERVICE1_CHAR5_UUID_ALLOCATION_TYPE=0
STM32_WPAN.SERVICE1_CHAR5_UUID_TYPE=0
STM32_WPAN.SERVICE1_CHAR5_VALUE_LENGTH=1
STM32_WPAN.SERVICE1_LONG_NAME=P2P_Server
STM32_WPAN.SERVICE1_NUMBER_OF_CHARACTERISTICS=2
STM32_WPAN.SERVICE1_SHORT_NAME=P2P_Server
STM32_WPAN.SERVICE1_UUID=FE 40
STM32_WPAN.SERVICE2=0
STM32_WPAN.SERVICE2_CHAR1_ENC_KEY_SIZE=0x10
STM32_WPAN.SERVICE2_CHAR1_GATT_NOTIFY_ATTRIBUTE_WRITE=GATT_NOTIFY_ATTRIBUTE_WRITE
STM32_WPAN.SERVICE2_CHAR1_GATT_NOTIFY_READ_REQ_AND_WAIT_FOR_APPL_RESP=GATT_NOTIFY_READ_REQ_AND_WAIT_FOR_APPL_RESP
STM32_WPAN.SERVICE2_CHAR1_GATT_NOTIFY_WRITE_REQ_AND_WAIT_FOR_APPL_RESP=GATT_NOTIFY_WRITE_REQ_AND_WAIT_FOR_APPL_RESP
STM32_WPAN.SERVICE2_CHAR1_LENGTH_CHARACTERISTIC=CHAR_VALUE_LEN_CONSTANT
STM32_WPAN.SERVICE2_CHAR1_LONG_NAME=Please enter a Characteristic Long Name
STM32_WPAN.SERVICE2_CHAR1_SHORT_NAME=Please enter a Characteristic Short Name
STM32_WPAN.SERVICE2_CHAR1_UUID=00 00
STM32_WPAN.SERVICE2_CHAR1_UUID_128_INPUT_TYPE=0
STM32_WPAN.SERVICE2_CHAR1_UUID_ALLOCATION_TYPE=0
STM32_WPAN.SERVICE2_CHAR1_UUID_TYPE=0
STM32_WPAN.SERVICE2_CHAR1_VALUE_LENGTH=1
STM32_WPAN.SERVICE2_CHAR2_ENC_KEY_SIZE=0x10
STM32_WPAN.SERVICE2_CHAR2_GATT_NOTIFY_ATTRIBUTE_WRITE=GATT_NOTIFY_ATTRIBUTE_WRITE
STM32_WPAN.SERVICE2_CHAR2_GATT_NOTIFY_READ_REQ_AND_WAIT_FOR_APPL_RESP=GATT_NOTIFY_READ_REQ_AND_WAIT_FOR_APPL_RESP
STM32_WPAN.SERVICE2_CHAR2_GATT_NOTIFY_WRITE_REQ_AND_WAIT_FOR_APPL_RESP=GATT_NOTIFY_WRITE_REQ_AND_WAIT_FOR_APPL_RESP
STM32_WPAN.SERVICE2_CHAR2_LENGTH_CHARACTERISTIC=CHAR_VALUE_LEN_CONSTANT
STM32_WPAN.SERVICE2_CHAR2_LONG_NAME=Please enter a Characteristic Long Name
STM32_WPAN.SERVICE2_CHAR2_SHORT_NAME=Please enter a Characteristic Short Name
STM32_WPAN.SERVICE2_CHAR2_UUID=00 00
STM32_WPAN.SERVICE2_CHAR2_UUID_128_INPUT_TYPE=0
STM32_WPAN.SERVICE2_CHAR2_UUID_ALLOCATION_TYPE=0
STM32_WPAN.SERVICE2_CHAR2_UUID_TYPE=0
STM32_WPAN.SERVICE2_CHAR2_VALUE_LENGTH=1
STM32_WPAN.SERVICE2_CHAR3_ENC_KEY_SIZE=0x10
STM32_WPAN.SERVICE2_CHAR3_GATT_NOTIFY_ATTRIBUTE_WRITE=GATT_NOTIFY_ATTRIBUTE_WRITE
STM32_WPAN.SERVICE2_CHAR3_GATT_NOTIFY_READ_REQ_AND_WAIT_FOR_APPL_RESP=GATT_NOTIFY_READ_REQ_AND_WAIT_FOR_APPL_RESP
STM32_WPAN.SERVICE2_CHAR3_GATT_NOTIFY_WRITE_REQ_AND_WAIT_FOR_APPL_RESP=GATT_NOTIFY_WRITE_REQ_AND_WAIT_FOR_APPL_RESP
STM32_WPAN.SERVICE2_CHAR3_LENGTH_CHARACTERISTIC=CHAR_VALUE_LEN_CONSTANT
STM32_WPAN.SERVICE2_CHAR3_LONG_NAME=Please enter a Characteristic Long Name
STM32_WPAN.SERVICE2_CHAR3_SHORT_NAME=Please enter a Characteristic Short Name
STM32_WPAN.SERVICE2_CHAR3_UUID=00 00
STM32_WPAN.SERVICE2_CHAR3_UUID_128_INPUT_TYPE=0
STM32_WPAN.SERVICE2_CHAR3_UUID_ALLOCATION_TYPE=0
STM32_WPAN.SERVICE2_CHAR3_UUID_TYPE=0
STM32_WPAN.SERVICE2_CHAR3_VALUE_LENGTH=1
STM32_WPAN.SERVICE2_CHAR4_ENC_KEY_SIZE=0x10
STM32_WPAN.SERVICE2_CHAR4_GATT_NOTIFY_ATTRIBUTE_WRITE=GATT_NOTIFY_ATTRIBUTE_WRITE
STM32_WPAN.SERVICE2_CHAR4_GATT_NOTIFY_READ_REQ_AND_WAIT_FOR_APPL_RESP=GATT_NOTIFY_READ_REQ_AND_WAIT_FOR_APPL_RESP
STM32_WPAN.SERVICE2_CHAR4_GATT_NOTIFY_WRITE_REQ_AND_WAIT_FOR_APPL_RESP=GATT_NOTIFY_WRITE_REQ_AND_WAIT_FOR_APPL_RESP
STM32_WPAN.SERVICE2_CHAR4_LENGTH_CHARACTERISTIC=CHAR_VALUE_LEN_CONSTANT
STM32_WPAN.SERVICE2_CHAR4_LONG_NAME=Please enter a Characteristic Long Name
STM32_WPAN.SERVICE2_CHAR4_SHORT_NAME=Please enter a Characteristic Short Name
STM32_WPAN.SERVICE2_CHAR4_UUID=00 00
STM32_WPAN.SERVICE2_CHAR4_UUID_128_INPUT_TYPE=0
STM32_WPAN.SERVICE2_CHAR4_UUID_ALLOCATION_TYPE=0
STM32_WPAN.SERVICE2_CHAR4_UUID_TYPE=0
STM32_WPAN.SERVICE2_CHAR4_VALUE_LENGTH=1
STM32_WPAN.SERVICE2_CHAR5_GATT_NOTIFY_READ_REQ_AND_WAIT_FOR_APPL_RESP=GATT_NOTIFY_READ_REQ_AND_WAIT_FOR_APPL_RESP
STM32_WPAN.SERVICE2_CHAR5_GATT_NOTIFY_WRITE_REQ_AND_WAIT_FOR_APPL_RESP=GATT_NOTIFY_WRITE_REQ_AND_WAIT_FOR_APPL_RESP
STM32_WPAN.SERVICE2_CHAR5_LONG_NAME=Please enter a Characteristic Long Name
STM32_WPAN.SERVICE2_CHAR5_SHORT_NAME=Please enter a Characteristic Short Name
STM32_WPAN.SERVICE2_CHAR5_UUID=00 00
STM32_WPAN.SERVICE2_CHAR5_UUID_128_INPUT_TYPE=0
STM32_WPAN.SERVICE2_CHAR5_UUID_ALLOCATION_TYPE=0
STM32_WPAN.SERVICE2_CHAR5_UUID_TYPE=0
STM32_WPAN.SERVICE2_CHAR5_VALUE_LENGTH=1
STM32_WPAN.SERVICE2_LONG_NAME=Please enter a Service Long Name
STM32_WPAN.SERVICE2_MAX_ATTRIBUTES_RECORDS=0
STM32_WPAN.SERVICE2_NUMBER_OF_CHARACTERISTICS=1
STM32_WPAN.SERVICE2_SHORT_NAME=Please enter a Service Short Name
STM32_WPAN.SERVICE2_TYPE=PRIMARY_SERVICE
STM32_WPAN.SERVICE2_UUID=00 00
STM32_WPAN.SERVICE2_UUID_ALLOCATION_TYPE=0
STM32_WPAN.SERVICE2_UUID_TYPE=0
STM32_WPAN.SERVICE3=0
STM32_WPAN.SERVICE3_UUID_TYPE=0
STM32_WPAN.SERVICE4_CHAR1_ENC_KEY_SIZE=0x10
STM32_WPAN.SERVICE4_CHAR1_LENGTH_CHARACTERISTIC=CHAR_VALUE_LEN_CONSTANT
STM32_WPAN.SERVICE4_CHAR1_LONG_NAME=Please enter a Characteristic Long Name
STM32_WPAN.SERVICE4_CHAR1_SHORT_NAME=Please enter a Characteristic Short Name
STM32_WPAN.SERVICE4_CHAR1_VALUE_LENGTH=1
STM32_WPAN.SERVICE_CHAR_ATTR_PERMISSION_NONE=ATTR_PERMISSION_NONE
STM32_WPAN.SERVICE_CHAR_GATT_DONT_NOTIFY_EVENTS=GATT_DONT_NOTIFY_EVENTS
STM32_WPAN.SNVMA_POLY_CRC16=1DB7
STM32_WPAN.STATIC_RANDOM_ADDRESS=0xABCDABCDABCD
STM32_WPAN.USE_SNVMA_NVM=1
STM32_WPAN.USE_TEMPERATURE_BASED_RADIO_CALIBRATION=1
STM32_WPAN0.BSP.STBoard=false
STM32_WPAN0.BSP.api=Unknown
STM32_WPAN0.BSP.component=
STM32_WPAN0.BSP.condition=\!(S_BLE_TM | S_BLE_HOST_SIMPLE)
STM32_WPAN0.BSP.instance=USART1
STM32_WPAN0.BSP.ip=(LPU|US)ART
STM32_WPAN0.BSP.mode=Single Wire \\(Half-Duplex\\)|Asynchronous
STM32_WPAN0.BSP.name=Serial Link for Logs
STM32_WPAN0.BSP.semaphore=
STM32_WPAN0.BSP.solution=USART1
USART1.FIFOMode=FIFOMODE_ENABLE
USART1.IPParameters=VirtualMode-Asynchronous,OverSampling,FIFOMode
USART1.OverSampling=UART_OVERSAMPLING_8
USART1.VirtualMode-Asynchronous=VM_ASYNC
VP_ADC4_TempSens_Input.Mode=IN-TempSens
VP_ADC4_TempSens_Input.Signal=ADC4_TempSens_Input
VP_ADV_TRACE_VS_ADV_TRACE.Mode=ADV_TRACE_Enabled
VP_ADV_TRACE_VS_ADV_TRACE.Signal=ADV_TRACE_VS_ADV_TRACE
VP_AES_VS_AES.Mode=AES_Activate
VP_AES_VS_AES.Signal=AES_VS_AES
VP_COMMON_WPAN_VS_Utility_Common_1.0.0_1.0.0.Mode=Utility_Common
VP_COMMON_WPAN_VS_Utility_Common_1.0.0_1.0.0.Signal=COMMON_WPAN_VS_Utility_Common_1.0.0_1.0.0
VP_CORTEX_M33_NS_VS_Ext.Mode=External_Mode
VP_CORTEX_M33_NS_VS_Ext.Signal=CORTEX_M33_NS_VS_Ext
VP_CRC_VS_CRC.Mode=CRC_Activate
VP_CRC_VS_CRC.Signal=CRC_VS_CRC
VP_ICACHE_VS_ICACHE.Mode=DirectMappedCache
VP_ICACHE_VS_ICACHE.Signal=ICACHE_VS_ICACHE
VP_LPDMA1_VS_LPDMACH0.Mode=SIMPLEREQUEST_LPDMACH0
VP_LPDMA1_VS_LPDMACH0.Signal=LPDMA1_VS_LPDMACH0
VP_LPDMA1_VS_LPDMACH1.Mode=SIMPLEREQUEST_LPDMACH1
VP_LPDMA1_VS_LPDMACH1.Signal=LPDMA1_VS_LPDMACH1
VP_MISC_VS_MISC.Mode=MISC_Enabled
VP_MISC_VS_MISC.Signal=MISC_VS_MISC
VP_PKA_VS_PKA.Mode=PKA_Activate
VP_PKA_VS_PKA.Signal=PKA_VS_PKA
VP_PWR_VS_SECSignals.Mode=Security/Privilege
VP_PWR_VS_SECSignals.Signal=PWR_VS_SECSignals
VP_RAMCFG_VS_RAMCFG1.Mode=RAMCFG1_Activate
VP_RAMCFG_VS_RAMCFG1.Signal=RAMCFG_VS_RAMCFG1
VP_RF_VS_RF.Mode=RF_Activate
VP_RF_VS_RF.Signal=RF_VS_RF
VP_RNG_VS_RNG.Mode=RNG_Activate
VP_RNG_VS_RNG.Signal=RNG_VS_RNG
VP_RTC_VS_RTC_Activate.Mode=RTC_Enabled
VP_RTC_VS_RTC_Activate.Signal=RTC_VS_RTC_Activate
VP_RTC_VS_RTC_Alarm_A_Intern.Mode=Alarm A
VP_RTC_VS_RTC_Alarm_A_Intern.Signal=RTC_VS_RTC_Alarm_A_Intern
VP_RTC_VS_RTC_Calendar.Mode=RTC_Calendar
VP_RTC_VS_RTC_Calendar.Signal=RTC_VS_RTC_Calendar
VP_SEQUENCER_VS_SEQUENCER.Mode=SEQUENCER_Enabled
VP_SEQUENCER_VS_SEQUENCER.Signal=SEQUENCER_VS_SEQUENCER
VP_STM32_WPAN_VS_BLE_HOST_SP.Mode=BLE_Server
VP_STM32_WPAN_VS_BLE_HOST_SP.Signal=STM32_WPAN_VS_BLE_HOST_SP
VP_SYS_VS_Systick.Mode=SysTick
VP_SYS_VS_Systick.Signal=SYS_VS_Systick
VP_TIMER_VS_TIMER.Mode=TIMER_Enabled
VP_TIMER_VS_TIMER.Signal=TIMER_VS_TIMER
VP_TINY_LPM_VS_TINY_LPM.Mode=TINY_LPM_Enabled
VP_TINY_LPM_VS_TINY_LPM.Signal=TINY_LPM_VS_TINY_LPM
board=custom
ProjectManager.Example=BLE_Long_Range_Peripheral
ProjectManager.ExampleSource=CubeFw
