#MicroXplorer Configuration settings - do not modify
ADC4.Channel-1\#ChannelRegularConversion=ADC_CHANNEL_TEMPSENSOR
ADC4.IPParameters=Rank-1\#ChannelRegularConversion,Channel-1\#ChannelRegularConversion,SamplingTime-1\#ChannelRegularConversion,NbrOfConversionFlag,SamplingTimeCommon1,SelectedChannel
ADC4.NbrOfConversionFlag=1
ADC4.Rank-1\#ChannelRegularConversion=1
ADC4.SamplingTime-1\#ChannelRegularConversion=ADC_SAMPLINGTIME_COMMON_1
ADC4.SamplingTimeCommon1=ADC_SAMPLETIME_814CYCLES_5
ADC4.SelectedChannel=ADC_CHANNEL_TEMPSENSOR
BSP_IP_NAME=NUCLEO-WBA55CG
CAD.formats=
CAD.pinconfig=
CAD.provider=
CORTEX_M33_NS.userName=CORTEX_M33
File.Version=6
GPDMA1.DESTINC_GPDMACH1=DMA_DINC_INCREMENTED
GPDMA1.DIRECTION_GPDMACH0=DMA_MEMORY_TO_PERIPH
GPDMA1.IPHANDLE_GPDMACH0-SIMPLEREQUEST_GPDMACH0=__NULL
GPDMA1.IPHANDLE_GPDMACH1-SIMPLEREQUEST_GPDMACH1=__NULL
GPDMA1.IPParameters=IPHANDLE_GPDMACH0-SIMPLEREQUEST_GPDMACH0,REQUEST_GPDMACH0,SRCINC_GPDMACH0,DIRECTION_GPDMACH0,IPHANDLE_GPDMACH1-SIMPLEREQUEST_GPDMACH1,REQUEST_GPDMACH1,SRCINC_GPDMACH1,DESTINC_GPDMACH1
GPDMA1.REQUEST_GPDMACH0=GPDMA1_REQUEST_USART1_TX
GPDMA1.REQUEST_GPDMACH1=GPDMA1_REQUEST_USART1_RX
GPDMA1.SRCINC_GPDMACH0=DMA_SINC_INCREMENTED
GPDMA1.SRCINC_GPDMACH1=DMA_SINC_FIXED
GPIO.groupedBy=Group By Peripherals
KeepUserPlacement=false
MMTAppReg1.MEMORYMAP.AP=RW_priv_only
MMTAppReg1.MEMORYMAP.AppRegionName=RAM
MMTAppReg1.MEMORYMAP.ContextName=CortexM33
MMTAppReg1.MEMORYMAP.CoreName=ARM Cortex-M33
MMTAppReg1.MEMORYMAP.DefaultDataRegion=true
MMTAppReg1.MEMORYMAP.IPParameters=StartAddress,Size,CoreName,DefaultDataRegion,ContextName,Name,AP
MMTAppReg1.MEMORYMAP.Name=RAM
MMTAppReg1.MEMORYMAP.Size=131072
MMTAppReg1.MEMORYMAP.StartAddress=0x20000000
MMTAppReg2.MEMORYMAP.AP=RO_priv_only
MMTAppReg2.MEMORYMAP.AppRegionName=FLASH
MMTAppReg2.MEMORYMAP.Cacheability=WTRA
MMTAppReg2.MEMORYMAP.ContextName=CortexM33
MMTAppReg2.MEMORYMAP.CoreName=ARM Cortex-M33
MMTAppReg2.MEMORYMAP.DefaultCodeRegion=true
MMTAppReg2.MEMORYMAP.DefaultDataRegion=false
MMTAppReg2.MEMORYMAP.IPParameters=StartAddress,Size,CoreName,DefaultDataRegion,MemType,ContextName,Name,AP,Cacheability,DefaultCodeRegion
MMTAppReg2.MEMORYMAP.MemType=ROM
MMTAppReg2.MEMORYMAP.Name=FLASH
MMTAppReg2.MEMORYMAP.Size=1048576
MMTAppReg2.MEMORYMAP.StartAddress=0x08000000
MMTAppRegionsCount=2
MMTConfigApplied=false
Mcu.CPN=STM32WBA55CGU6T
Mcu.ContextProject=TrustZoneDisabled
Mcu.Family=STM32WBA
Mcu.IP0=ADC4
Mcu.IP1=ADV_TRACE
Mcu.IP10=PWR
Mcu.IP11=RAMCFG
Mcu.IP12=RCC
Mcu.IP13=RF
Mcu.IP14=RNG
Mcu.IP15=RTC
Mcu.IP16=SEQUENCER
Mcu.IP17=STM32_WPAN
Mcu.IP18=SYS
Mcu.IP19=TIM16
Mcu.IP2=COMMON_WPAN
Mcu.IP20=TIMER
Mcu.IP21=TINY_LPM
Mcu.IP22=USART1
Mcu.IP23=NUCLEO-WBA55CG
Mcu.IP3=CORTEX_M33_NS
Mcu.IP4=CRC
Mcu.IP5=GPDMA1
Mcu.IP6=ICACHE
Mcu.IP7=MEMORYMAP
Mcu.IP8=MISC
Mcu.IP9=NVIC
Mcu.IPNb=24
Mcu.Name=STM32WBA55CGUx
Mcu.Package=UFQFPN48
Mcu.Pin0=PB12
Mcu.Pin1=PA8
Mcu.Pin10=OSC_IN
Mcu.Pin11=VP_ADC4_TempSens_Input
Mcu.Pin12=VP_ADV_TRACE_VS_ADV_TRACE
Mcu.Pin13=VP_COMMON_WPAN_VS_Utility_Common_1.0.0_1.0.0
Mcu.Pin14=VP_CORTEX_M33_NS_VS_Ext
Mcu.Pin15=VP_CRC_VS_CRC
Mcu.Pin16=VP_GPDMA1_VS_GPDMACH0
Mcu.Pin17=VP_GPDMA1_VS_GPDMACH1
Mcu.Pin18=VP_ICACHE_VS_ICACHE
Mcu.Pin19=VP_MISC_VS_MISC
Mcu.Pin2=PA2
Mcu.Pin20=VP_PWR_VS_SECSignals
Mcu.Pin21=VP_RAMCFG_VS_RAMCFG1
Mcu.Pin22=VP_RF_VS_RF
Mcu.Pin23=VP_RNG_VS_RNG
Mcu.Pin24=VP_RTC_VS_RTC_Activate
Mcu.Pin25=VP_RTC_VS_RTC_Calendar
Mcu.Pin26=VP_RTC_VS_RTC_Alarm_A_Intern
Mcu.Pin27=VP_SEQUENCER_VS_SEQUENCER
Mcu.Pin28=VP_STM32_WPAN_VS_BLE_HOST_SP
Mcu.Pin29=VP_SYS_VS_Systick
Mcu.Pin3=PB8
Mcu.Pin30=VP_TIM16_VS_ClockSourceINT
Mcu.Pin31=VP_TIM16_VS_OPM
Mcu.Pin32=VP_TIMER_VS_TIMER
Mcu.Pin33=VP_TINY_LPM_VS_TINY_LPM
Mcu.Pin34=VP_MEMORYMAP_VS_MEMORYMAP
Mcu.Pin4=PC15-OSC32_OUT
Mcu.Pin5=PC14-OSC32_IN
Mcu.Pin6=PC13
Mcu.Pin7=PB7
Mcu.Pin8=PB6
Mcu.Pin9=OSC_OUT
Mcu.PinsNb=35
Mcu.ThirdPartyNb=0
Mcu.UserConstants=
Mcu.UserName=STM32WBA55CGUx
MxCube.Version=6.14.0
MxDb.Version=DB.6.0.140
NVIC.BusFault_IRQn=true\:0\:0\:false\:false\:true\:false\:false\:false
NVIC.DebugMonitor_IRQn=true\:0\:0\:false\:false\:true\:false\:false\:false
NVIC.ForceEnableDMAVector=true
NVIC.GPDMA1_Channel0_IRQn=true\:6\:0\:true\:false\:true\:false\:true\:true
NVIC.GPDMA1_Channel1_IRQn=true\:5\:0\:true\:false\:true\:false\:true\:true
NVIC.HardFault_IRQn=true\:0\:0\:false\:false\:true\:false\:false\:false
NVIC.MemoryManagement_IRQn=true\:0\:0\:false\:false\:true\:false\:false\:false
NVIC.NonMaskableInt_IRQn=true\:0\:0\:false\:false\:true\:false\:false\:false
NVIC.PendSV_IRQn=true\:0\:0\:false\:false\:true\:false\:false\:false
NVIC.PriorityGroup=NVIC_PRIORITYGROUP_4
NVIC.RADIO_IRQn=true\:0\:0\:false\:false\:true\:false\:false\:true
NVIC.RCC_IRQn=true\:1\:0\:true\:false\:true\:true\:false\:true
NVIC.RTC_IRQn=true\:4\:0\:true\:false\:true\:true\:true\:true
NVIC.SVCall_IRQn=true\:0\:0\:false\:false\:true\:false\:false\:false
NVIC.SysTick_IRQn=true\:14\:0\:true\:false\:true\:false\:true\:false
NVIC.TIM16_IRQn=true\:1\:0\:true\:false\:true\:true\:true\:true
NVIC.USART1_IRQn=true\:7\:0\:true\:false\:true\:true\:true\:true
NVIC.UsageFault_IRQn=true\:0\:0\:false\:false\:true\:false\:false\:false
OSC_IN.Mode=HSE-External-Oscillator
OSC_IN.Signal=RCC_OSC_IN
OSC_OUT.Mode=HSE-External-Oscillator
OSC_OUT.Signal=RCC_OSC_OUT
PA2.Signal=S_TIM16_CH1
PA8.Locked=true
PA8.Mode=Asynchronous
PA8.Signal=USART1_RX
PB12.Locked=true
PB12.Mode=Asynchronous
PB12.Signal=USART1_TX
PB6.GPIOParameters=GPIO_PuPd,GPIO_Label
PB6.GPIO_Label=B2
PB6.GPIO_PuPd=GPIO_PULLUP
PB6.Locked=true
PB6.Signal=GPIO_Input
PB7.GPIOParameters=GPIO_PuPd,GPIO_Label
PB7.GPIO_Label=B3
PB7.GPIO_PuPd=GPIO_PULLUP
PB7.Locked=true
PB7.Signal=GPIO_Input
PB8.GPIOParameters=GPIO_PuPd,GPIO_Label
PB8.GPIO_Label=Red_LED
PB8.GPIO_PuPd=GPIO_PULLUP
PB8.Locked=true
PB8.Signal=GPIO_Output
PC13.GPIOParameters=GPIO_PuPd,GPIO_Label
PC13.GPIO_Label=B1
PC13.GPIO_PuPd=GPIO_PULLUP
PC13.Locked=true
PC13.Signal=GPIO_Input
PC14-OSC32_IN.Mode=LSE-External-Oscillator
PC14-OSC32_IN.Signal=RCC_OSC32_IN
PC15-OSC32_OUT.Mode=LSE-External-Oscillator
PC15-OSC32_OUT.Signal=RCC_OSC32_OUT
PinOutPanel.RotationAngle=0
ProjectManager.AskForMigrate=true
ProjectManager.BackupPrevious=false
ProjectManager.CompilerLinker=GCC
ProjectManager.CompilerOptimize=6
ProjectManager.ComputerToolchain=false
ProjectManager.CoupleFile=false
ProjectManager.DeletePrevious=true
ProjectManager.DeviceId=STM32WBA55CGUx
ProjectManager.Example=BLE_Power_Peripheral
ProjectManager.ExampleSource=CubeFw
ProjectManager.FreePins=false
ProjectManager.HalAssertFull=false
ProjectManager.HeapSize=0x0000
ProjectManager.KeepUserCode=true
ProjectManager.LastFirmware=true
ProjectManager.LibraryCopy=2
ProjectManager.MainLocation=Core/Src
ProjectManager.NoMain=false
ProjectManager.PreviousToolchain=
ProjectManager.ProjectBuild=false
ProjectManager.ProjectFileName=BLE_Power_Peripheral.ioc
ProjectManager.ProjectName=BLE_Power_Peripheral
ProjectManager.ProjectStructure=
ProjectManager.RegisterCallBack=UART
ProjectManager.StackSize=0x1000
ProjectManager.TargetToolchain=EWARM V9.20
ProjectManager.ToolChainLocation=
ProjectManager.UAScriptAfterPath=
ProjectManager.UAScriptBeforePath=
ProjectManager.UnderRoot=false
ProjectManager.functionlistsort=1-SystemClock_Config-RCC-false-HAL-false,2-MX_GPIO_Init-GPIO-false-HAL-false,3-MX_GPDMA1_Init-GPDMA1-false-HAL-true,4-SystemPower_Config-PWR-false-HAL-true,5-MX_USART1_UART_Init-USART1-false-HAL-false,6-MX_ADC4_Init-ADC4-true-HAL-false,7-MX_CRC_Init-CRC-true-HAL-false,8-MX_ICACHE_Init-ICACHE-false-LL-false,9-MX_RAMCFG_Init-RAMCFG-false-HAL-false,10-MX_RNG_Init-RNG-false-HAL-false,11-MX_RTC_Init-RTC-false-HAL-false,12-APPE_Init-STM32_WPAN-false-HAL-false,false-13-MX_TIM16_Init-TIM16-true-LL-true,0-MX_CORTEX_M33_NS_Init-CORTEX_M33_NS-false-HAL-true
RAMCFG.IPParameters=Instance-RAMCFG1_Activate
RAMCFG.Instance-RAMCFG1_Activate=RAMCFG_SRAM1
RCC.ADCFreq_Value=16000000
RCC.AHB4Freq_Value=16000000
RCC.AHB5Freq_Value=16000000
RCC.AHBCLKDivider=RCC_SYSCLK_DIV1
RCC.AHBFreq_Value=16000000
RCC.APB1Freq_Value=16000000
RCC.APB1TimFreq_Value=16000000
RCC.APB2CLKDivider=RCC_HCLK_DIV1
RCC.APB2Freq_Value=16000000
RCC.APB2TimFreq_Value=16000000
RCC.APB7Freq_Value=16000000
RCC.ASFreq_Value=100000000
RCC.CortexCLockSelectionVirtual=RCC_SYSTICKCLKSOURCE_LSE
RCC.CortexFreq_Value=32768
RCC.FCLKCortexFreq_Value=16000000
RCC.FLatency=FLASH_LATENCY_1
RCC.HCLKFreq_Value=16000000
RCC.HSESYSFreq_VALUE=16000000
RCC.HSE_VALUE=32000000
RCC.HSI_VALUE=16000000
RCC.HseDiv=RCC_HSE_DIV2
RCC.I2C1Freq_Value=16000000
RCC.I2C3Freq_Value=16000000
RCC.IPParameters=ADCFreq_Value,AHB4Freq_Value,AHB5Freq_Value,AHBCLKDivider,AHBFreq_Value,APB1Freq_Value,APB1TimFreq_Value,APB2CLKDivider,APB2Freq_Value,APB2TimFreq_Value,APB7Freq_Value,ASFreq_Value,CortexCLockSelectionVirtual,CortexFreq_Value,FCLKCortexFreq_Value,FLatency,HCLKFreq_Value,HSESYSFreq_VALUE,HSE_VALUE,HSI_VALUE,HseDiv,I2C1Freq_Value,I2C3Freq_Value,LPTIM1Freq_Value,LPTIM2Freq_Value,LPUART1Freq_Value,LSCOPinFreq_Value,LSI1_VALUE,LSI2_VALUE,MCO1PinFreq_Value,PLLFRACN,PLLN,PLLPoutputFreq_Value,PLLQoutputFreq_Value,PLLRCLKFreq_Value,PWR_Regulator_Voltage_Scale,RNGFreq_Value,RSTClockSelectionVirtual,RSTFreq_Value,RSTRFFreq_Value,RTCClockSelection,RTCFreq_Value,SAESFreq_Value,SAI1Freq_Value,SPI1Freq_Value,SPI3Freq_Value,SYSCLKFreq_VALUE,SYSCLKSourceVirtual,SupplySource,USART1CLockSelectionVirtual,USART1Freq_Value,USART2Freq_Value,VCOInputFreq_Value,VCOOutputFreq_Value
RCC.LPTIM1Freq_Value=16000000
RCC.LPTIM2Freq_Value=16000000
RCC.LPUART1Freq_Value=16000000
RCC.LSCOPinFreq_Value=32000
RCC.LSI1_VALUE=32000
RCC.LSI2_VALUE=32000
RCC.MCO1PinFreq_Value=16000000
RCC.PLLFRACN=4096
RCC.PLLN=12
RCC.PLLPoutputFreq_Value=100000000
RCC.PLLQoutputFreq_Value=100000000
RCC.PLLRCLKFreq_Value=100000000
RCC.PWR_Regulator_Voltage_Scale=PWR_REGULATOR_VOLTAGE_SCALE1
RCC.RNGFreq_Value=16000000
RCC.RSTClockSelectionVirtual=RCC_RADIOSTCLKSOURCE_LSE
RCC.RSTFreq_Value=32768
RCC.RSTRFFreq_Value=32000000
RCC.RTCClockSelection=RCC_RTCCLKSOURCE_LSE
RCC.RTCFreq_Value=32768
RCC.SAESFreq_Value=16000000
RCC.SAI1Freq_Value=16000000
RCC.SPI1Freq_Value=16000000
RCC.SPI3Freq_Value=16000000
RCC.SYSCLKFreq_VALUE=16000000
RCC.SYSCLKSourceVirtual=RCC_SYSCLKSOURCE_HSE
RCC.SupplySource=PWR_SMPS_SUPPLY
RCC.USART1CLockSelectionVirtual=RCC_USART1CLKSOURCE_HSI
RCC.USART1Freq_Value=16000000
RCC.USART2Freq_Value=16000000
RCC.VCOInputFreq_Value=16000000
RCC.VCOOutputFreq_Value=200000000
RTC.Alarm-Alarm\ A=RTC_ALARM_A
RTC.AsynchPrediv=31
RTC.BinMode=RTC_BINARY_ONLY
RTC.IPParameters=Alarm-Alarm A,BinMode,AsynchPrediv
SH.S_TIM16_CH1.0=TIM16_CH1,Forced Output1 CH1
SH.S_TIM16_CH1.ConfNb=1
STM32_WPAN.ADV_INTERVAL_MAX=80
STM32_WPAN.ADV_INTERVAL_MAX_HEXA=0x0080
STM32_WPAN.ADV_LP_INTERVAL_MAX=1280
STM32_WPAN.ADV_LP_INTERVAL_MIN=1280
STM32_WPAN.AD_TYPE_COMPLETE_LOCAL_NAME=PWR
STM32_WPAN.AD_TYPE_COMPLETE_LOCAL_NAME_LENGTH=4
STM32_WPAN.AD_TYPE_MANUFACTURER_DATA_NBR=20
STM32_WPAN.BLE_STACK_TYPE=BLE_STACK_TYPE_BASIC
STM32_WPAN.BSP.number=1
STM32_WPAN.CFG_AMM_VIRTUAL_BUFFER_SIZE_1=400
STM32_WPAN.CFG_BD_ADDRESS=0x000000000000
STM32_WPAN.CFG_BLE_NUM_LINK=8
STM32_WPAN.CFG_BONDING_MODE=1
STM32_WPAN.CFG_FULL_LOW_POWER=0
STM32_WPAN.CFG_GAP_DEVICE_NAME=My_PWRCOAPP
STM32_WPAN.CFG_GAP_DEVICE_NAME_LENGTH=11
STM32_WPAN.CFG_LPM_LEVEL=2
STM32_WPAN.CFG_LPM_STDBY_SUPPORTED=1
STM32_WPAN.CFG_LSCLK_LSE=0
STM32_WPAN.CFG_MM_POOL_SIZE=4000
STM32_WPAN.CFG_PHY_PREF_RX=HCI_RX_PHYS_LE_2M_PREF
STM32_WPAN.CFG_PHY_PREF_TX=HCI_TX_PHYS_LE_2M_PREF
STM32_WPAN.CFG_RADIO_LSE_SLEEP_TIMER_CUSTOM_SCA_RANGE=0x04
STM32_WPAN.CFG_RF_TX_POWER_TABLE_ID=1
STM32_WPAN.INCLUDE_AD_TYPE_COMPLETE_LOCAL_NAME=1
STM32_WPAN.INCLUDE_AD_TYPE_MANUFACTURER_SPECIFIC_DATA=1
STM32_WPAN.INCLUDE_AD_TYPE_TX_POWER_LEVEL=0
STM32_WPAN.IPParameters=NUMBER_OF_SERVICES,INCLUDE_AD_TYPE_COMPLETE_LOCAL_NAME,AD_TYPE_COMPLETE_LOCAL_NAME,AD_TYPE_COMPLETE_LOCAL_NAME_LENGTH,SERVICE1_UUID_TYPE,SERVICE1_UUID,SNVMA_POLY_CRC16,RT_DEBUG_GPIO_MODULE,CFG_MM_POOL_SIZE,CFG_AMM_VIRTUAL_BUFFER_SIZE_1,PAIRING_PARAMETERS,CFG_GAP_DEVICE_NAME,CFG_GAP_DEVICE_NAME_LENGTH,SERVICE1_LONG_NAME,SERVICE1_SHORT_NAME,SERVICE1_NUMBER_OF_CHARACTERISTICS,SERVICE1_CHAR1_UUID_TYPE,SERVICE1_CHAR1_UUID,SERVICE1_CHAR1_LONG_NAME,SERVICE1_CHAR1_SHORT_NAME,SERVICE1_CHAR1_VALUE_LENGTH,SERVICE1_CHAR1_LENGTH_CHARACTERISTIC,SERVICE1_CHAR1_PROP_READ,SERVICE1_CHAR1_PROP_WRITE_WITHOUT_RESP,SERVICE1_CHAR1_GATT_NOTIFY_READ_REQ_AND_WAIT_FOR_APPL_RESP,SERVICE1_CHAR1_GATT_NOTIFY_WRITE_REQ_AND_WAIT_FOR_APPL_RESP,SERVICE1_CHAR2_UUID_TYPE,SERVICE1_CHAR2_UUID,SERVICE1_CHAR2_LONG_NAME,SERVICE1_CHAR2_SHORT_NAME,SERVICE1_CHAR2_VALUE_LENGTH,SERVICE1_CHAR2_LENGTH_CHARACTERISTIC,SERVICE1_CHAR2_PROP_NOTIFY,SERVICE1_CHAR2_GATT_NOTIFY_READ_REQ_AND_WAIT_FOR_APPL_RESP,SERVICE1_CHAR2_GATT_NOTIFY_WRITE_REQ_AND_WAIT_FOR_APPL_RESP,CFG_BLE_NUM_LINK,CFG_BONDING_MODE,CFG_LPM_STDBY_SUPPORTED,ADV_INTERVAL_MAX,ADV_INTERVAL_MAX_HEXA,CFG_LPM_LEVEL,CFG_FULL_LOW_POWER,BLE_STACK_TYPE,CFG_PHY_PREF_TX,CFG_PHY_PREF_RX,CFG_RF_TX_POWER_TABLE_ID,ADV_LP_INTERVAL_MIN,ADV_LP_INTERVAL_MAX,INCLUDE_AD_TYPE_TX_POWER_LEVEL,INCLUDE_AD_TYPE_MANUFACTURER_SPECIFIC_DATA,AD_TYPE_MANUFACTURER_DATA_NBR,CFG_BD_ADDRESS,USE_SNVMA_NVM,USE_TEMPERATURE_BASED_RADIO_CALIBRATION,CFG_RADIO_LSE_SLEEP_TIMER_CUSTOM_SCA_RANGE,CFG_LSCLK_LSE
STM32_WPAN.NUMBER_OF_SERVICES=1
STM32_WPAN.PAIRING_PARAMETERS=ON
STM32_WPAN.RT_DEBUG_GPIO_MODULE=0
STM32_WPAN.SERVICE1_CHAR1_GATT_NOTIFY_READ_REQ_AND_WAIT_FOR_APPL_RESP=\ 
STM32_WPAN.SERVICE1_CHAR1_GATT_NOTIFY_WRITE_REQ_AND_WAIT_FOR_APPL_RESP=\ 
STM32_WPAN.SERVICE1_CHAR1_LENGTH_CHARACTERISTIC=CHAR_VALUE_LEN_VARIABLE
STM32_WPAN.SERVICE1_CHAR1_LONG_NAME=Power_Consumption_TX
STM32_WPAN.SERVICE1_CHAR1_PROP_READ=CHAR_PROP_READ
STM32_WPAN.SERVICE1_CHAR1_PROP_WRITE_WITHOUT_RESP=CHAR_PROP_WRITE_WITHOUT_RESP
STM32_WPAN.SERVICE1_CHAR1_SHORT_NAME=PWR_TX
STM32_WPAN.SERVICE1_CHAR1_UUID=FF 11
STM32_WPAN.SERVICE1_CHAR1_UUID_TYPE=0x01
STM32_WPAN.SERVICE1_CHAR1_VALUE_LENGTH=247
STM32_WPAN.SERVICE1_CHAR2_GATT_NOTIFY_READ_REQ_AND_WAIT_FOR_APPL_RESP=\ 
STM32_WPAN.SERVICE1_CHAR2_GATT_NOTIFY_WRITE_REQ_AND_WAIT_FOR_APPL_RESP=\ 
STM32_WPAN.SERVICE1_CHAR2_LENGTH_CHARACTERISTIC=CHAR_VALUE_LEN_VARIABLE
STM32_WPAN.SERVICE1_CHAR2_LONG_NAME=Power_Consumption_RX
STM32_WPAN.SERVICE1_CHAR2_PROP_NOTIFY=CHAR_PROP_NOTIFY
STM32_WPAN.SERVICE1_CHAR2_SHORT_NAME=PWR_RX
STM32_WPAN.SERVICE1_CHAR2_UUID=FF 12
STM32_WPAN.SERVICE1_CHAR2_UUID_TYPE=0x01
STM32_WPAN.SERVICE1_CHAR2_VALUE_LENGTH=247
STM32_WPAN.SERVICE1_LONG_NAME=Power_Consumption
STM32_WPAN.SERVICE1_NUMBER_OF_CHARACTERISTICS=2
STM32_WPAN.SERVICE1_SHORT_NAME=PWR
STM32_WPAN.SERVICE1_UUID=FF 10
STM32_WPAN.SERVICE1_UUID_TYPE=0x01
STM32_WPAN.SNVMA_POLY_CRC16=1DB7
STM32_WPAN.USE_SNVMA_NVM=1
STM32_WPAN.USE_TEMPERATURE_BASED_RADIO_CALIBRATION=1
STM32_WPAN0.BSP.STBoard=false
STM32_WPAN0.BSP.api=Unknown
STM32_WPAN0.BSP.component=
STM32_WPAN0.BSP.condition=(USART1 | USART2 | S_LPUART) & \!(S_BLE_TM)
STM32_WPAN0.BSP.instance=USART1
STM32_WPAN0.BSP.ip=(LPU|US)ART
STM32_WPAN0.BSP.mode=Asynchronous
STM32_WPAN0.BSP.name=Serial Link for Logs
STM32_WPAN0.BSP.semaphore=
STM32_WPAN0.BSP.solution=USART1
TIM16.Channel=TIM_CHANNEL_1
TIM16.IPParameters=Channel
USART1.IPParameters=VirtualMode-Asynchronous,OverSampling
USART1.OverSampling=UART_OVERSAMPLING_8
USART1.VirtualMode-Asynchronous=VM_ASYNC
VP_ADC4_TempSens_Input.Mode=IN-TempSens
VP_ADC4_TempSens_Input.Signal=ADC4_TempSens_Input
VP_ADV_TRACE_VS_ADV_TRACE.Mode=ADV_TRACE_Enabled
VP_ADV_TRACE_VS_ADV_TRACE.Signal=ADV_TRACE_VS_ADV_TRACE
VP_COMMON_WPAN_VS_Utility_Common_1.0.0_1.0.0.Mode=Utility_Common
VP_COMMON_WPAN_VS_Utility_Common_1.0.0_1.0.0.Signal=COMMON_WPAN_VS_Utility_Common_1.0.0_1.0.0
VP_CORTEX_M33_NS_VS_Ext.Mode=External_Mode
VP_CORTEX_M33_NS_VS_Ext.Signal=CORTEX_M33_NS_VS_Ext
VP_CRC_VS_CRC.Mode=CRC_Activate
VP_CRC_VS_CRC.Signal=CRC_VS_CRC
VP_GPDMA1_VS_GPDMACH0.Mode=SIMPLEREQUEST_GPDMACH0
VP_GPDMA1_VS_GPDMACH0.Signal=GPDMA1_VS_GPDMACH0
VP_GPDMA1_VS_GPDMACH1.Mode=SIMPLEREQUEST_GPDMACH1
VP_GPDMA1_VS_GPDMACH1.Signal=GPDMA1_VS_GPDMACH1
VP_ICACHE_VS_ICACHE.Mode=DirectMappedCache
VP_ICACHE_VS_ICACHE.Signal=ICACHE_VS_ICACHE
VP_MEMORYMAP_VS_MEMORYMAP.Mode=CurAppReg
VP_MEMORYMAP_VS_MEMORYMAP.Signal=MEMORYMAP_VS_MEMORYMAP
VP_MISC_VS_MISC.Mode=MISC_Enabled
VP_MISC_VS_MISC.Signal=MISC_VS_MISC
VP_PWR_VS_SECSignals.Mode=Security/Privilege
VP_PWR_VS_SECSignals.Signal=PWR_VS_SECSignals
VP_RAMCFG_VS_RAMCFG1.Mode=RAMCFG1_Activate
VP_RAMCFG_VS_RAMCFG1.Signal=RAMCFG_VS_RAMCFG1
VP_RF_VS_RF.Mode=RF_Activate
VP_RF_VS_RF.Signal=RF_VS_RF
VP_RNG_VS_RNG.Mode=RNG_Activate
VP_RNG_VS_RNG.Signal=RNG_VS_RNG
VP_RTC_VS_RTC_Activate.Mode=RTC_Enabled
VP_RTC_VS_RTC_Activate.Signal=RTC_VS_RTC_Activate
VP_RTC_VS_RTC_Alarm_A_Intern.Mode=Alarm A
VP_RTC_VS_RTC_Alarm_A_Intern.Signal=RTC_VS_RTC_Alarm_A_Intern
VP_RTC_VS_RTC_Calendar.Mode=RTC_Calendar
VP_RTC_VS_RTC_Calendar.Signal=RTC_VS_RTC_Calendar
VP_SEQUENCER_VS_SEQUENCER.Mode=SEQUENCER_Enabled
VP_SEQUENCER_VS_SEQUENCER.Signal=SEQUENCER_VS_SEQUENCER
VP_STM32_WPAN_VS_BLE_HOST_SP.Mode=BLE_Server
VP_STM32_WPAN_VS_BLE_HOST_SP.Signal=STM32_WPAN_VS_BLE_HOST_SP
VP_SYS_VS_Systick.Mode=SysTick
VP_SYS_VS_Systick.Signal=SYS_VS_Systick
VP_TIM16_VS_ClockSourceINT.Mode=Enable_Timer
VP_TIM16_VS_ClockSourceINT.Signal=TIM16_VS_ClockSourceINT
VP_TIM16_VS_OPM.Mode=OPM_bit
VP_TIM16_VS_OPM.Signal=TIM16_VS_OPM
VP_TIMER_VS_TIMER.Mode=TIMER_Enabled
VP_TIMER_VS_TIMER.Signal=TIMER_VS_TIMER
VP_TINY_LPM_VS_TINY_LPM.Mode=TINY_LPM_Enabled
VP_TINY_LPM_VS_TINY_LPM.Signal=TINY_LPM_VS_TINY_LPM
board=NUCLEO-WBA55CG
boardIOC=true
