#MicroXplorer Configuration settings - do not modify
CAD.formats=
CAD.pinconfig=
CAD.provider=
CORTEX_M33_NS.userName=CORTEX_M33
File.Version=6
GPIO.groupedBy=
KeepUserPlacement=true
Mcu.CPN=STM32WBA52CGU6
Mcu.ContextProject=TrustZoneDisabled
Mcu.Family=STM32WBA
Mcu.IP0=CORTEX_M33_NS
Mcu.IP1=ICACHE
Mcu.IP2=NVIC
Mcu.IP3=PWR
Mcu.IP4=RCC
Mcu.IP5=SYS
Mcu.IP6=TIM1
Mcu.IP7=TIM2
Mcu.IPNb=8
Mcu.Name=STM32WBA52CGUx
Mcu.Package=UFQFPN48
Mcu.Pin0=PA8
Mcu.Pin1=PA5
Mcu.Pin10=VP_TIM2_VS_ControllerModeTrigger
Mcu.Pin11=VP_TIM2_VS_OPM
Mcu.Pin2=PB8
Mcu.Pin3=PC13
Mcu.Pin4=OSC_OUT
Mcu.Pin5=OSC_IN
Mcu.Pin6=VP_ICACHE_VS_ICACHE
Mcu.Pin7=VP_PWR_VS_SECSignals
Mcu.Pin8=VP_SYS_VS_Systick
Mcu.Pin9=VP_TIM1_VS_OPM
Mcu.PinsNb=12
Mcu.ThirdPartyNb=0
Mcu.UserConstants=
Mcu.UserName=STM32WBA52CGUx
MxCube.Version=6.10.0
MxDb.Version=DB.6.0.100
NVIC.BusFault_IRQn=true\:0\:0\:false\:false\:true\:false\:false\:false
NVIC.DebugMonitor_IRQn=true\:0\:0\:false\:false\:true\:false\:false\:false
NVIC.EXTI13_IRQn=true\:0\:0\:false\:false\:true\:true\:true\:true
NVIC.ForceEnableDMAVector=true
NVIC.HardFault_IRQn=true\:0\:0\:false\:false\:true\:false\:false\:false
NVIC.MemoryManagement_IRQn=true\:0\:0\:false\:false\:true\:false\:false\:false
NVIC.NonMaskableInt_IRQn=true\:0\:0\:false\:false\:true\:false\:false\:false
NVIC.PendSV_IRQn=true\:0\:0\:false\:false\:true\:false\:false\:false
NVIC.PriorityGroup=NVIC_PRIORITYGROUP_4
NVIC.SVCall_IRQn=true\:0\:0\:false\:false\:true\:false\:false\:false
NVIC.SysTick_IRQn=true\:0\:0\:false\:false\:true\:false\:true\:false
NVIC.TIM1_CC_IRQn=true\:0\:0\:false\:false\:true\:true\:true\:true
NVIC.UsageFault_IRQn=true\:0\:0\:false\:false\:true\:false\:false\:false
OSC_IN.Mode=HSE-External-Oscillator
OSC_IN.Signal=RCC_OSC_IN
OSC_OUT.Mode=HSE-External-Oscillator
OSC_OUT.Signal=RCC_OSC_OUT
PA5.GPIOParameters=GPIO_Speed
PA5.GPIO_Speed=GPIO_SPEED_FREQ_HIGH
PA5.Locked=true
PA5.Signal=S_TIM2_CH1
PA8.GPIOParameters=GPIO_Speed
PA8.GPIO_Speed=GPIO_SPEED_FREQ_HIGH
PA8.Signal=S_TIM2_CH2
PB8.Signal=S_TIM1_CH1
PC13.GPIOParameters=GPIO_PuPd,GPIO_Label,GPIO_ModeDefaultEXTI
PC13.GPIO_Label=USER_BUTTON
PC13.GPIO_ModeDefaultEXTI=GPIO_MODE_IT_FALLING
PC13.GPIO_PuPd=GPIO_PULLUP
PC13.Locked=true
PC13.Signal=GPXTI13
PinOutPanel.RotationAngle=0
ProjectManager.AskForMigrate=true
ProjectManager.BackupPrevious=false
ProjectManager.CompilerOptimize=6
ProjectManager.ComputerToolchain=false
ProjectManager.CoupleFile=false
ProjectManager.DeletePrevious=true
ProjectManager.DeviceId=STM32WBA52CGUx
ProjectManager.FreePins=false
ProjectManager.HalAssertFull=false
ProjectManager.HeapSize=0x200
ProjectManager.KeepUserCode=true
ProjectManager.LastFirmware=true
ProjectManager.LibraryCopy=2
ProjectManager.MainLocation=Src
ProjectManager.NoMain=false
ProjectManager.PreviousToolchain=
ProjectManager.ProjectBuild=false
ProjectManager.ProjectFileName=TIM_OnePulse_Init.ioc
ProjectManager.ProjectName=TIM_OnePulse_Init
ProjectManager.ProjectStructure=
ProjectManager.RegisterCallBack=
ProjectManager.StackSize=0x400
ProjectManager.TargetToolchain=EWARM V9.20
ProjectManager.ToolChainLocation=
ProjectManager.UAScriptAfterPath=
ProjectManager.UAScriptBeforePath=
ProjectManager.UnderRoot=false
ProjectManager.functionlistsort=1-MX_GPIO_Init-GPIO-false-LL-true,2-SystemClock_Config-RCC-false-LL-false,3-SystemPower_Config-PWR-false-LL-true,4-MX_TIM1_Init-TIM1-false-LL-true,5-MX_ICACHE_Init-ICACHE-false-LL-true,6-MX_TIM2_Init-TIM2-false-LL-true,0-MX_CORTEX_M33_NS_Init-CORTEX_M33_NS-false-LL-true
RCC.ADCFreq_Value=100000000
RCC.AHB4Freq_Value=100000000
RCC.AHB5CLKDivider=DIV4
RCC.AHB5Freq_Value=25000000
RCC.AHBFreq_Value=100000000
RCC.APB1Freq_Value=100000000
RCC.APB1TimFreq_Value=100000000
RCC.APB2Freq_Value=100000000
RCC.APB2TimFreq_Value=100000000
RCC.APB7Freq_Value=100000000
RCC.ASFreq_Value=100000000
RCC.CortexFreq_Value=12500000
RCC.FCLKCortexFreq_Value=100000000
RCC.FamilyName=M
RCC.HCLKFreq_Value=100000000
RCC.HSESYSFreq_VALUE=32000000
RCC.HSE_VALUE=32000000
RCC.HSI_VALUE=16000000
RCC.I2C1Freq_Value=100000000
RCC.I2C3Freq_Value=100000000
RCC.IPParameters=ADCFreq_Value,AHB4Freq_Value,AHB5CLKDivider,AHB5Freq_Value,AHBFreq_Value,APB1Freq_Value,APB1TimFreq_Value,APB2Freq_Value,APB2TimFreq_Value,APB7Freq_Value,ASFreq_Value,CortexFreq_Value,FCLKCortexFreq_Value,FamilyName,HCLKFreq_Value,HSESYSFreq_VALUE,HSE_VALUE,HSI_VALUE,I2C1Freq_Value,I2C3Freq_Value,LPTIM1Freq_Value,LPTIM2Freq_Value,LPUART1Freq_Value,LSCOPinFreq_Value,LSE_VALUE,LSI_VALUE,MCO1PinFreq_Value,PLLFRACN,PLLM,PLLN,PLLPoutputFreq_Value,PLLQoutputFreq_Value,PLLRCLKFreq_Value,PLLSourceVirtual,RNGFreq_Value,RSTFreq_Value,RSTRFFreq_Value,SAESFreq_Value,SPI1Freq_Value,SPI3Freq_Value,SYSCLKFreq_VALUE,SYSCLKSourceVirtual,USART1Freq_Value,USART2Freq_Value,VCOInputFreq_Value,VCOOutputFreq_Value
RCC.LPTIM1Freq_Value=100000000
RCC.LPTIM2Freq_Value=100000000
RCC.LPUART1Freq_Value=100000000
RCC.LSCOPinFreq_Value=32000
RCC.LSE_VALUE=32768
RCC.LSI_VALUE=32000
RCC.MCO1PinFreq_Value=100000000
RCC.PLLFRACN=0
RCC.PLLM=4
RCC.PLLN=25
RCC.PLLPoutputFreq_Value=100000000
RCC.PLLQoutputFreq_Value=100000000
RCC.PLLRCLKFreq_Value=100000000
RCC.PLLSourceVirtual=RCC_PLLSOURCE_HSE
RCC.RNGFreq_Value=16000000
RCC.RSTFreq_Value=32000
RCC.RSTRFFreq_Value=32000000
RCC.SAESFreq_Value=100000000
RCC.SPI1Freq_Value=100000000
RCC.SPI3Freq_Value=100000000
RCC.SYSCLKFreq_VALUE=100000000
RCC.SYSCLKSourceVirtual=RCC_SYSCLKSOURCE_PLLCLK
RCC.USART1Freq_Value=100000000
RCC.USART2Freq_Value=100000000
RCC.VCOInputFreq_Value=8000000
RCC.VCOOutputFreq_Value=200000000
SH.GPXTI13.0=GPIO_EXTI13
SH.GPXTI13.ConfNb=1
SH.S_TIM1_CH1.0=TIM1_CH1,PWM Generation1 CH1
SH.S_TIM1_CH1.ConfNb=1
SH.S_TIM2_CH1.0=TIM2_CH1,Output Compare1 CH1
SH.S_TIM2_CH1.ConfNb=1
SH.S_TIM2_CH2.0=TIM2_CH2,TriggerSource_TI2FP2
SH.S_TIM2_CH2.ConfNb=1
TIM1.AutoReloadPreload=TIM_AUTORELOAD_PRELOAD_ENABLE
TIM1.AutomaticOutput=TIM_AUTOMATICOUTPUT_ENABLE
TIM1.Break2Filter=0
TIM1.Break2Polarity=TIM_BREAK2POLARITY_HIGH
TIM1.Break2State=TIM_BREAK2_DISABLE
TIM1.BreakFilter=0
TIM1.BreakPolarity=TIM_BREAKPOLARITY_HIGH
TIM1.BreakState=TIM_BREAK_DISABLE
TIM1.Channel-PWM\ Generation1\ CH1=TIM_CHANNEL_1
TIM1.ClearInputSource=TIM_CLEARINPUTSOURCE_NONE
TIM1.ClockDivision=TIM_CLOCKDIVISION_DIV1
TIM1.CounterMode=TIM_COUNTERMODE_UP
TIM1.Dithering=Disable
TIM1.IPParameters=Prescaler,CounterMode,Dithering,PeriodNoDither,ClockDivision,RepetitionCounter,AutoReloadPreload,TIM_MasterSlaveMode,TIM_MasterOutputTrigger,TIM_MasterOutputTrigger2,BreakState,BreakPolarity,BreakFilter,SourceBRKDigInput,Break2State,Break2Polarity,Break2Filter,SourceBRK2DigInput,AutomaticOutput,OffStateRunMode,OffStateIDLEMode,LockLevel,ClearInputSource,OCMode_PWM-PWM Generation1 CH1,PulseNoDither_1,OC1Preload_PWM,OCFastMode_PWM-PWM Generation1 CH1,OCPolarity_1,OCIdleState_1,Channel-PWM Generation1 CH1
TIM1.IPParametersWithoutCheck=PulseNoDither_1,Prescaler,PeriodNoDither
TIM1.LockLevel=TIM_LOCKLEVEL_OFF
TIM1.OC1Preload_PWM=ENABLE
TIM1.OCFastMode_PWM-PWM\ Generation1\ CH1=TIM_OCFAST_DISABLE
TIM1.OCIdleState_1=TIM_OCIDLESTATE_RESET
TIM1.OCMode_PWM-PWM\ Generation1\ CH1=TIM_OCMODE_PWM2
TIM1.OCPolarity_1=TIM_OCPOLARITY_HIGH
TIM1.OffStateIDLEMode=TIM_OSSI_DISABLE
TIM1.OffStateRunMode=TIM_OSSR_DISABLE
TIM1.PeriodNoDither=Period
TIM1.Prescaler=Prescaler
TIM1.PulseNoDither_1=Pulse
TIM1.RepetitionCounter=0
TIM1.SourceBRK2DigInput=TIM_BREAKINPUTSOURCE_DISABLE
TIM1.SourceBRKDigInput=TIM_BREAKINPUTSOURCE_DISABLE
TIM1.TIM_MasterOutputTrigger=TIM_TRGO_RESET
TIM1.TIM_MasterOutputTrigger2=TIM_TRGO2_RESET
TIM1.TIM_MasterSlaveMode=TIM_MASTERSLAVEMODE_DISABLE
TIM2.AutoReloadPreload=TIM_AUTORELOAD_PRELOAD_ENABLE
TIM2.Channel-Output\ Compare1\ CH1=TIM_CHANNEL_1
TIM2.ClearInputSource=TIM_CLEARINPUTSOURCE_NONE
TIM2.ClockDivision=TIM_CLOCKDIVISION_DIV1
TIM2.CounterMode=TIM_COUNTERMODE_UP
TIM2.Dithering=Disable
TIM2.IPParameters=Prescaler,CounterMode,Dithering,PeriodNoDither,ClockDivision,AutoReloadPreload,TIM_MasterSlaveMode,TIM_MasterOutputTrigger,ClearInputSource,Slave_TriggerPolarity,Slave_TriggerFilter,TIM_SlaveMode,OCMode_1,PulseNoDither_1,OC1Preload,OCPolarity_1,Channel-Output Compare1 CH1
TIM2.IPParametersWithoutCheck=PulseNoDither_1,Prescaler,PeriodNoDither
TIM2.OC1Preload=DISABLE
TIM2.OCMode_1=TIM_OCMODE_RETRIGERRABLE_OPM2
TIM2.OCPolarity_1=TIM_OCPOLARITY_HIGH
TIM2.PeriodNoDither=Period
TIM2.Prescaler=Prescaler
TIM2.PulseNoDither_1=Pulse
TIM2.Slave_TriggerFilter=0
TIM2.Slave_TriggerPolarity=TIM_TRIGGERPOLARITY_RISING
TIM2.TIM_MasterOutputTrigger=TIM_TRGO_RESET
TIM2.TIM_MasterSlaveMode=TIM_MASTERSLAVEMODE_DISABLE
TIM2.TIM_SlaveMode=TIM_SLAVEMODE_TRIGGER
VP_ICACHE_VS_ICACHE.Mode=DirectMappedCache
VP_ICACHE_VS_ICACHE.Signal=ICACHE_VS_ICACHE
VP_PWR_VS_SECSignals.Mode=Security/Privilege
VP_PWR_VS_SECSignals.Signal=PWR_VS_SECSignals
VP_SYS_VS_Systick.Mode=SysTick
VP_SYS_VS_Systick.Signal=SYS_VS_Systick
VP_TIM1_VS_OPM.Mode=OPM_bit
VP_TIM1_VS_OPM.Signal=TIM1_VS_OPM
VP_TIM2_VS_ControllerModeTrigger.Mode=Trigger Mode
VP_TIM2_VS_ControllerModeTrigger.Signal=TIM2_VS_ControllerModeTrigger
VP_TIM2_VS_OPM.Mode=OPM_bit
VP_TIM2_VS_OPM.Signal=TIM2_VS_OPM
board=custom
ProjectManager.Example=TIM_OnePulse_Init
ProjectManager.ExampleSource=CubeFw
